// !$*UTF8*$!
{
	archiveVersion = 1;
	classes = {
	};
	objectVersion = 46;
	objects = {

/* Begin PBXBuildFile section */
		BB5CC5CD177E495400B595F8 /* main.cpp in Sources */ = {isa = PBXBuildFile; fileRef = BB5CC5CC177E495400B595F8 /* main.cpp */; };
		BB5CC65E177E4C0700B595F8 /* ofxRemoteUI.cpp in Sources */ = {isa = PBXBuildFile; fileRef = BB5CC620177E4A4700B595F8 /* ofxRemoteUI.cpp */; };
		BB5CC65F177E4C0800B595F8 /* ofxRemoteUIClient.cpp in Sources */ = {isa = PBXBuildFile; fileRef = BB5CC622177E4A4700B595F8 /* ofxRemoteUIClient.cpp */; };
		BB5CC660177E4C0A00B595F8 /* ofxRemoteUIServer.cpp in Sources */ = {isa = PBXBuildFile; fileRef = BB5CC624177E4A4700B595F8 /* ofxRemoteUIServer.cpp */; };
		BB5CC697177E4C1D00B595F8 /* IpEndpointName.cpp in Sources */ = {isa = PBXBuildFile; fileRef = BB5CC668177E4C1C00B595F8 /* IpEndpointName.cpp */; };
		BB5CC698177E4C1D00B595F8 /* NetworkingUtils.cpp in Sources */ = {isa = PBXBuildFile; fileRef = BB5CC66D177E4C1D00B595F8 /* NetworkingUtils.cpp */; };
		BB5CC699177E4C1D00B595F8 /* UdpSocket.cpp in Sources */ = {isa = PBXBuildFile; fileRef = BB5CC66E177E4C1D00B595F8 /* UdpSocket.cpp */; };
		BB5CC69A177E4C1D00B595F8 /* NetworkingUtilsWin.cpp in Sources */ = {isa = PBXBuildFile; fileRef = BB5CC672177E4C1D00B595F8 /* NetworkingUtilsWin.cpp */; };
		BB5CC69B177E4C1D00B595F8 /* UdpSocketWin.cpp in Sources */ = {isa = PBXBuildFile; fileRef = BB5CC673177E4C1D00B595F8 /* UdpSocketWin.cpp */; };
		BB5CC69C177E4C1D00B595F8 /* OscOutboundPacketStream.cpp in Sources */ = {isa = PBXBuildFile; fileRef = BB5CC678177E4C1D00B595F8 /* OscOutboundPacketStream.cpp */; };
		BB5CC69D177E4C1D00B595F8 /* OscPrintReceivedElements.cpp in Sources */ = {isa = PBXBuildFile; fileRef = BB5CC67B177E4C1D00B595F8 /* OscPrintReceivedElements.cpp */; };
		BB5CC69E177E4C1D00B595F8 /* OscReceivedElements.cpp in Sources */ = {isa = PBXBuildFile; fileRef = BB5CC67D177E4C1D00B595F8 /* OscReceivedElements.cpp */; };
		BB5CC69F177E4C1D00B595F8 /* OscTypes.cpp in Sources */ = {isa = PBXBuildFile; fileRef = BB5CC67F177E4C1D00B595F8 /* OscTypes.cpp */; };
		BB5CC6A0177E4C1D00B595F8 /* ofxOscBundle.cpp in Sources */ = {isa = PBXBuildFile; fileRef = BB5CC685177E4C1D00B595F8 /* ofxOscBundle.cpp */; };
		BB5CC6A1177E4C1D00B595F8 /* ofxOscMessage.cpp in Sources */ = {isa = PBXBuildFile; fileRef = BB5CC687177E4C1D00B595F8 /* ofxOscMessage.cpp */; };
		BB5CC6A2177E4C1D00B595F8 /* ofxOscReceiver.cpp in Sources */ = {isa = PBXBuildFile; fileRef = BB5CC689177E4C1D00B595F8 /* ofxOscReceiver.cpp */; };
		BB5CC6A3177E4C1D00B595F8 /* ofxOscSender.cpp in Sources */ = {isa = PBXBuildFile; fileRef = BB5CC68B177E4C1D00B595F8 /* ofxOscSender.cpp */; };
		BB5CC6A4177E4C1D00B595F8 /* tinyxml.cpp in Sources */ = {isa = PBXBuildFile; fileRef = BB5CC68F177E4C1D00B595F8 /* tinyxml.cpp */; };
		BB5CC6A5177E4C1D00B595F8 /* tinyxmlerror.cpp in Sources */ = {isa = PBXBuildFile; fileRef = BB5CC691177E4C1D00B595F8 /* tinyxmlerror.cpp */; };
		BB5CC6A6177E4C1D00B595F8 /* tinyxmlparser.cpp in Sources */ = {isa = PBXBuildFile; fileRef = BB5CC692177E4C1D00B595F8 /* tinyxmlparser.cpp */; };
		BB5CC6A7177E4C1D00B595F8 /* ofxXmlSettings.cpp in Sources */ = {isa = PBXBuildFile; fileRef = BB5CC695177E4C1D00B595F8 /* ofxXmlSettings.cpp */; };
		BB5CC6A9177E4C3B00B595F8 /* ofStolenUtils.cpp in Sources */ = {isa = PBXBuildFile; fileRef = BB5CC6A8177E4C3B00B595F8 /* ofStolenUtils.cpp */; };
		BBD66E2C19BA9E6D0084BC1A /* uriencode.cpp in Sources */ = {isa = PBXBuildFile; fileRef = BBD66E2B19BA9E6D0084BC1A /* uriencode.cpp */; };
		BBEE785A182335F800D93161 /* ofxRemoteUINeigbors.cpp in Sources */ = {isa = PBXBuildFile; fileRef = BBEE7858182335F800D93161 /* ofxRemoteUINeigbors.cpp */; };
/* End PBXBuildFile section */

/* Begin PBXCopyFilesBuildPhase section */
		BB5CC5C7177E495400B595F8 /* CopyFiles */ = {
			isa = PBXCopyFilesBuildPhase;
			buildActionMask = 2147483647;
			dstPath = /usr/share/man/man1/;
			dstSubfolderSpec = 0;
			files = (
			);
			runOnlyForDeploymentPostprocessing = 1;
		};
/* End PBXCopyFilesBuildPhase section */

/* Begin PBXFileReference section */
		BB5CC5C9177E495400B595F8 /* noOF_Example */ = {isa = PBXFileReference; explicitFileType = "compiled.mach-o.executable"; includeInIndex = 0; path = noOF_Example; sourceTree = BUILT_PRODUCTS_DIR; };
		BB5CC5CC177E495400B595F8 /* main.cpp */ = {isa = PBXFileReference; lastKnownFileType = sourcecode.cpp.cpp; path = main.cpp; sourceTree = "<group>"; };
		BB5CC620177E4A4700B595F8 /* ofxRemoteUI.cpp */ = {isa = PBXFileReference; lastKnownFileType = sourcecode.cpp.cpp; name = ofxRemoteUI.cpp; path = ../src/ofxRemoteUI.cpp; sourceTree = "<group>"; };
		BB5CC621177E4A4700B595F8 /* ofxRemoteUI.h */ = {isa = PBXFileReference; lastKnownFileType = sourcecode.c.h; name = ofxRemoteUI.h; path = ../src/ofxRemoteUI.h; sourceTree = "<group>"; };
		BB5CC622177E4A4700B595F8 /* ofxRemoteUIClient.cpp */ = {isa = PBXFileReference; lastKnownFileType = sourcecode.cpp.cpp; name = ofxRemoteUIClient.cpp; path = ../src/ofxRemoteUIClient.cpp; sourceTree = "<group>"; };
		BB5CC623177E4A4700B595F8 /* ofxRemoteUIClient.h */ = {isa = PBXFileReference; lastKnownFileType = sourcecode.c.h; name = ofxRemoteUIClient.h; path = ../src/ofxRemoteUIClient.h; sourceTree = "<group>"; };
		BB5CC624177E4A4700B595F8 /* ofxRemoteUIServer.cpp */ = {isa = PBXFileReference; lastKnownFileType = sourcecode.cpp.cpp; name = ofxRemoteUIServer.cpp; path = ../src/ofxRemoteUIServer.cpp; sourceTree = "<group>"; };
		BB5CC625177E4A4700B595F8 /* ofxRemoteUIServer.h */ = {isa = PBXFileReference; lastKnownFileType = sourcecode.c.h; name = ofxRemoteUIServer.h; path = ../src/ofxRemoteUIServer.h; sourceTree = "<group>"; };
		BB5CC626177E4A4700B595F8 /* RemoteParam.h */ = {isa = PBXFileReference; lastKnownFileType = sourcecode.c.h; name = RemoteParam.h; path = ../src/RemoteParam.h; sourceTree = "<group>"; };
		BB5CC627177E4A4700B595F8 /* uriencode.h */ = {isa = PBXFileReference; lastKnownFileType = sourcecode.c.h; name = uriencode.h; path = ../src/uriencode.h; sourceTree = "<group>"; };
		BB5CC662177E4C1C00B595F8 /* ofStolenUtils.h */ = {isa = PBXFileReference; fileEncoding = 4; lastKnownFileType = sourcecode.c.h; path = ofStolenUtils.h; sourceTree = "<group>"; };
		BB5CC668177E4C1C00B595F8 /* IpEndpointName.cpp */ = {isa = PBXFileReference; fileEncoding = 4; lastKnownFileType = sourcecode.cpp.cpp; path = IpEndpointName.cpp; sourceTree = "<group>"; };
		BB5CC669177E4C1C00B595F8 /* IpEndpointName.h */ = {isa = PBXFileReference; fileEncoding = 4; lastKnownFileType = sourcecode.c.h; path = IpEndpointName.h; sourceTree = "<group>"; };
		BB5CC66A177E4C1D00B595F8 /* NetworkingUtils.h */ = {isa = PBXFileReference; fileEncoding = 4; lastKnownFileType = sourcecode.c.h; path = NetworkingUtils.h; sourceTree = "<group>"; };
		BB5CC66B177E4C1D00B595F8 /* PacketListener.h */ = {isa = PBXFileReference; fileEncoding = 4; lastKnownFileType = sourcecode.c.h; path = PacketListener.h; sourceTree = "<group>"; };
		BB5CC66D177E4C1D00B595F8 /* NetworkingUtils.cpp */ = {isa = PBXFileReference; fileEncoding = 4; lastKnownFileType = sourcecode.cpp.cpp; path = NetworkingUtils.cpp; sourceTree = "<group>"; };
		BB5CC66E177E4C1D00B595F8 /* UdpSocket.cpp */ = {isa = PBXFileReference; fileEncoding = 4; lastKnownFileType = sourcecode.cpp.cpp; path = UdpSocket.cpp; sourceTree = "<group>"; };
		BB5CC66F177E4C1D00B595F8 /* TimerListener.h */ = {isa = PBXFileReference; fileEncoding = 4; lastKnownFileType = sourcecode.c.h; path = TimerListener.h; sourceTree = "<group>"; };
		BB5CC670177E4C1D00B595F8 /* UdpSocket.h */ = {isa = PBXFileReference; fileEncoding = 4; lastKnownFileType = sourcecode.c.h; path = UdpSocket.h; sourceTree = "<group>"; };
		BB5CC672177E4C1D00B595F8 /* NetworkingUtilsWin.cpp */ = {isa = PBXFileReference; fileEncoding = 4; lastKnownFileType = sourcecode.cpp.cpp; path = NetworkingUtilsWin.cpp; sourceTree = "<group>"; };
		BB5CC673177E4C1D00B595F8 /* UdpSocketWin.cpp */ = {isa = PBXFileReference; fileEncoding = 4; lastKnownFileType = sourcecode.cpp.cpp; path = UdpSocketWin.cpp; sourceTree = "<group>"; };
		BB5CC675177E4C1D00B595F8 /* MessageMappingOscPacketListener.h */ = {isa = PBXFileReference; fileEncoding = 4; lastKnownFileType = sourcecode.c.h; path = MessageMappingOscPacketListener.h; sourceTree = "<group>"; };
		BB5CC676177E4C1D00B595F8 /* OscException.h */ = {isa = PBXFileReference; fileEncoding = 4; lastKnownFileType = sourcecode.c.h; path = OscException.h; sourceTree = "<group>"; };
		BB5CC677177E4C1D00B595F8 /* OscHostEndianness.h */ = {isa = PBXFileReference; fileEncoding = 4; lastKnownFileType = sourcecode.c.h; path = OscHostEndianness.h; sourceTree = "<group>"; };
		BB5CC678177E4C1D00B595F8 /* OscOutboundPacketStream.cpp */ = {isa = PBXFileReference; fileEncoding = 4; lastKnownFileType = sourcecode.cpp.cpp; path = OscOutboundPacketStream.cpp; sourceTree = "<group>"; };
		BB5CC679177E4C1D00B595F8 /* OscOutboundPacketStream.h */ = {isa = PBXFileReference; fileEncoding = 4; lastKnownFileType = sourcecode.c.h; path = OscOutboundPacketStream.h; sourceTree = "<group>"; };
		BB5CC67A177E4C1D00B595F8 /* OscPacketListener.h */ = {isa = PBXFileReference; fileEncoding = 4; lastKnownFileType = sourcecode.c.h; path = OscPacketListener.h; sourceTree = "<group>"; };
		BB5CC67B177E4C1D00B595F8 /* OscPrintReceivedElements.cpp */ = {isa = PBXFileReference; fileEncoding = 4; lastKnownFileType = sourcecode.cpp.cpp; path = OscPrintReceivedElements.cpp; sourceTree = "<group>"; };
		BB5CC67C177E4C1D00B595F8 /* OscPrintReceivedElements.h */ = {isa = PBXFileReference; fileEncoding = 4; lastKnownFileType = sourcecode.c.h; path = OscPrintReceivedElements.h; sourceTree = "<group>"; };
		BB5CC67D177E4C1D00B595F8 /* OscReceivedElements.cpp */ = {isa = PBXFileReference; fileEncoding = 4; lastKnownFileType = sourcecode.cpp.cpp; path = OscReceivedElements.cpp; sourceTree = "<group>"; };
		BB5CC67E177E4C1D00B595F8 /* OscReceivedElements.h */ = {isa = PBXFileReference; fileEncoding = 4; lastKnownFileType = sourcecode.c.h; path = OscReceivedElements.h; sourceTree = "<group>"; };
		BB5CC67F177E4C1D00B595F8 /* OscTypes.cpp */ = {isa = PBXFileReference; fileEncoding = 4; lastKnownFileType = sourcecode.cpp.cpp; path = OscTypes.cpp; sourceTree = "<group>"; };
		BB5CC680177E4C1D00B595F8 /* OscTypes.h */ = {isa = PBXFileReference; fileEncoding = 4; lastKnownFileType = sourcecode.c.h; path = OscTypes.h; sourceTree = "<group>"; };
		BB5CC681177E4C1D00B595F8 /* ofxOsc Readme.txt */ = {isa = PBXFileReference; fileEncoding = 4; lastKnownFileType = text; path = "ofxOsc Readme.txt"; sourceTree = "<group>"; };
		BB5CC683177E4C1D00B595F8 /* ofxOsc.h */ = {isa = PBXFileReference; fileEncoding = 4; lastKnownFileType = sourcecode.c.h; path = ofxOsc.h; sourceTree = "<group>"; };
		BB5CC684177E4C1D00B595F8 /* ofxOscArg.h */ = {isa = PBXFileReference; fileEncoding = 4; lastKnownFileType = sourcecode.c.h; path = ofxOscArg.h; sourceTree = "<group>"; };
		BB5CC685177E4C1D00B595F8 /* ofxOscBundle.cpp */ = {isa = PBXFileReference; fileEncoding = 4; lastKnownFileType = sourcecode.cpp.cpp; path = ofxOscBundle.cpp; sourceTree = "<group>"; };
		BB5CC686177E4C1D00B595F8 /* ofxOscBundle.h */ = {isa = PBXFileReference; fileEncoding = 4; lastKnownFileType = sourcecode.c.h; path = ofxOscBundle.h; sourceTree = "<group>"; };
		BB5CC687177E4C1D00B595F8 /* ofxOscMessage.cpp */ = {isa = PBXFileReference; fileEncoding = 4; lastKnownFileType = sourcecode.cpp.cpp; path = ofxOscMessage.cpp; sourceTree = "<group>"; };
		BB5CC688177E4C1D00B595F8 /* ofxOscMessage.h */ = {isa = PBXFileReference; fileEncoding = 4; lastKnownFileType = sourcecode.c.h; path = ofxOscMessage.h; sourceTree = "<group>"; };
		BB5CC689177E4C1D00B595F8 /* ofxOscReceiver.cpp */ = {isa = PBXFileReference; fileEncoding = 4; lastKnownFileType = sourcecode.cpp.cpp; path = ofxOscReceiver.cpp; sourceTree = "<group>"; };
		BB5CC68A177E4C1D00B595F8 /* ofxOscReceiver.h */ = {isa = PBXFileReference; fileEncoding = 4; lastKnownFileType = sourcecode.c.h; path = ofxOscReceiver.h; sourceTree = "<group>"; };
		BB5CC68B177E4C1D00B595F8 /* ofxOscSender.cpp */ = {isa = PBXFileReference; fileEncoding = 4; lastKnownFileType = sourcecode.cpp.cpp; path = ofxOscSender.cpp; sourceTree = "<group>"; };
		BB5CC68C177E4C1D00B595F8 /* ofxOscSender.h */ = {isa = PBXFileReference; fileEncoding = 4; lastKnownFileType = sourcecode.c.h; path = ofxOscSender.h; sourceTree = "<group>"; };
		BB5CC68F177E4C1D00B595F8 /* tinyxml.cpp */ = {isa = PBXFileReference; fileEncoding = 4; lastKnownFileType = sourcecode.cpp.cpp; path = tinyxml.cpp; sourceTree = "<group>"; };
		BB5CC690177E4C1D00B595F8 /* tinyxml.h */ = {isa = PBXFileReference; fileEncoding = 4; lastKnownFileType = sourcecode.c.h; path = tinyxml.h; sourceTree = "<group>"; };
		BB5CC691177E4C1D00B595F8 /* tinyxmlerror.cpp */ = {isa = PBXFileReference; fileEncoding = 4; lastKnownFileType = sourcecode.cpp.cpp; path = tinyxmlerror.cpp; sourceTree = "<group>"; };
		BB5CC692177E4C1D00B595F8 /* tinyxmlparser.cpp */ = {isa = PBXFileReference; fileEncoding = 4; lastKnownFileType = sourcecode.cpp.cpp; path = tinyxmlparser.cpp; sourceTree = "<group>"; };
		BB5CC693177E4C1D00B595F8 /* ReadMe.txt */ = {isa = PBXFileReference; fileEncoding = 4; lastKnownFileType = text; path = ReadMe.txt; sourceTree = "<group>"; };
		BB5CC695177E4C1D00B595F8 /* ofxXmlSettings.cpp */ = {isa = PBXFileReference; fileEncoding = 4; lastKnownFileType = sourcecode.cpp.cpp; path = ofxXmlSettings.cpp; sourceTree = "<group>"; };
		BB5CC696177E4C1D00B595F8 /* ofxXmlSettings.h */ = {isa = PBXFileReference; fileEncoding = 4; lastKnownFileType = sourcecode.c.h; path = ofxXmlSettings.h; sourceTree = "<group>"; };
		BB5CC6A8177E4C3B00B595F8 /* ofStolenUtils.cpp */ = {isa = PBXFileReference; fileEncoding = 4; lastKnownFileType = sourcecode.cpp.cpp; path = ofStolenUtils.cpp; sourceTree = "<group>"; };
		BBD66E2B19BA9E6D0084BC1A /* uriencode.cpp */ = {isa = PBXFileReference; fileEncoding = 4; lastKnownFileType = sourcecode.cpp.cpp; name = uriencode.cpp; path = ../src/uriencode.cpp; sourceTree = "<group>"; };
		BBEE7858182335F800D93161 /* ofxRemoteUINeigbors.cpp */ = {isa = PBXFileReference; fileEncoding = 4; lastKnownFileType = sourcecode.cpp.cpp; name = ofxRemoteUINeigbors.cpp; path = ../src/ofxRemoteUINeigbors.cpp; sourceTree = "<group>"; };
		BBEE7859182335F800D93161 /* ofxRemoteUINeigbors.h */ = {isa = PBXFileReference; fileEncoding = 4; lastKnownFileType = sourcecode.c.h; name = ofxRemoteUINeigbors.h; path = ../src/ofxRemoteUINeigbors.h; sourceTree = "<group>"; };
/* End PBXFileReference section */

/* Begin PBXFrameworksBuildPhase section */
		BB5CC5C6177E495400B595F8 /* Frameworks */ = {
			isa = PBXFrameworksBuildPhase;
			buildActionMask = 2147483647;
			files = (
			);
			runOnlyForDeploymentPostprocessing = 0;
		};
/* End PBXFrameworksBuildPhase section */

/* Begin PBXGroup section */
		BB5CC5C0177E495400B595F8 = {
			isa = PBXGroup;
			children = (
				BB5CC661177E4C1C00B595F8 /* noOFLibs */,
				BB5CC61F177E4A3A00B595F8 /* ofxRemoteUI */,
				BB5CC5CB177E495400B595F8 /* noOF_Example */,
				BB5CC5CA177E495400B595F8 /* Products */,
			);
			sourceTree = "<group>";
		};
		BB5CC5CA177E495400B595F8 /* Products */ = {
			isa = PBXGroup;
			children = (
				BB5CC5C9177E495400B595F8 /* noOF_Example */,
			);
			name = Products;
			sourceTree = "<group>";
		};
		BB5CC5CB177E495400B595F8 /* noOF_Example */ = {
			isa = PBXGroup;
			children = (
				BB5CC5CC177E495400B595F8 /* main.cpp */,
			);
			path = noOF_Example;
			sourceTree = "<group>";
		};
		BB5CC61F177E4A3A00B595F8 /* ofxRemoteUI */ = {
			isa = PBXGroup;
			children = (
				BBEE7858182335F800D93161 /* ofxRemoteUINeigbors.cpp */,
				BBEE7859182335F800D93161 /* ofxRemoteUINeigbors.h */,
				BB5CC620177E4A4700B595F8 /* ofxRemoteUI.cpp */,
				BB5CC621177E4A4700B595F8 /* ofxRemoteUI.h */,
				BB5CC622177E4A4700B595F8 /* ofxRemoteUIClient.cpp */,
				BB5CC623177E4A4700B595F8 /* ofxRemoteUIClient.h */,
				BB5CC624177E4A4700B595F8 /* ofxRemoteUIServer.cpp */,
				BB5CC625177E4A4700B595F8 /* ofxRemoteUIServer.h */,
				BB5CC626177E4A4700B595F8 /* RemoteParam.h */,
				BBD66E2B19BA9E6D0084BC1A /* uriencode.cpp */,
				BB5CC627177E4A4700B595F8 /* uriencode.h */,
			);
			name = ofxRemoteUI;
			sourceTree = "<group>";
		};
		BB5CC661177E4C1C00B595F8 /* noOFLibs */ = {
			isa = PBXGroup;
			children = (
				BB5CC662177E4C1C00B595F8 /* ofStolenUtils.h */,
				BB5CC6A8177E4C3B00B595F8 /* ofStolenUtils.cpp */,
				BB5CC663177E4C1C00B595F8 /* ofxOsc */,
				BB5CC68D177E4C1D00B595F8 /* ofxXmlSettings */,
			);
			name = noOFLibs;
			path = ../noOFLibs;
			sourceTree = "<group>";
		};
		BB5CC663177E4C1C00B595F8 /* ofxOsc */ = {
			isa = PBXGroup;
			children = (
				BB5CC664177E4C1C00B595F8 /* libs */,
				BB5CC681177E4C1D00B595F8 /* ofxOsc Readme.txt */,
				BB5CC682177E4C1D00B595F8 /* src */,
			);
			path = ofxOsc;
			sourceTree = "<group>";
		};
		BB5CC664177E4C1C00B595F8 /* libs */ = {
			isa = PBXGroup;
			children = (
				BB5CC665177E4C1C00B595F8 /* oscpack */,
			);
			path = libs;
			sourceTree = "<group>";
		};
		BB5CC665177E4C1C00B595F8 /* oscpack */ = {
			isa = PBXGroup;
			children = (
				BB5CC666177E4C1C00B595F8 /* src */,
			);
			path = oscpack;
			sourceTree = "<group>";
		};
		BB5CC666177E4C1C00B595F8 /* src */ = {
			isa = PBXGroup;
			children = (
				BB5CC667177E4C1C00B595F8 /* ip */,
				BB5CC674177E4C1D00B595F8 /* osc */,
			);
			path = src;
			sourceTree = "<group>";
		};
		BB5CC667177E4C1C00B595F8 /* ip */ = {
			isa = PBXGroup;
			children = (
				BB5CC668177E4C1C00B595F8 /* IpEndpointName.cpp */,
				BB5CC669177E4C1C00B595F8 /* IpEndpointName.h */,
				BB5CC66A177E4C1D00B595F8 /* NetworkingUtils.h */,
				BB5CC66B177E4C1D00B595F8 /* PacketListener.h */,
				BB5CC66C177E4C1D00B595F8 /* posix */,
				BB5CC66F177E4C1D00B595F8 /* TimerListener.h */,
				BB5CC670177E4C1D00B595F8 /* UdpSocket.h */,
				BB5CC671177E4C1D00B595F8 /* win32 */,
			);
			path = ip;
			sourceTree = "<group>";
		};
		BB5CC66C177E4C1D00B595F8 /* posix */ = {
			isa = PBXGroup;
			children = (
				BB5CC66D177E4C1D00B595F8 /* NetworkingUtils.cpp */,
				BB5CC66E177E4C1D00B595F8 /* UdpSocket.cpp */,
			);
			path = posix;
			sourceTree = "<group>";
		};
		BB5CC671177E4C1D00B595F8 /* win32 */ = {
			isa = PBXGroup;
			children = (
				BB5CC672177E4C1D00B595F8 /* NetworkingUtilsWin.cpp */,
				BB5CC673177E4C1D00B595F8 /* UdpSocketWin.cpp */,
			);
			path = win32;
			sourceTree = "<group>";
		};
		BB5CC674177E4C1D00B595F8 /* osc */ = {
			isa = PBXGroup;
			children = (
				BB5CC675177E4C1D00B595F8 /* MessageMappingOscPacketListener.h */,
				BB5CC676177E4C1D00B595F8 /* OscException.h */,
				BB5CC677177E4C1D00B595F8 /* OscHostEndianness.h */,
				BB5CC678177E4C1D00B595F8 /* OscOutboundPacketStream.cpp */,
				BB5CC679177E4C1D00B595F8 /* OscOutboundPacketStream.h */,
				BB5CC67A177E4C1D00B595F8 /* OscPacketListener.h */,
				BB5CC67B177E4C1D00B595F8 /* OscPrintReceivedElements.cpp */,
				BB5CC67C177E4C1D00B595F8 /* OscPrintReceivedElements.h */,
				BB5CC67D177E4C1D00B595F8 /* OscReceivedElements.cpp */,
				BB5CC67E177E4C1D00B595F8 /* OscReceivedElements.h */,
				BB5CC67F177E4C1D00B595F8 /* OscTypes.cpp */,
				BB5CC680177E4C1D00B595F8 /* OscTypes.h */,
			);
			path = osc;
			sourceTree = "<group>";
		};
		BB5CC682177E4C1D00B595F8 /* src */ = {
			isa = PBXGroup;
			children = (
				BB5CC683177E4C1D00B595F8 /* ofxOsc.h */,
				BB5CC684177E4C1D00B595F8 /* ofxOscArg.h */,
				BB5CC685177E4C1D00B595F8 /* ofxOscBundle.cpp */,
				BB5CC686177E4C1D00B595F8 /* ofxOscBundle.h */,
				BB5CC687177E4C1D00B595F8 /* ofxOscMessage.cpp */,
				BB5CC688177E4C1D00B595F8 /* ofxOscMessage.h */,
				BB5CC689177E4C1D00B595F8 /* ofxOscReceiver.cpp */,
				BB5CC68A177E4C1D00B595F8 /* ofxOscReceiver.h */,
				BB5CC68B177E4C1D00B595F8 /* ofxOscSender.cpp */,
				BB5CC68C177E4C1D00B595F8 /* ofxOscSender.h */,
			);
			path = src;
			sourceTree = "<group>";
		};
		BB5CC68D177E4C1D00B595F8 /* ofxXmlSettings */ = {
			isa = PBXGroup;
			children = (
				BB5CC68E177E4C1D00B595F8 /* libs */,
				BB5CC693177E4C1D00B595F8 /* ReadMe.txt */,
				BB5CC694177E4C1D00B595F8 /* src */,
			);
			path = ofxXmlSettings;
			sourceTree = "<group>";
		};
		BB5CC68E177E4C1D00B595F8 /* libs */ = {
			isa = PBXGroup;
			children = (
				BB5CC68F177E4C1D00B595F8 /* tinyxml.cpp */,
				BB5CC690177E4C1D00B595F8 /* tinyxml.h */,
				BB5CC691177E4C1D00B595F8 /* tinyxmlerror.cpp */,
				BB5CC692177E4C1D00B595F8 /* tinyxmlparser.cpp */,
			);
			path = libs;
			sourceTree = "<group>";
		};
		BB5CC694177E4C1D00B595F8 /* src */ = {
			isa = PBXGroup;
			children = (
				BB5CC695177E4C1D00B595F8 /* ofxXmlSettings.cpp */,
				BB5CC696177E4C1D00B595F8 /* ofxXmlSettings.h */,
			);
			path = src;
			sourceTree = "<group>";
		};
/* End PBXGroup section */

/* Begin PBXNativeTarget section */
		BB5CC5C8177E495400B595F8 /* noOF_Example */ = {
			isa = PBXNativeTarget;
			buildConfigurationList = BB5CC5D2177E495400B595F8 /* Build configuration list for PBXNativeTarget "noOF_Example" */;
			buildPhases = (
				BB5CC5C5177E495400B595F8 /* Sources */,
				BB5CC5C6177E495400B595F8 /* Frameworks */,
				BB5CC5C7177E495400B595F8 /* CopyFiles */,
			);
			buildRules = (
			);
			dependencies = (
			);
			name = noOF_Example;
			productName = noOF_Example;
			productReference = BB5CC5C9177E495400B595F8 /* noOF_Example */;
			productType = "com.apple.product-type.tool";
		};
/* End PBXNativeTarget section */

/* Begin PBXProject section */
		BB5CC5C1177E495400B595F8 /* Project object */ = {
			isa = PBXProject;
			attributes = {
				LastUpgradeCheck = 0460;
				ORGANIZATIONNAME = "Oriol Ferrer Mesià";
			};
			buildConfigurationList = BB5CC5C4177E495400B595F8 /* Build configuration list for PBXProject "noOF_Example" */;
			compatibilityVersion = "Xcode 3.2";
			developmentRegion = English;
			hasScannedForEncodings = 0;
			knownRegions = (
				en,
			);
			mainGroup = BB5CC5C0177E495400B595F8;
			productRefGroup = BB5CC5CA177E495400B595F8 /* Products */;
			projectDirPath = "";
			projectRoot = "";
			targets = (
				BB5CC5C8177E495400B595F8 /* noOF_Example */,
			);
		};
/* End PBXProject section */

/* Begin PBXSourcesBuildPhase section */
		BB5CC5C5177E495400B595F8 /* Sources */ = {
			isa = PBXSourcesBuildPhase;
			buildActionMask = 2147483647;
			files = (
				BB5CC5CD177E495400B595F8 /* main.cpp in Sources */,
				BB5CC660177E4C0A00B595F8 /* ofxRemoteUIServer.cpp in Sources */,
				BB5CC65E177E4C0700B595F8 /* ofxRemoteUI.cpp in Sources */,
				BB5CC65F177E4C0800B595F8 /* ofxRemoteUIClient.cpp in Sources */,
				BB5CC697177E4C1D00B595F8 /* IpEndpointName.cpp in Sources */,
				BB5CC698177E4C1D00B595F8 /* NetworkingUtils.cpp in Sources */,
				BB5CC699177E4C1D00B595F8 /* UdpSocket.cpp in Sources */,
				BBEE785A182335F800D93161 /* ofxRemoteUINeigbors.cpp in Sources */,
				BB5CC69A177E4C1D00B595F8 /* NetworkingUtilsWin.cpp in Sources */,
				BB5CC69B177E4C1D00B595F8 /* UdpSocketWin.cpp in Sources */,
				BB5CC69C177E4C1D00B595F8 /* OscOutboundPacketStream.cpp in Sources */,
				BB5CC6A9177E4C3B00B595F8 /* ofStolenUtils.cpp in Sources */,
				BBD66E2C19BA9E6D0084BC1A /* uriencode.cpp in Sources */,
				BB5CC69D177E4C1D00B595F8 /* OscPrintReceivedElements.cpp in Sources */,
				BB5CC69E177E4C1D00B595F8 /* OscReceivedElements.cpp in Sources */,
				BB5CC69F177E4C1D00B595F8 /* OscTypes.cpp in Sources */,
				BB5CC6A0177E4C1D00B595F8 /* ofxOscBundle.cpp in Sources */,
				BB5CC6A1177E4C1D00B595F8 /* ofxOscMessage.cpp in Sources */,
				BB5CC6A2177E4C1D00B595F8 /* ofxOscReceiver.cpp in Sources */,
				BB5CC6A3177E4C1D00B595F8 /* ofxOscSender.cpp in Sources */,
				BB5CC6A4177E4C1D00B595F8 /* tinyxml.cpp in Sources */,
				BB5CC6A5177E4C1D00B595F8 /* tinyxmlerror.cpp in Sources */,
				BB5CC6A6177E4C1D00B595F8 /* tinyxmlparser.cpp in Sources */,
				BB5CC6A7177E4C1D00B595F8 /* ofxXmlSettings.cpp in Sources */,
			);
			runOnlyForDeploymentPostprocessing = 0;
		};
/* End PBXSourcesBuildPhase section */

/* Begin XCBuildConfiguration section */
		BB5CC5D0177E495400B595F8 /* Debug */ = {
			isa = XCBuildConfiguration;
			buildSettings = {
				ALWAYS_SEARCH_USER_PATHS = NO;
				ARCHS = "$(ARCHS_STANDARD_64_BIT)";
				CLANG_CXX_LANGUAGE_STANDARD = "gnu++0x";
				CLANG_CXX_LIBRARY = "libc++";
				CLANG_WARN_CONSTANT_CONVERSION = YES;
				CLANG_WARN_EMPTY_BODY = YES;
				CLANG_WARN_ENUM_CONVERSION = YES;
				CLANG_WARN_INT_CONVERSION = YES;
				CLANG_WARN__DUPLICATE_METHOD_MATCH = YES;
				COPY_PHASE_STRIP = NO;
				GCC_C_LANGUAGE_STANDARD = gnu99;
				GCC_DYNAMIC_NO_PIC = NO;
				GCC_ENABLE_OBJC_EXCEPTIONS = YES;
				GCC_OPTIMIZATION_LEVEL = 0;
				GCC_PREPROCESSOR_DEFINITIONS = (
					"DEBUG=1",
					"$(inherited)",
				);
				GCC_SYMBOLS_PRIVATE_EXTERN = NO;
				GCC_WARN_64_TO_32_BIT_CONVERSION = YES;
				GCC_WARN_ABOUT_RETURN_TYPE = YES;
				GCC_WARN_UNINITIALIZED_AUTOS = YES;
				GCC_WARN_UNUSED_VARIABLE = YES;
				HEADER_SEARCH_PATHS = (
					../noOFLibs/ofxOsc/libs,
					../noOFLibs/ofxOsc/libs/oscpack,
					../noOFLibs/ofxOsc/libs/oscpack/src,
					../noOFLibs/ofxOsc/libs/oscpack/src/ip,
					../noOFLibs/ofxOsc/libs/oscpack/src/ip/posix,
					../noOFLibs/ofxOsc/libs/oscpack/src/ip/win32,
					../noOFLibs/ofxOsc/libs/oscpack/src/osc,
					../noOFLibs/ofxOsc/src,
				);
				MACOSX_DEPLOYMENT_TARGET = 10.8;
				ONLY_ACTIVE_ARCH = YES;
				SDKROOT = macosx;
			};
			name = Debug;
		};
		BB5CC5D1177E495400B595F8 /* Release */ = {
			isa = XCBuildConfiguration;
			buildSettings = {
				ALWAYS_SEARCH_USER_PATHS = NO;
				ARCHS = "$(ARCHS_STANDARD_64_BIT)";
				CLANG_CXX_LANGUAGE_STANDARD = "gnu++0x";
				CLANG_CXX_LIBRARY = "libc++";
				CLANG_WARN_CONSTANT_CONVERSION = YES;
				CLANG_WARN_EMPTY_BODY = YES;
				CLANG_WARN_ENUM_CONVERSION = YES;
				CLANG_WARN_INT_CONVERSION = YES;
				CLANG_WARN__DUPLICATE_METHOD_MATCH = YES;
				COPY_PHASE_STRIP = YES;
				DEBUG_INFORMATION_FORMAT = "dwarf-with-dsym";
				GCC_C_LANGUAGE_STANDARD = gnu99;
				GCC_ENABLE_OBJC_EXCEPTIONS = YES;
				GCC_WARN_64_TO_32_BIT_CONVERSION = YES;
				GCC_WARN_ABOUT_RETURN_TYPE = YES;
				GCC_WARN_UNINITIALIZED_AUTOS = YES;
				GCC_WARN_UNUSED_VARIABLE = YES;
				HEADER_SEARCH_PATHS = (
					../noOFLibs/ofxOsc/libs,
					../noOFLibs/ofxOsc/libs/oscpack,
					../noOFLibs/ofxOsc/libs/oscpack/src,
					../noOFLibs/ofxOsc/libs/oscpack/src/ip,
					../noOFLibs/ofxOsc/libs/oscpack/src/ip/posix,
					../noOFLibs/ofxOsc/libs/oscpack/src/ip/win32,
					../noOFLibs/ofxOsc/libs/oscpack/src/osc,
					../noOFLibs/ofxOsc/src,
				);
				MACOSX_DEPLOYMENT_TARGET = 10.8;
				SDKROOT = macosx;
			};
			name = Release;
		};
		BB5CC5D3177E495400B595F8 /* Debug */ = {
			isa = XCBuildConfiguration;
			buildSettings = {
				PRODUCT_NAME = "$(TARGET_NAME)";
			};
			name = Debug;
		};
		BB5CC5D4177E495400B595F8 /* Release */ = {
			isa = XCBuildConfiguration;
			buildSettings = {
				PRODUCT_NAME = "$(TARGET_NAME)";
			};
			name = Release;
		};
/* End XCBuildConfiguration section */

/* Begin XCConfigurationList section */
		BB5CC5C4177E495400B595F8 /* Build configuration list for PBXProject "noOF_Example" */ = {
			isa = XCConfigurationList;
			buildConfigurations = (
				BB5CC5D0177E495400B595F8 /* Debug */,
				BB5CC5D1177E495400B595F8 /* Release */,
			);
			defaultConfigurationIsVisible = 0;
			defaultConfigurationName = Release;
		};
		BB5CC5D2177E495400B595F8 /* Build configuration list for PBXNativeTarget "noOF_Example" */ = {
			isa = XCConfigurationList;
			buildConfigurations = (
				BB5CC5D3177E495400B595F8 /* Debug */,
				BB5CC5D4177E495400B595F8 /* Release */,
			);
			defaultConfigurationIsVisible = 0;
			defaultConfigurationName = Release;
		};
/* End XCConfigurationList section */
	};
	rootObject = BB5CC5C1177E495400B595F8 /* Project object */;
}
