// !$*UTF8*$!
{
	archiveVersion = 1;
	classes = {
	};
	objectVersion = 46;
	objects = {

/* Begin PBXBuildFile section */
		BB7F71AB19A4596E0012DA98 /* uriencode.cpp in Sources */ = {isa = PBXBuildFile; fileRef = BB7F71AA19A4596E0012DA98 /* uriencode.cpp */; };
		BBAFD8FC191FCD0000FF7733 /* Foundation.framework in Frameworks */ = {isa = PBXBuildFile; fileRef = BBAFD8FB191FCD0000FF7733 /* Foundation.framework */; };
		BBAFD8FE191FCD0000FF7733 /* CoreGraphics.framework in Frameworks */ = {isa = PBXBuildFile; fileRef = BBAFD8FD191FCD0000FF7733 /* CoreGraphics.framework */; };
		BBAFD900191FCD0000FF7733 /* UIKit.framework in Frameworks */ = {isa = PBXBuildFile; fileRef = BBAFD8FF191FCD0000FF7733 /* UIKit.framework */; };
		BBAFD906191FCD0000FF7733 /* InfoPlist.strings in Resources */ = {isa = PBXBuildFile; fileRef = BBAFD904191FCD0000FF7733 /* InfoPlist.strings */; };
		BBAFD908191FCD0000FF7733 /* main.m in Sources */ = {isa = PBXBuildFile; fileRef = BBAFD907191FCD0000FF7733 /* main.m */; };
		BBAFD90C191FCD0000FF7733 /* AppDelegate.mm in Sources */ = {isa = PBXBuildFile; fileRef = BBAFD90B191FCD0000FF7733 /* AppDelegate.mm */; };
		BBAFD90F191FCD0000FF7733 /* Main_iPhone.storyboard in Resources */ = {isa = PBXBuildFile; fileRef = BBAFD90D191FCD0000FF7733 /* Main_iPhone.storyboard */; };
		BBAFD912191FCD0000FF7733 /* Main_iPad.storyboard in Resources */ = {isa = PBXBuildFile; fileRef = BBAFD910191FCD0000FF7733 /* Main_iPad.storyboard */; };
		BBAFD915191FCD0000FF7733 /* FirstViewController.mm in Sources */ = {isa = PBXBuildFile; fileRef = BBAFD914191FCD0000FF7733 /* FirstViewController.mm */; };
		BBAFD91A191FCD0000FF7733 /* Images.xcassets in Resources */ = {isa = PBXBuildFile; fileRef = BBAFD919191FCD0000FF7733 /* Images.xcassets */; };
		BBAFD921191FCD0000FF7733 /* XCTest.framework in Frameworks */ = {isa = PBXBuildFile; fileRef = BBAFD920191FCD0000FF7733 /* XCTest.framework */; };
		BBAFD922191FCD0000FF7733 /* Foundation.framework in Frameworks */ = {isa = PBXBuildFile; fileRef = BBAFD8FB191FCD0000FF7733 /* Foundation.framework */; };
		BBAFD923191FCD0000FF7733 /* UIKit.framework in Frameworks */ = {isa = PBXBuildFile; fileRef = BBAFD8FF191FCD0000FF7733 /* UIKit.framework */; };
		BBAFD92B191FCD0100FF7733 /* InfoPlist.strings in Resources */ = {isa = PBXBuildFile; fileRef = BBAFD929191FCD0100FF7733 /* InfoPlist.strings */; };
		BBAFD9DF191FD11100FF7733 /* ofxRemoteUI.cpp in Sources */ = {isa = PBXBuildFile; fileRef = BBAFD9D7191FD11100FF7733 /* ofxRemoteUI.cpp */; };
		BBAFD9E0191FD11100FF7733 /* ofxRemoteUIClient.cpp in Sources */ = {isa = PBXBuildFile; fileRef = BBAFD9D9191FD11100FF7733 /* ofxRemoteUIClient.cpp */; };
		BBAFD9E1191FD11100FF7733 /* ofxRemoteUINeigbors.cpp in Sources */ = {isa = PBXBuildFile; fileRef = BBAFD9DB191FD11100FF7733 /* ofxRemoteUINeigbors.cpp */; };
		BBAFDA18191FD11800FF7733 /* ofStolenUtils.cpp in Sources */ = {isa = PBXBuildFile; fileRef = BBAFD9E2191FD11800FF7733 /* ofStolenUtils.cpp */; };
		BBAFDA19191FD11800FF7733 /* IpEndpointName.cpp in Sources */ = {isa = PBXBuildFile; fileRef = BBAFD9E9191FD11800FF7733 /* IpEndpointName.cpp */; };
		BBAFDA1A191FD11800FF7733 /* NetworkingUtils.cpp in Sources */ = {isa = PBXBuildFile; fileRef = BBAFD9EE191FD11800FF7733 /* NetworkingUtils.cpp */; };
		BBAFDA1B191FD11800FF7733 /* UdpSocket.cpp in Sources */ = {isa = PBXBuildFile; fileRef = BBAFD9EF191FD11800FF7733 /* UdpSocket.cpp */; };
		BBAFDA1C191FD11800FF7733 /* NetworkingUtilsWin.cpp in Sources */ = {isa = PBXBuildFile; fileRef = BBAFD9F3191FD11800FF7733 /* NetworkingUtilsWin.cpp */; };
		BBAFDA1D191FD11800FF7733 /* UdpSocketWin.cpp in Sources */ = {isa = PBXBuildFile; fileRef = BBAFD9F4191FD11800FF7733 /* UdpSocketWin.cpp */; };
		BBAFDA1E191FD11800FF7733 /* OscOutboundPacketStream.cpp in Sources */ = {isa = PBXBuildFile; fileRef = BBAFD9F9191FD11800FF7733 /* OscOutboundPacketStream.cpp */; };
		BBAFDA1F191FD11800FF7733 /* OscPrintReceivedElements.cpp in Sources */ = {isa = PBXBuildFile; fileRef = BBAFD9FC191FD11800FF7733 /* OscPrintReceivedElements.cpp */; };
		BBAFDA20191FD11800FF7733 /* OscReceivedElements.cpp in Sources */ = {isa = PBXBuildFile; fileRef = BBAFD9FE191FD11800FF7733 /* OscReceivedElements.cpp */; };
		BBAFDA21191FD11800FF7733 /* OscTypes.cpp in Sources */ = {isa = PBXBuildFile; fileRef = BBAFDA00191FD11800FF7733 /* OscTypes.cpp */; };
		BBAFDA22191FD11800FF7733 /* ofxOsc Readme.txt in Resources */ = {isa = PBXBuildFile; fileRef = BBAFDA02191FD11800FF7733 /* ofxOsc Readme.txt */; };
		BBAFDA23191FD11800FF7733 /* ofxOscBundle.cpp in Sources */ = {isa = PBXBuildFile; fileRef = BBAFDA06191FD11800FF7733 /* ofxOscBundle.cpp */; };
		BBAFDA24191FD11800FF7733 /* ofxOscMessage.cpp in Sources */ = {isa = PBXBuildFile; fileRef = BBAFDA08191FD11800FF7733 /* ofxOscMessage.cpp */; };
		BBAFDA25191FD11800FF7733 /* ofxOscReceiver.cpp in Sources */ = {isa = PBXBuildFile; fileRef = BBAFDA0A191FD11800FF7733 /* ofxOscReceiver.cpp */; };
		BBAFDA26191FD11800FF7733 /* ofxOscSender.cpp in Sources */ = {isa = PBXBuildFile; fileRef = BBAFDA0C191FD11800FF7733 /* ofxOscSender.cpp */; };
		BBAFDA27191FD11800FF7733 /* tinyxml.cpp in Sources */ = {isa = PBXBuildFile; fileRef = BBAFDA10191FD11800FF7733 /* tinyxml.cpp */; };
		BBAFDA28191FD11800FF7733 /* tinyxmlerror.cpp in Sources */ = {isa = PBXBuildFile; fileRef = BBAFDA12191FD11800FF7733 /* tinyxmlerror.cpp */; };
		BBAFDA29191FD11800FF7733 /* tinyxmlparser.cpp in Sources */ = {isa = PBXBuildFile; fileRef = BBAFDA13191FD11800FF7733 /* tinyxmlparser.cpp */; };
		BBAFDA2A191FD11800FF7733 /* ReadMe.txt in Resources */ = {isa = PBXBuildFile; fileRef = BBAFDA14191FD11800FF7733 /* ReadMe.txt */; };
		BBAFDA2B191FD11800FF7733 /* ofxXmlSettings.cpp in Sources */ = {isa = PBXBuildFile; fileRef = BBAFDA16191FD11800FF7733 /* ofxXmlSettings.cpp */; };
		BBAFDA2D191FD8A200FF7733 /* ParamView_ipad.xib in Resources */ = {isa = PBXBuildFile; fileRef = BBAFDA2C191FD8A200FF7733 /* ParamView_ipad.xib */; };
		BBAFDA30191FDC2F00FF7733 /* ParamUI.mm in Sources */ = {isa = PBXBuildFile; fileRef = BBAFDA2F191FDC2F00FF7733 /* ParamUI.mm */; };
		BBAFDA331920084700FF7733 /* NSStringAdditions.mm in Sources */ = {isa = PBXBuildFile; fileRef = BBAFDA321920084700FF7733 /* NSStringAdditions.mm */; };
/* End PBXBuildFile section */

/* Begin PBXContainerItemProxy section */
		BBAFD924191FCD0000FF7733 /* PBXContainerItemProxy */ = {
			isa = PBXContainerItemProxy;
			containerPortal = BBAFD8F0191FCD0000FF7733 /* Project object */;
			proxyType = 1;
			remoteGlobalIDString = BBAFD8F7191FCD0000FF7733;
			remoteInfo = RemoteUIClient;
		};
/* End PBXContainerItemProxy section */

/* Begin PBXFileReference section */
		BB7F71AA19A4596E0012DA98 /* uriencode.cpp */ = {isa = PBXFileReference; fileEncoding = 4; lastKnownFileType = sourcecode.cpp.cpp; name = uriencode.cpp; path = ../src/uriencode.cpp; sourceTree = "<group>"; };
		BBAFD8F8191FCD0000FF7733 /* RemoteUI.app */ = {isa = PBXFileReference; explicitFileType = wrapper.application; includeInIndex = 0; path = RemoteUI.app; sourceTree = BUILT_PRODUCTS_DIR; };
		BBAFD8FB191FCD0000FF7733 /* Foundation.framework */ = {isa = PBXFileReference; lastKnownFileType = wrapper.framework; name = Foundation.framework; path = System/Library/Frameworks/Foundation.framework; sourceTree = SDKROOT; };
		BBAFD8FD191FCD0000FF7733 /* CoreGraphics.framework */ = {isa = PBXFileReference; lastKnownFileType = wrapper.framework; name = CoreGraphics.framework; path = System/Library/Frameworks/CoreGraphics.framework; sourceTree = SDKROOT; };
		BBAFD8FF191FCD0000FF7733 /* UIKit.framework */ = {isa = PBXFileReference; lastKnownFileType = wrapper.framework; name = UIKit.framework; path = System/Library/Frameworks/UIKit.framework; sourceTree = SDKROOT; };
		BBAFD903191FCD0000FF7733 /* RemoteUI-Info.plist */ = {isa = PBXFileReference; lastKnownFileType = text.plist.xml; path = "RemoteUI-Info.plist"; sourceTree = "<group>"; };
		BBAFD905191FCD0000FF7733 /* en */ = {isa = PBXFileReference; lastKnownFileType = text.plist.strings; name = en; path = en.lproj/InfoPlist.strings; sourceTree = "<group>"; };
		BBAFD907191FCD0000FF7733 /* main.m */ = {isa = PBXFileReference; lastKnownFileType = sourcecode.c.objc; path = main.m; sourceTree = "<group>"; };
		BBAFD909191FCD0000FF7733 /* RemoteUI-Prefix.pch */ = {isa = PBXFileReference; lastKnownFileType = sourcecode.c.h; path = "RemoteUI-Prefix.pch"; sourceTree = "<group>"; };
		BBAFD90A191FCD0000FF7733 /* AppDelegate.h */ = {isa = PBXFileReference; lastKnownFileType = sourcecode.c.h; path = AppDelegate.h; sourceTree = "<group>"; };
		BBAFD90B191FCD0000FF7733 /* AppDelegate.mm */ = {isa = PBXFileReference; lastKnownFileType = sourcecode.cpp.objcpp; path = AppDelegate.mm; sourceTree = "<group>"; };
		BBAFD90E191FCD0000FF7733 /* Base */ = {isa = PBXFileReference; lastKnownFileType = file.storyboard; name = Base; path = Base.lproj/Main_iPhone.storyboard; sourceTree = "<group>"; };
		BBAFD911191FCD0000FF7733 /* Base */ = {isa = PBXFileReference; lastKnownFileType = file.storyboard; name = Base; path = Base.lproj/Main_iPad.storyboard; sourceTree = "<group>"; };
		BBAFD913191FCD0000FF7733 /* FirstViewController.h */ = {isa = PBXFileReference; lastKnownFileType = sourcecode.c.h; path = FirstViewController.h; sourceTree = "<group>"; };
		BBAFD914191FCD0000FF7733 /* FirstViewController.mm */ = {isa = PBXFileReference; lastKnownFileType = sourcecode.cpp.objcpp; path = FirstViewController.mm; sourceTree = "<group>"; };
		BBAFD919191FCD0000FF7733 /* Images.xcassets */ = {isa = PBXFileReference; lastKnownFileType = folder.assetcatalog; path = Images.xcassets; sourceTree = "<group>"; };
		BBAFD91F191FCD0000FF7733 /* RemoteUITests.xctest */ = {isa = PBXFileReference; explicitFileType = wrapper.cfbundle; includeInIndex = 0; path = RemoteUITests.xctest; sourceTree = BUILT_PRODUCTS_DIR; };
		BBAFD920191FCD0000FF7733 /* XCTest.framework */ = {isa = PBXFileReference; lastKnownFileType = wrapper.framework; name = XCTest.framework; path = Library/Frameworks/XCTest.framework; sourceTree = DEVELOPER_DIR; };
		BBAFD928191FCD0100FF7733 /* RemoteUITests-Info.plist */ = {isa = PBXFileReference; lastKnownFileType = text.plist.xml; path = "RemoteUITests-Info.plist"; sourceTree = "<group>"; };
		BBAFD92A191FCD0100FF7733 /* en */ = {isa = PBXFileReference; lastKnownFileType = text.plist.strings; name = en; path = en.lproj/InfoPlist.strings; sourceTree = "<group>"; };
		BBAFD9D6191FD11100FF7733 /* dirent_vs.h */ = {isa = PBXFileReference; fileEncoding = 4; lastKnownFileType = sourcecode.c.h; name = dirent_vs.h; path = ../src/dirent_vs.h; sourceTree = "<group>"; };
		BBAFD9D7191FD11100FF7733 /* ofxRemoteUI.cpp */ = {isa = PBXFileReference; fileEncoding = 4; lastKnownFileType = sourcecode.cpp.cpp; name = ofxRemoteUI.cpp; path = ../src/ofxRemoteUI.cpp; sourceTree = "<group>"; };
		BBAFD9D8191FD11100FF7733 /* ofxRemoteUI.h */ = {isa = PBXFileReference; fileEncoding = 4; lastKnownFileType = sourcecode.c.h; name = ofxRemoteUI.h; path = ../src/ofxRemoteUI.h; sourceTree = "<group>"; };
		BBAFD9D9191FD11100FF7733 /* ofxRemoteUIClient.cpp */ = {isa = PBXFileReference; fileEncoding = 4; lastKnownFileType = sourcecode.cpp.cpp; name = ofxRemoteUIClient.cpp; path = ../src/ofxRemoteUIClient.cpp; sourceTree = "<group>"; };
		BBAFD9DA191FD11100FF7733 /* ofxRemoteUIClient.h */ = {isa = PBXFileReference; fileEncoding = 4; lastKnownFileType = sourcecode.c.h; name = ofxRemoteUIClient.h; path = ../src/ofxRemoteUIClient.h; sourceTree = "<group>"; };
		BBAFD9DB191FD11100FF7733 /* ofxRemoteUINeigbors.cpp */ = {isa = PBXFileReference; fileEncoding = 4; lastKnownFileType = sourcecode.cpp.cpp; name = ofxRemoteUINeigbors.cpp; path = ../src/ofxRemoteUINeigbors.cpp; sourceTree = "<group>"; };
		BBAFD9DC191FD11100FF7733 /* ofxRemoteUINeigbors.h */ = {isa = PBXFileReference; fileEncoding = 4; lastKnownFileType = sourcecode.c.h; name = ofxRemoteUINeigbors.h; path = ../src/ofxRemoteUINeigbors.h; sourceTree = "<group>"; };
		BBAFD9DD191FD11100FF7733 /* RemoteParam.h */ = {isa = PBXFileReference; fileEncoding = 4; lastKnownFileType = sourcecode.c.h; name = RemoteParam.h; path = ../src/RemoteParam.h; sourceTree = "<group>"; };
		BBAFD9DE191FD11100FF7733 /* uriencode.h */ = {isa = PBXFileReference; fileEncoding = 4; lastKnownFileType = sourcecode.c.h; name = uriencode.h; path = ../src/uriencode.h; sourceTree = "<group>"; };
		BBAFD9E2191FD11800FF7733 /* ofStolenUtils.cpp */ = {isa = PBXFileReference; fileEncoding = 4; lastKnownFileType = sourcecode.cpp.cpp; name = ofStolenUtils.cpp; path = ../noOFLibs/ofStolenUtils.cpp; sourceTree = "<group>"; };
		BBAFD9E3191FD11800FF7733 /* ofStolenUtils.h */ = {isa = PBXFileReference; fileEncoding = 4; lastKnownFileType = sourcecode.c.h; name = ofStolenUtils.h; path = ../noOFLibs/ofStolenUtils.h; sourceTree = "<group>"; };
		BBAFD9E9191FD11800FF7733 /* IpEndpointName.cpp */ = {isa = PBXFileReference; fileEncoding = 4; lastKnownFileType = sourcecode.cpp.cpp; path = IpEndpointName.cpp; sourceTree = "<group>"; };
		BBAFD9EA191FD11800FF7733 /* IpEndpointName.h */ = {isa = PBXFileReference; fileEncoding = 4; lastKnownFileType = sourcecode.c.h; path = IpEndpointName.h; sourceTree = "<group>"; };
		BBAFD9EB191FD11800FF7733 /* NetworkingUtils.h */ = {isa = PBXFileReference; fileEncoding = 4; lastKnownFileType = sourcecode.c.h; path = NetworkingUtils.h; sourceTree = "<group>"; };
		BBAFD9EC191FD11800FF7733 /* PacketListener.h */ = {isa = PBXFileReference; fileEncoding = 4; lastKnownFileType = sourcecode.c.h; path = PacketListener.h; sourceTree = "<group>"; };
		BBAFD9EE191FD11800FF7733 /* NetworkingUtils.cpp */ = {isa = PBXFileReference; fileEncoding = 4; lastKnownFileType = sourcecode.cpp.cpp; path = NetworkingUtils.cpp; sourceTree = "<group>"; };
		BBAFD9EF191FD11800FF7733 /* UdpSocket.cpp */ = {isa = PBXFileReference; fileEncoding = 4; lastKnownFileType = sourcecode.cpp.cpp; path = UdpSocket.cpp; sourceTree = "<group>"; };
		BBAFD9F0191FD11800FF7733 /* TimerListener.h */ = {isa = PBXFileReference; fileEncoding = 4; lastKnownFileType = sourcecode.c.h; path = TimerListener.h; sourceTree = "<group>"; };
		BBAFD9F1191FD11800FF7733 /* UdpSocket.h */ = {isa = PBXFileReference; fileEncoding = 4; lastKnownFileType = sourcecode.c.h; path = UdpSocket.h; sourceTree = "<group>"; };
		BBAFD9F3191FD11800FF7733 /* NetworkingUtilsWin.cpp */ = {isa = PBXFileReference; fileEncoding = 4; lastKnownFileType = sourcecode.cpp.cpp; path = NetworkingUtilsWin.cpp; sourceTree = "<group>"; };
		BBAFD9F4191FD11800FF7733 /* UdpSocketWin.cpp */ = {isa = PBXFileReference; fileEncoding = 4; lastKnownFileType = sourcecode.cpp.cpp; path = UdpSocketWin.cpp; sourceTree = "<group>"; };
		BBAFD9F6191FD11800FF7733 /* MessageMappingOscPacketListener.h */ = {isa = PBXFileReference; fileEncoding = 4; lastKnownFileType = sourcecode.c.h; path = MessageMappingOscPacketListener.h; sourceTree = "<group>"; };
		BBAFD9F7191FD11800FF7733 /* OscException.h */ = {isa = PBXFileReference; fileEncoding = 4; lastKnownFileType = sourcecode.c.h; path = OscException.h; sourceTree = "<group>"; };
		BBAFD9F8191FD11800FF7733 /* OscHostEndianness.h */ = {isa = PBXFileReference; fileEncoding = 4; lastKnownFileType = sourcecode.c.h; path = OscHostEndianness.h; sourceTree = "<group>"; };
		BBAFD9F9191FD11800FF7733 /* OscOutboundPacketStream.cpp */ = {isa = PBXFileReference; fileEncoding = 4; lastKnownFileType = sourcecode.cpp.cpp; path = OscOutboundPacketStream.cpp; sourceTree = "<group>"; };
		BBAFD9FA191FD11800FF7733 /* OscOutboundPacketStream.h */ = {isa = PBXFileReference; fileEncoding = 4; lastKnownFileType = sourcecode.c.h; path = OscOutboundPacketStream.h; sourceTree = "<group>"; };
		BBAFD9FB191FD11800FF7733 /* OscPacketListener.h */ = {isa = PBXFileReference; fileEncoding = 4; lastKnownFileType = sourcecode.c.h; path = OscPacketListener.h; sourceTree = "<group>"; };
		BBAFD9FC191FD11800FF7733 /* OscPrintReceivedElements.cpp */ = {isa = PBXFileReference; fileEncoding = 4; lastKnownFileType = sourcecode.cpp.cpp; path = OscPrintReceivedElements.cpp; sourceTree = "<group>"; };
		BBAFD9FD191FD11800FF7733 /* OscPrintReceivedElements.h */ = {isa = PBXFileReference; fileEncoding = 4; lastKnownFileType = sourcecode.c.h; path = OscPrintReceivedElements.h; sourceTree = "<group>"; };
		BBAFD9FE191FD11800FF7733 /* OscReceivedElements.cpp */ = {isa = PBXFileReference; fileEncoding = 4; lastKnownFileType = sourcecode.cpp.cpp; path = OscReceivedElements.cpp; sourceTree = "<group>"; };
		BBAFD9FF191FD11800FF7733 /* OscReceivedElements.h */ = {isa = PBXFileReference; fileEncoding = 4; lastKnownFileType = sourcecode.c.h; path = OscReceivedElements.h; sourceTree = "<group>"; };
		BBAFDA00191FD11800FF7733 /* OscTypes.cpp */ = {isa = PBXFileReference; fileEncoding = 4; lastKnownFileType = sourcecode.cpp.cpp; path = OscTypes.cpp; sourceTree = "<group>"; };
		BBAFDA01191FD11800FF7733 /* OscTypes.h */ = {isa = PBXFileReference; fileEncoding = 4; lastKnownFileType = sourcecode.c.h; path = OscTypes.h; sourceTree = "<group>"; };
		BBAFDA02191FD11800FF7733 /* ofxOsc Readme.txt */ = {isa = PBXFileReference; fileEncoding = 4; lastKnownFileType = text; path = "ofxOsc Readme.txt"; sourceTree = "<group>"; };
		BBAFDA04191FD11800FF7733 /* ofxOsc.h */ = {isa = PBXFileReference; fileEncoding = 4; lastKnownFileType = sourcecode.c.h; path = ofxOsc.h; sourceTree = "<group>"; };
		BBAFDA05191FD11800FF7733 /* ofxOscArg.h */ = {isa = PBXFileReference; fileEncoding = 4; lastKnownFileType = sourcecode.c.h; path = ofxOscArg.h; sourceTree = "<group>"; };
		BBAFDA06191FD11800FF7733 /* ofxOscBundle.cpp */ = {isa = PBXFileReference; fileEncoding = 4; lastKnownFileType = sourcecode.cpp.cpp; path = ofxOscBundle.cpp; sourceTree = "<group>"; };
		BBAFDA07191FD11800FF7733 /* ofxOscBundle.h */ = {isa = PBXFileReference; fileEncoding = 4; lastKnownFileType = sourcecode.c.h; path = ofxOscBundle.h; sourceTree = "<group>"; };
		BBAFDA08191FD11800FF7733 /* ofxOscMessage.cpp */ = {isa = PBXFileReference; fileEncoding = 4; lastKnownFileType = sourcecode.cpp.cpp; path = ofxOscMessage.cpp; sourceTree = "<group>"; };
		BBAFDA09191FD11800FF7733 /* ofxOscMessage.h */ = {isa = PBXFileReference; fileEncoding = 4; lastKnownFileType = sourcecode.c.h; path = ofxOscMessage.h; sourceTree = "<group>"; };
		BBAFDA0A191FD11800FF7733 /* ofxOscReceiver.cpp */ = {isa = PBXFileReference; fileEncoding = 4; lastKnownFileType = sourcecode.cpp.cpp; path = ofxOscReceiver.cpp; sourceTree = "<group>"; };
		BBAFDA0B191FD11800FF7733 /* ofxOscReceiver.h */ = {isa = PBXFileReference; fileEncoding = 4; lastKnownFileType = sourcecode.c.h; path = ofxOscReceiver.h; sourceTree = "<group>"; };
		BBAFDA0C191FD11800FF7733 /* ofxOscSender.cpp */ = {isa = PBXFileReference; fileEncoding = 4; lastKnownFileType = sourcecode.cpp.cpp; path = ofxOscSender.cpp; sourceTree = "<group>"; };
		BBAFDA0D191FD11800FF7733 /* ofxOscSender.h */ = {isa = PBXFileReference; fileEncoding = 4; lastKnownFileType = sourcecode.c.h; path = ofxOscSender.h; sourceTree = "<group>"; };
		BBAFDA10191FD11800FF7733 /* tinyxml.cpp */ = {isa = PBXFileReference; fileEncoding = 4; lastKnownFileType = sourcecode.cpp.cpp; path = tinyxml.cpp; sourceTree = "<group>"; };
		BBAFDA11191FD11800FF7733 /* tinyxml.h */ = {isa = PBXFileReference; fileEncoding = 4; lastKnownFileType = sourcecode.c.h; path = tinyxml.h; sourceTree = "<group>"; };
		BBAFDA12191FD11800FF7733 /* tinyxmlerror.cpp */ = {isa = PBXFileReference; fileEncoding = 4; lastKnownFileType = sourcecode.cpp.cpp; path = tinyxmlerror.cpp; sourceTree = "<group>"; };
		BBAFDA13191FD11800FF7733 /* tinyxmlparser.cpp */ = {isa = PBXFileReference; fileEncoding = 4; lastKnownFileType = sourcecode.cpp.cpp; path = tinyxmlparser.cpp; sourceTree = "<group>"; };
		BBAFDA14191FD11800FF7733 /* ReadMe.txt */ = {isa = PBXFileReference; fileEncoding = 4; lastKnownFileType = text; path = ReadMe.txt; sourceTree = "<group>"; };
		BBAFDA16191FD11800FF7733 /* ofxXmlSettings.cpp */ = {isa = PBXFileReference; fileEncoding = 4; lastKnownFileType = sourcecode.cpp.cpp; path = ofxXmlSettings.cpp; sourceTree = "<group>"; };
		BBAFDA17191FD11800FF7733 /* ofxXmlSettings.h */ = {isa = PBXFileReference; fileEncoding = 4; lastKnownFileType = sourcecode.c.h; path = ofxXmlSettings.h; sourceTree = "<group>"; };
		BBAFDA2C191FD8A200FF7733 /* ParamView_ipad.xib */ = {isa = PBXFileReference; fileEncoding = 4; lastKnownFileType = file.xib; path = ParamView_ipad.xib; sourceTree = "<group>"; };
		BBAFDA2E191FDC2F00FF7733 /* ParamUI.h */ = {isa = PBXFileReference; fileEncoding = 4; lastKnownFileType = sourcecode.c.h; path = ParamUI.h; sourceTree = "<group>"; };
		BBAFDA2F191FDC2F00FF7733 /* ParamUI.mm */ = {isa = PBXFileReference; fileEncoding = 4; lastKnownFileType = sourcecode.cpp.objcpp; path = ParamUI.mm; sourceTree = "<group>"; };
		BBAFDA311920084700FF7733 /* NSStringAdditions.h */ = {isa = PBXFileReference; fileEncoding = 4; lastKnownFileType = sourcecode.c.h; path = NSStringAdditions.h; sourceTree = "<group>"; };
		BBAFDA321920084700FF7733 /* NSStringAdditions.mm */ = {isa = PBXFileReference; fileEncoding = 4; lastKnownFileType = sourcecode.cpp.objcpp; path = NSStringAdditions.mm; sourceTree = "<group>"; };
/* End PBXFileReference section */

/* Begin PBXFrameworksBuildPhase section */
		BBAFD8F5191FCD0000FF7733 /* Frameworks */ = {
			isa = PBXFrameworksBuildPhase;
			buildActionMask = 2147483647;
			files = (
				BBAFD8FE191FCD0000FF7733 /* CoreGraphics.framework in Frameworks */,
				BBAFD900191FCD0000FF7733 /* UIKit.framework in Frameworks */,
				BBAFD8FC191FCD0000FF7733 /* Foundation.framework in Frameworks */,
			);
			runOnlyForDeploymentPostprocessing = 0;
		};
		BBAFD91C191FCD0000FF7733 /* Frameworks */ = {
			isa = PBXFrameworksBuildPhase;
			buildActionMask = 2147483647;
			files = (
				BBAFD921191FCD0000FF7733 /* XCTest.framework in Frameworks */,
				BBAFD923191FCD0000FF7733 /* UIKit.framework in Frameworks */,
				BBAFD922191FCD0000FF7733 /* Foundation.framework in Frameworks */,
			);
			runOnlyForDeploymentPostprocessing = 0;
		};
/* End PBXFrameworksBuildPhase section */

/* Begin PBXGroup section */
		BBAFD8EF191FCD0000FF7733 = {
			isa = PBXGroup;
			children = (
				BBAFD9C5191FD05B00FF7733 /* ofxRemoteUI */,
				BBAFD97A191FD03300FF7733 /* noOFLibs */,
				BBAFD901191FCD0000FF7733 /* RemoteUI Client */,
				BBAFD927191FCD0100FF7733 /* Supporting Files */,
				BBAFD8FA191FCD0000FF7733 /* Frameworks */,
				BBAFD8F9191FCD0000FF7733 /* Products */,
			);
			sourceTree = "<group>";
		};
		BBAFD8F9191FCD0000FF7733 /* Products */ = {
			isa = PBXGroup;
			children = (
				BBAFD8F8191FCD0000FF7733 /* RemoteUI.app */,
				BBAFD91F191FCD0000FF7733 /* RemoteUITests.xctest */,
			);
			name = Products;
			sourceTree = "<group>";
		};
		BBAFD8FA191FCD0000FF7733 /* Frameworks */ = {
			isa = PBXGroup;
			children = (
				BBAFD8FB191FCD0000FF7733 /* Foundation.framework */,
				BBAFD8FD191FCD0000FF7733 /* CoreGraphics.framework */,
				BBAFD8FF191FCD0000FF7733 /* UIKit.framework */,
				BBAFD920191FCD0000FF7733 /* XCTest.framework */,
			);
			name = Frameworks;
			sourceTree = "<group>";
		};
		BBAFD901191FCD0000FF7733 /* RemoteUI Client */ = {
			isa = PBXGroup;
			children = (
				BBAFDA3419200A3300FF7733 /* utils */,
				BBAFD913191FCD0000FF7733 /* FirstViewController.h */,
				BBAFD914191FCD0000FF7733 /* FirstViewController.mm */,
				BBAFDA2E191FDC2F00FF7733 /* ParamUI.h */,
				BBAFDA2F191FDC2F00FF7733 /* ParamUI.mm */,
				BBAFD90D191FCD0000FF7733 /* Main_iPhone.storyboard */,
				BBAFD910191FCD0000FF7733 /* Main_iPad.storyboard */,
				BBAFDA2C191FD8A200FF7733 /* ParamView_ipad.xib */,
				BBAFD919191FCD0000FF7733 /* Images.xcassets */,
				BBAFD902191FCD0000FF7733 /* Supporting Files */,
			);
			name = "RemoteUI Client";
			path = RemoteUIClient;
			sourceTree = "<group>";
		};
		BBAFD902191FCD0000FF7733 /* Supporting Files */ = {
			isa = PBXGroup;
			children = (
				BBAFD903191FCD0000FF7733 /* RemoteUI-Info.plist */,
				BBAFD904191FCD0000FF7733 /* InfoPlist.strings */,
				BBAFD907191FCD0000FF7733 /* main.m */,
				BBAFD909191FCD0000FF7733 /* RemoteUI-Prefix.pch */,
			);
			name = "Supporting Files";
			sourceTree = "<group>";
		};
		BBAFD927191FCD0100FF7733 /* Supporting Files */ = {
			isa = PBXGroup;
			children = (
				BBAFD928191FCD0100FF7733 /* RemoteUITests-Info.plist */,
				BBAFD929191FCD0100FF7733 /* InfoPlist.strings */,
			);
			name = "Supporting Files";
			path = RemoteUIClientTests;
			sourceTree = "<group>";
		};
		BBAFD97A191FD03300FF7733 /* noOFLibs */ = {
			isa = PBXGroup;
			children = (
				BBAFD9E2191FD11800FF7733 /* ofStolenUtils.cpp */,
				BBAFD9E3191FD11800FF7733 /* ofStolenUtils.h */,
				BBAFD9E4191FD11800FF7733 /* ofxOsc */,
				BBAFDA0E191FD11800FF7733 /* ofxXmlSettings */,
			);
			name = noOFLibs;
			sourceTree = "<group>";
		};
		BBAFD9C5191FD05B00FF7733 /* ofxRemoteUI */ = {
			isa = PBXGroup;
			children = (
				BBAFD9D6191FD11100FF7733 /* dirent_vs.h */,
				BBAFD9D7191FD11100FF7733 /* ofxRemoteUI.cpp */,
				BBAFD9D8191FD11100FF7733 /* ofxRemoteUI.h */,
				BBAFD9D9191FD11100FF7733 /* ofxRemoteUIClient.cpp */,
				BBAFD9DA191FD11100FF7733 /* ofxRemoteUIClient.h */,
				BBAFD9DB191FD11100FF7733 /* ofxRemoteUINeigbors.cpp */,
				BBAFD9DC191FD11100FF7733 /* ofxRemoteUINeigbors.h */,
				BBAFD9DD191FD11100FF7733 /* RemoteParam.h */,
				BB7F71AA19A4596E0012DA98 /* uriencode.cpp */,
				BBAFD9DE191FD11100FF7733 /* uriencode.h */,
			);
			name = ofxRemoteUI;
			sourceTree = "<group>";
		};
		BBAFD9E4191FD11800FF7733 /* ofxOsc */ = {
			isa = PBXGroup;
			children = (
				BBAFD9E5191FD11800FF7733 /* libs */,
				BBAFDA02191FD11800FF7733 /* ofxOsc Readme.txt */,
				BBAFDA03191FD11800FF7733 /* src */,
			);
			name = ofxOsc;
			path = ../noOFLibs/ofxOsc;
			sourceTree = "<group>";
		};
		BBAFD9E5191FD11800FF7733 /* libs */ = {
			isa = PBXGroup;
			children = (
				BBAFD9E6191FD11800FF7733 /* oscpack */,
			);
			path = libs;
			sourceTree = "<group>";
		};
		BBAFD9E6191FD11800FF7733 /* oscpack */ = {
			isa = PBXGroup;
			children = (
				BBAFD9E7191FD11800FF7733 /* src */,
			);
			path = oscpack;
			sourceTree = "<group>";
		};
		BBAFD9E7191FD11800FF7733 /* src */ = {
			isa = PBXGroup;
			children = (
				BBAFD9E8191FD11800FF7733 /* ip */,
				BBAFD9F5191FD11800FF7733 /* osc */,
			);
			path = src;
			sourceTree = "<group>";
		};
		BBAFD9E8191FD11800FF7733 /* ip */ = {
			isa = PBXGroup;
			children = (
				BBAFD9E9191FD11800FF7733 /* IpEndpointName.cpp */,
				BBAFD9EA191FD11800FF7733 /* IpEndpointName.h */,
				BBAFD9EB191FD11800FF7733 /* NetworkingUtils.h */,
				BBAFD9EC191FD11800FF7733 /* PacketListener.h */,
				BBAFD9ED191FD11800FF7733 /* posix */,
				BBAFD9F0191FD11800FF7733 /* TimerListener.h */,
				BBAFD9F1191FD11800FF7733 /* UdpSocket.h */,
				BBAFD9F2191FD11800FF7733 /* win32 */,
			);
			path = ip;
			sourceTree = "<group>";
		};
		BBAFD9ED191FD11800FF7733 /* posix */ = {
			isa = PBXGroup;
			children = (
				BBAFD9EE191FD11800FF7733 /* NetworkingUtils.cpp */,
				BBAFD9EF191FD11800FF7733 /* UdpSocket.cpp */,
			);
			path = posix;
			sourceTree = "<group>";
		};
		BBAFD9F2191FD11800FF7733 /* win32 */ = {
			isa = PBXGroup;
			children = (
				BBAFD9F3191FD11800FF7733 /* NetworkingUtilsWin.cpp */,
				BBAFD9F4191FD11800FF7733 /* UdpSocketWin.cpp */,
			);
			path = win32;
			sourceTree = "<group>";
		};
		BBAFD9F5191FD11800FF7733 /* osc */ = {
			isa = PBXGroup;
			children = (
				BBAFD9F6191FD11800FF7733 /* MessageMappingOscPacketListener.h */,
				BBAFD9F7191FD11800FF7733 /* OscException.h */,
				BBAFD9F8191FD11800FF7733 /* OscHostEndianness.h */,
				BBAFD9F9191FD11800FF7733 /* OscOutboundPacketStream.cpp */,
				BBAFD9FA191FD11800FF7733 /* OscOutboundPacketStream.h */,
				BBAFD9FB191FD11800FF7733 /* OscPacketListener.h */,
				BBAFD9FC191FD11800FF7733 /* OscPrintReceivedElements.cpp */,
				BBAFD9FD191FD11800FF7733 /* OscPrintReceivedElements.h */,
				BBAFD9FE191FD11800FF7733 /* OscReceivedElements.cpp */,
				BBAFD9FF191FD11800FF7733 /* OscReceivedElements.h */,
				BBAFDA00191FD11800FF7733 /* OscTypes.cpp */,
				BBAFDA01191FD11800FF7733 /* OscTypes.h */,
			);
			path = osc;
			sourceTree = "<group>";
		};
		BBAFDA03191FD11800FF7733 /* src */ = {
			isa = PBXGroup;
			children = (
				BBAFDA04191FD11800FF7733 /* ofxOsc.h */,
				BBAFDA05191FD11800FF7733 /* ofxOscArg.h */,
				BBAFDA06191FD11800FF7733 /* ofxOscBundle.cpp */,
				BBAFDA07191FD11800FF7733 /* ofxOscBundle.h */,
				BBAFDA08191FD11800FF7733 /* ofxOscMessage.cpp */,
				BBAFDA09191FD11800FF7733 /* ofxOscMessage.h */,
				BBAFDA0A191FD11800FF7733 /* ofxOscReceiver.cpp */,
				BBAFDA0B191FD11800FF7733 /* ofxOscReceiver.h */,
				BBAFDA0C191FD11800FF7733 /* ofxOscSender.cpp */,
				BBAFDA0D191FD11800FF7733 /* ofxOscSender.h */,
			);
			path = src;
			sourceTree = "<group>";
		};
		BBAFDA0E191FD11800FF7733 /* ofxXmlSettings */ = {
			isa = PBXGroup;
			children = (
				BBAFDA0F191FD11800FF7733 /* libs */,
				BBAFDA14191FD11800FF7733 /* ReadMe.txt */,
				BBAFDA15191FD11800FF7733 /* src */,
			);
			name = ofxXmlSettings;
			path = ../noOFLibs/ofxXmlSettings;
			sourceTree = "<group>";
		};
		BBAFDA0F191FD11800FF7733 /* libs */ = {
			isa = PBXGroup;
			children = (
				BBAFDA10191FD11800FF7733 /* tinyxml.cpp */,
				BBAFDA11191FD11800FF7733 /* tinyxml.h */,
				BBAFDA12191FD11800FF7733 /* tinyxmlerror.cpp */,
				BBAFDA13191FD11800FF7733 /* tinyxmlparser.cpp */,
			);
			path = libs;
			sourceTree = "<group>";
		};
		BBAFDA15191FD11800FF7733 /* src */ = {
			isa = PBXGroup;
			children = (
				BBAFDA16191FD11800FF7733 /* ofxXmlSettings.cpp */,
				BBAFDA17191FD11800FF7733 /* ofxXmlSettings.h */,
			);
			path = src;
			sourceTree = "<group>";
		};
		BBAFDA3419200A3300FF7733 /* utils */ = {
			isa = PBXGroup;
			children = (
				BBAFDA311920084700FF7733 /* NSStringAdditions.h */,
				BBAFDA321920084700FF7733 /* NSStringAdditions.mm */,
				BBAFD90A191FCD0000FF7733 /* AppDelegate.h */,
				BBAFD90B191FCD0000FF7733 /* AppDelegate.mm */,
			);
			name = utils;
			sourceTree = "<group>";
		};
/* End PBXGroup section */

/* Begin PBXNativeTarget section */
		BBAFD8F7191FCD0000FF7733 /* RemoteUI */ = {
			isa = PBXNativeTarget;
			buildConfigurationList = BBAFD930191FCD0100FF7733 /* Build configuration list for PBXNativeTarget "RemoteUI" */;
			buildPhases = (
				BBAFD8F4191FCD0000FF7733 /* Sources */,
				BBAFD8F5191FCD0000FF7733 /* Frameworks */,
				BBAFD8F6191FCD0000FF7733 /* Resources */,
			);
			buildRules = (
			);
			dependencies = (
			);
			name = RemoteUI;
			productName = RemoteUIClient;
			productReference = BBAFD8F8191FCD0000FF7733 /* RemoteUI.app */;
			productType = "com.apple.product-type.application";
		};
		BBAFD91E191FCD0000FF7733 /* RemoteUITests */ = {
			isa = PBXNativeTarget;
			buildConfigurationList = BBAFD933191FCD0100FF7733 /* Build configuration list for PBXNativeTarget "RemoteUITests" */;
			buildPhases = (
				BBAFD91B191FCD0000FF7733 /* Sources */,
				BBAFD91C191FCD0000FF7733 /* Frameworks */,
				BBAFD91D191FCD0000FF7733 /* Resources */,
			);
			buildRules = (
			);
			dependencies = (
				BBAFD925191FCD0000FF7733 /* PBXTargetDependency */,
			);
			name = RemoteUITests;
			productName = RemoteUIClientTests;
			productReference = BBAFD91F191FCD0000FF7733 /* RemoteUITests.xctest */;
			productType = "com.apple.product-type.bundle.unit-test";
		};
/* End PBXNativeTarget section */

/* Begin PBXProject section */
		BBAFD8F0191FCD0000FF7733 /* Project object */ = {
			isa = PBXProject;
			attributes = {
				LastUpgradeCheck = 0510;
				ORGANIZATIONNAME = "Oriol Ferrer Mesià";
				TargetAttributes = {
					BBAFD8F7191FCD0000FF7733 = {
						DevelopmentTeam = W2H3W29D9P;
					};
					BBAFD91E191FCD0000FF7733 = {
						TestTargetID = BBAFD8F7191FCD0000FF7733;
					};
				};
			};
			buildConfigurationList = BBAFD8F3191FCD0000FF7733 /* Build configuration list for PBXProject "RemoteUI" */;
			compatibilityVersion = "Xcode 3.2";
			developmentRegion = English;
			hasScannedForEncodings = 0;
			knownRegions = (
				en,
				Base,
			);
			mainGroup = BBAFD8EF191FCD0000FF7733;
			productRefGroup = BBAFD8F9191FCD0000FF7733 /* Products */;
			projectDirPath = "";
			projectRoot = "";
			targets = (
				BBAFD8F7191FCD0000FF7733 /* RemoteUI */,
				BBAFD91E191FCD0000FF7733 /* RemoteUITests */,
			);
		};
/* End PBXProject section */

/* Begin PBXResourcesBuildPhase section */
		BBAFD8F6191FCD0000FF7733 /* Resources */ = {
			isa = PBXResourcesBuildPhase;
			buildActionMask = 2147483647;
			files = (
				BBAFDA22191FD11800FF7733 /* ofxOsc Readme.txt in Resources */,
				BBAFD912191FCD0000FF7733 /* Main_iPad.storyboard in Resources */,
				BBAFD91A191FCD0000FF7733 /* Images.xcassets in Resources */,
				BBAFD90F191FCD0000FF7733 /* Main_iPhone.storyboard in Resources */,
				BBAFDA2D191FD8A200FF7733 /* ParamView_ipad.xib in Resources */,
				BBAFDA2A191FD11800FF7733 /* ReadMe.txt in Resources */,
				BBAFD906191FCD0000FF7733 /* InfoPlist.strings in Resources */,
			);
			runOnlyForDeploymentPostprocessing = 0;
		};
		BBAFD91D191FCD0000FF7733 /* Resources */ = {
			isa = PBXResourcesBuildPhase;
			buildActionMask = 2147483647;
			files = (
				BBAFD92B191FCD0100FF7733 /* InfoPlist.strings in Resources */,
			);
			runOnlyForDeploymentPostprocessing = 0;
		};
/* End PBXResourcesBuildPhase section */

/* Begin PBXSourcesBuildPhase section */
		BBAFD8F4191FCD0000FF7733 /* Sources */ = {
			isa = PBXSourcesBuildPhase;
			buildActionMask = 2147483647;
			files = (
				BB7F71AB19A4596E0012DA98 /* uriencode.cpp in Sources */,
				BBAFDA20191FD11800FF7733 /* OscReceivedElements.cpp in Sources */,
				BBAFDA1A191FD11800FF7733 /* NetworkingUtils.cpp in Sources */,
				BBAFDA2B191FD11800FF7733 /* ofxXmlSettings.cpp in Sources */,
				BBAFDA1F191FD11800FF7733 /* OscPrintReceivedElements.cpp in Sources */,
				BBAFDA29191FD11800FF7733 /* tinyxmlparser.cpp in Sources */,
				BBAFDA1B191FD11800FF7733 /* UdpSocket.cpp in Sources */,
				BBAFDA27191FD11800FF7733 /* tinyxml.cpp in Sources */,
				BBAFDA1E191FD11800FF7733 /* OscOutboundPacketStream.cpp in Sources */,
				BBAFDA25191FD11800FF7733 /* ofxOscReceiver.cpp in Sources */,
				BBAFD90C191FCD0000FF7733 /* AppDelegate.mm in Sources */,
				BBAFD9E0191FD11100FF7733 /* ofxRemoteUIClient.cpp in Sources */,
				BBAFD9E1191FD11100FF7733 /* ofxRemoteUINeigbors.cpp in Sources */,
				BBAFDA23191FD11800FF7733 /* ofxOscBundle.cpp in Sources */,
				BBAFDA331920084700FF7733 /* NSStringAdditions.mm in Sources */,
				BBAFD915191FCD0000FF7733 /* FirstViewController.mm in Sources */,
				BBAFDA26191FD11800FF7733 /* ofxOscSender.cpp in Sources */,
				BBAFDA18191FD11800FF7733 /* ofStolenUtils.cpp in Sources */,
				BBAFDA24191FD11800FF7733 /* ofxOscMessage.cpp in Sources */,
				BBAFDA21191FD11800FF7733 /* OscTypes.cpp in Sources */,
				BBAFD908191FCD0000FF7733 /* main.m in Sources */,
				BBAFDA19191FD11800FF7733 /* IpEndpointName.cpp in Sources */,
				BBAFDA1C191FD11800FF7733 /* NetworkingUtilsWin.cpp in Sources */,
				BBAFDA28191FD11800FF7733 /* tinyxmlerror.cpp in Sources */,
				BBAFD9DF191FD11100FF7733 /* ofxRemoteUI.cpp in Sources */,
				BBAFDA30191FDC2F00FF7733 /* ParamUI.mm in Sources */,
				BBAFDA1D191FD11800FF7733 /* UdpSocketWin.cpp in Sources */,
			);
			runOnlyForDeploymentPostprocessing = 0;
		};
		BBAFD91B191FCD0000FF7733 /* Sources */ = {
			isa = PBXSourcesBuildPhase;
			buildActionMask = 2147483647;
			files = (
			);
			runOnlyForDeploymentPostprocessing = 0;
		};
/* End PBXSourcesBuildPhase section */

/* Begin PBXTargetDependency section */
		BBAFD925191FCD0000FF7733 /* PBXTargetDependency */ = {
			isa = PBXTargetDependency;
			target = BBAFD8F7191FCD0000FF7733 /* RemoteUI */;
			targetProxy = BBAFD924191FCD0000FF7733 /* PBXContainerItemProxy */;
		};
/* End PBXTargetDependency section */

/* Begin PBXVariantGroup section */
		BBAFD904191FCD0000FF7733 /* InfoPlist.strings */ = {
			isa = PBXVariantGroup;
			children = (
				BBAFD905191FCD0000FF7733 /* en */,
			);
			name = InfoPlist.strings;
			sourceTree = "<group>";
		};
		BBAFD90D191FCD0000FF7733 /* Main_iPhone.storyboard */ = {
			isa = PBXVariantGroup;
			children = (
				BBAFD90E191FCD0000FF7733 /* Base */,
			);
			name = Main_iPhone.storyboard;
			sourceTree = "<group>";
		};
		BBAFD910191FCD0000FF7733 /* Main_iPad.storyboard */ = {
			isa = PBXVariantGroup;
			children = (
				BBAFD911191FCD0000FF7733 /* Base */,
			);
			name = Main_iPad.storyboard;
			sourceTree = "<group>";
		};
		BBAFD929191FCD0100FF7733 /* InfoPlist.strings */ = {
			isa = PBXVariantGroup;
			children = (
				BBAFD92A191FCD0100FF7733 /* en */,
			);
			name = InfoPlist.strings;
			sourceTree = "<group>";
		};
/* End PBXVariantGroup section */

/* Begin XCBuildConfiguration section */
		BBAFD92E191FCD0100FF7733 /* Debug */ = {
			isa = XCBuildConfiguration;
			buildSettings = {
				ALWAYS_SEARCH_USER_PATHS = NO;
				CLANG_CXX_LANGUAGE_STANDARD = "gnu++0x";
				CLANG_CXX_LIBRARY = "libc++";
				CLANG_ENABLE_MODULES = YES;
				CLANG_ENABLE_OBJC_ARC = YES;
				CLANG_WARN_BOOL_CONVERSION = YES;
				CLANG_WARN_CONSTANT_CONVERSION = YES;
				CLANG_WARN_DIRECT_OBJC_ISA_USAGE = YES_ERROR;
				CLANG_WARN_EMPTY_BODY = YES;
				CLANG_WARN_ENUM_CONVERSION = YES;
				CLANG_WARN_INT_CONVERSION = YES;
				CLANG_WARN_OBJC_ROOT_CLASS = YES_ERROR;
				CLANG_WARN__DUPLICATE_METHOD_MATCH = YES;
				"CODE_SIGN_IDENTITY[sdk=iphoneos*]" = "iPhone Developer";
				COPY_PHASE_STRIP = NO;
				GCC_C_LANGUAGE_STANDARD = gnu99;
				GCC_DYNAMIC_NO_PIC = NO;
				GCC_OPTIMIZATION_LEVEL = 0;
				GCC_PREPROCESSOR_DEFINITIONS = (
					"DEBUG=1",
					"$(inherited)",
				);
				GCC_SYMBOLS_PRIVATE_EXTERN = NO;
				GCC_WARN_64_TO_32_BIT_CONVERSION = YES;
				GCC_WARN_ABOUT_RETURN_TYPE = YES_ERROR;
				GCC_WARN_UNDECLARED_SELECTOR = YES;
				GCC_WARN_UNINITIALIZED_AUTOS = YES_AGGRESSIVE;
				GCC_WARN_UNUSED_FUNCTION = YES;
				GCC_WARN_UNUSED_VARIABLE = YES;
				IPHONEOS_DEPLOYMENT_TARGET = 7.1;
				ONLY_ACTIVE_ARCH = YES;
				SDKROOT = iphoneos;
				TARGETED_DEVICE_FAMILY = "1,2";
			};
			name = Debug;
		};
		BBAFD92F191FCD0100FF7733 /* Release */ = {
			isa = XCBuildConfiguration;
			buildSettings = {
				ALWAYS_SEARCH_USER_PATHS = NO;
				CLANG_CXX_LANGUAGE_STANDARD = "gnu++0x";
				CLANG_CXX_LIBRARY = "libc++";
				CLANG_ENABLE_MODULES = YES;
				CLANG_ENABLE_OBJC_ARC = YES;
				CLANG_WARN_BOOL_CONVERSION = YES;
				CLANG_WARN_CONSTANT_CONVERSION = YES;
				CLANG_WARN_DIRECT_OBJC_ISA_USAGE = YES_ERROR;
				CLANG_WARN_EMPTY_BODY = YES;
				CLANG_WARN_ENUM_CONVERSION = YES;
				CLANG_WARN_INT_CONVERSION = YES;
				CLANG_WARN_OBJC_ROOT_CLASS = YES_ERROR;
				CLANG_WARN__DUPLICATE_METHOD_MATCH = YES;
				"CODE_SIGN_IDENTITY[sdk=iphoneos*]" = "iPhone Developer";
				COPY_PHASE_STRIP = YES;
				ENABLE_NS_ASSERTIONS = NO;
				GCC_C_LANGUAGE_STANDARD = gnu99;
				GCC_WARN_64_TO_32_BIT_CONVERSION = YES;
				GCC_WARN_ABOUT_RETURN_TYPE = YES_ERROR;
				GCC_WARN_UNDECLARED_SELECTOR = YES;
				GCC_WARN_UNINITIALIZED_AUTOS = YES_AGGRESSIVE;
				GCC_WARN_UNUSED_FUNCTION = YES;
				GCC_WARN_UNUSED_VARIABLE = YES;
				IPHONEOS_DEPLOYMENT_TARGET = 7.1;
				SDKROOT = iphoneos;
				TARGETED_DEVICE_FAMILY = "1,2";
				VALIDATE_PRODUCT = YES;
			};
			name = Release;
		};
		BBAFD931191FCD0100FF7733 /* Debug */ = {
			isa = XCBuildConfiguration;
			buildSettings = {
				ASSETCATALOG_COMPILER_APPICON_NAME = AppIcon;
				ASSETCATALOG_COMPILER_LAUNCHIMAGE_NAME = LaunchImage;
				CODE_SIGN_IDENTITY = "iPhone Developer";
				"CODE_SIGN_IDENTITY[sdk=iphoneos*]" = "iPhone Developer";
				GCC_PRECOMPILE_PREFIX_HEADER = YES;
				GCC_PREFIX_HEADER = "RemoteUIClient/RemoteUI-Prefix.pch";
				HEADER_SEARCH_PATHS = (
					"$(inherited)",
					/Applications/Xcode.app/Contents/Developer/Toolchains/XcodeDefault.xctoolchain/usr/include,
					../noOFLibs/ofxOsc/libs,
					../noOFLibs/ofxOsc/libs/oscpack,
					../noOFLibs/ofxOsc/libs/oscpack/src,
					../noOFLibs/ofxOsc/libs/oscpack/src/ip,
					../noOFLibs/ofxOsc/libs/oscpack/src/ip/posix,
					../noOFLibs/ofxOsc/libs/oscpack/src/osc,
					../noOFLibs/ofxOsc/src,
				);
				INFOPLIST_FILE = "RemoteUIClient/RemoteUI-Info.plist";
				IPHONEOS_DEPLOYMENT_TARGET = 7.0;
				PRODUCT_NAME = RemoteUI;
				PROVISIONING_PROFILE = "";
				WRAPPER_EXTENSION = app;
			};
			name = Debug;
		};
		BBAFD932191FCD0100FF7733 /* Release */ = {
			isa = XCBuildConfiguration;
			buildSettings = {
				ASSETCATALOG_COMPILER_APPICON_NAME = AppIcon;
				ASSETCATALOG_COMPILER_LAUNCHIMAGE_NAME = LaunchImage;
				CODE_SIGN_IDENTITY = "iPhone Developer";
				"CODE_SIGN_IDENTITY[sdk=iphoneos*]" = "iPhone Developer";
				GCC_PRECOMPILE_PREFIX_HEADER = YES;
				GCC_PREFIX_HEADER = "RemoteUIClient/RemoteUI-Prefix.pch";
				HEADER_SEARCH_PATHS = (
					"$(inherited)",
					/Applications/Xcode.app/Contents/Developer/Toolchains/XcodeDefault.xctoolchain/usr/include,
					../noOFLibs/ofxOsc/libs,
					../noOFLibs/ofxOsc/libs/oscpack,
					../noOFLibs/ofxOsc/libs/oscpack/src,
					../noOFLibs/ofxOsc/libs/oscpack/src/ip,
					../noOFLibs/ofxOsc/libs/oscpack/src/ip/posix,
					../noOFLibs/ofxOsc/libs/oscpack/src/osc,
					../noOFLibs/ofxOsc/src,
				);
				INFOPLIST_FILE = "RemoteUIClient/RemoteUI-Info.plist";
				IPHONEOS_DEPLOYMENT_TARGET = 7.0;
				PRODUCT_NAME = RemoteUI;
				PROVISIONING_PROFILE = "";
				WRAPPER_EXTENSION = app;
			};
			name = Release;
		};
		BBAFD934191FCD0100FF7733 /* Debug */ = {
			isa = XCBuildConfiguration;
			buildSettings = {
				BUNDLE_LOADER = "$(BUILT_PRODUCTS_DIR)/RemoteUIClient.app/RemoteUIClient";
				FRAMEWORK_SEARCH_PATHS = (
					"$(SDKROOT)/Developer/Library/Frameworks",
					"$(inherited)",
					"$(DEVELOPER_FRAMEWORKS_DIR)",
				);
				GCC_PRECOMPILE_PREFIX_HEADER = YES;
				GCC_PREFIX_HEADER = "RemoteUIClient/RemoteUIClient-Prefix.pch";
				GCC_PREPROCESSOR_DEFINITIONS = (
					"DEBUG=1",
					"$(inherited)",
				);
				INFOPLIST_FILE = "RemoteUIClientTests/RemoteUITests-Info.plist";
				PRODUCT_NAME = RemoteUITests;
				TEST_HOST = "$(BUNDLE_LOADER)";
				WRAPPER_EXTENSION = xctest;
			};
			name = Debug;
		};
		BBAFD935191FCD0100FF7733 /* Release */ = {
			isa = XCBuildConfiguration;
			buildSettings = {
				BUNDLE_LOADER = "$(BUILT_PRODUCTS_DIR)/RemoteUIClient.app/RemoteUIClient";
				FRAMEWORK_SEARCH_PATHS = (
					"$(SDKROOT)/Developer/Library/Frameworks",
					"$(inherited)",
					"$(DEVELOPER_FRAMEWORKS_DIR)",
				);
				GCC_PRECOMPILE_PREFIX_HEADER = YES;
				GCC_PREFIX_HEADER = "RemoteUIClient/RemoteUIClient-Prefix.pch";
				INFOPLIST_FILE = "RemoteUIClientTests/RemoteUITests-Info.plist";
				PRODUCT_NAME = RemoteUITests;
				TEST_HOST = "$(BUNDLE_LOADER)";
				WRAPPER_EXTENSION = xctest;
			};
			name = Release;
		};
/* End XCBuildConfiguration section */

/* Begin XCConfigurationList section */
		BBAFD8F3191FCD0000FF7733 /* Build configuration list for PBXProject "RemoteUI" */ = {
			isa = XCConfigurationList;
			buildConfigurations = (
				BBAFD92E191FCD0100FF7733 /* Debug */,
				BBAFD92F191FCD0100FF7733 /* Release */,
			);
			defaultConfigurationIsVisible = 0;
			defaultConfigurationName = Release;
		};
		BBAFD930191FCD0100FF7733 /* Build configuration list for PBXNativeTarget "RemoteUI" */ = {
			isa = XCConfigurationList;
			buildConfigurations = (
				BBAFD931191FCD0100FF7733 /* Debug */,
				BBAFD932191FCD0100FF7733 /* Release */,
			);
			defaultConfigurationIsVisible = 0;
			defaultConfigurationName = Release;
		};
		BBAFD933191FCD0100FF7733 /* Build configuration list for PBXNativeTarget "RemoteUITests" */ = {
			isa = XCConfigurationList;
			buildConfigurations = (
				BBAFD934191FCD0100FF7733 /* Debug */,
				BBAFD935191FCD0100FF7733 /* Release */,
			);
			defaultConfigurationIsVisible = 0;
			defaultConfigurationName = Release;
		};
/* End XCConfigurationList section */
	};
	rootObject = BBAFD8F0191FCD0000FF7733 /* Project object */;
}
