// !$*UTF8*$!
{
	archiveVersion = 1;
	classes = {
	};
	objectVersion = 46;
	objects = {

/* Begin PBXAggregateTarget section */
		BBF2EB8A182B972B0030BCF1 /* Versioning */ = {
			isa = PBXAggregateTarget;
			buildConfigurationList = BBF2EB8B182B972C0030BCF1 /* Build configuration list for PBXAggregateTarget "Versioning" */;
			buildPhases = (
				BBF2EB90182B97720030BCF1 /* ShellScript */,
			);
			dependencies = (
			);
			name = Versioning;
			productName = Versioning;
		};
/* End PBXAggregateTarget section */

/* Begin PBXBuildFile section */
		73002CDB140ABCF60035299A /* Cocoa.framework in Frameworks */ = {isa = PBXBuildFile; fileRef = 73002CDA140ABCF60035299A /* Cocoa.framework */; };
		BB395E96173E6326002FA815 /* QuartzCore.framework in Frameworks */ = {isa = PBXBuildFile; fileRef = BB395E95173E6326002FA815 /* QuartzCore.framework */; };
		BB3AACC417BD647300401E86 /* ColoredNSWindow.m in Sources */ = {isa = PBXBuildFile; fileRef = BB3AACC317BD647300401E86 /* ColoredNSWindow.m */; };
		BB5CC60C177E49D500B595F8 /* IpEndpointName.cpp in Sources */ = {isa = PBXBuildFile; fileRef = BB5CC5DD177E49D500B595F8 /* IpEndpointName.cpp */; };
		BB5CC60D177E49D500B595F8 /* NetworkingUtils.cpp in Sources */ = {isa = PBXBuildFile; fileRef = BB5CC5E2177E49D500B595F8 /* NetworkingUtils.cpp */; };
		BB5CC60E177E49D500B595F8 /* UdpSocket.cpp in Sources */ = {isa = PBXBuildFile; fileRef = BB5CC5E3177E49D500B595F8 /* UdpSocket.cpp */; };
		BB5CC60F177E49D500B595F8 /* NetworkingUtilsWin.cpp in Sources */ = {isa = PBXBuildFile; fileRef = BB5CC5E7177E49D500B595F8 /* NetworkingUtilsWin.cpp */; };
		BB5CC610177E49D500B595F8 /* UdpSocketWin.cpp in Sources */ = {isa = PBXBuildFile; fileRef = BB5CC5E8177E49D500B595F8 /* UdpSocketWin.cpp */; };
		BB5CC611177E49D500B595F8 /* OscOutboundPacketStream.cpp in Sources */ = {isa = PBXBuildFile; fileRef = BB5CC5ED177E49D500B595F8 /* OscOutboundPacketStream.cpp */; };
		BB5CC612177E49D500B595F8 /* OscPrintReceivedElements.cpp in Sources */ = {isa = PBXBuildFile; fileRef = BB5CC5F0177E49D500B595F8 /* OscPrintReceivedElements.cpp */; };
		BB5CC613177E49D500B595F8 /* OscReceivedElements.cpp in Sources */ = {isa = PBXBuildFile; fileRef = BB5CC5F2177E49D500B595F8 /* OscReceivedElements.cpp */; };
		BB5CC614177E49D500B595F8 /* OscTypes.cpp in Sources */ = {isa = PBXBuildFile; fileRef = BB5CC5F4177E49D500B595F8 /* OscTypes.cpp */; };
		BB5CC616177E49D500B595F8 /* ofxOscBundle.cpp in Sources */ = {isa = PBXBuildFile; fileRef = BB5CC5FA177E49D500B595F8 /* ofxOscBundle.cpp */; };
		BB5CC617177E49D500B595F8 /* ofxOscMessage.cpp in Sources */ = {isa = PBXBuildFile; fileRef = BB5CC5FC177E49D500B595F8 /* ofxOscMessage.cpp */; };
		BB5CC618177E49D500B595F8 /* ofxOscReceiver.cpp in Sources */ = {isa = PBXBuildFile; fileRef = BB5CC5FE177E49D500B595F8 /* ofxOscReceiver.cpp */; };
		BB5CC619177E49D500B595F8 /* ofxOscSender.cpp in Sources */ = {isa = PBXBuildFile; fileRef = BB5CC600177E49D500B595F8 /* ofxOscSender.cpp */; };
		BB5CC61A177E49D500B595F8 /* tinyxml.cpp in Sources */ = {isa = PBXBuildFile; fileRef = BB5CC604177E49D500B595F8 /* tinyxml.cpp */; };
		BB5CC61B177E49D500B595F8 /* tinyxmlerror.cpp in Sources */ = {isa = PBXBuildFile; fileRef = BB5CC606177E49D500B595F8 /* tinyxmlerror.cpp */; };
		BB5CC61C177E49D500B595F8 /* tinyxmlparser.cpp in Sources */ = {isa = PBXBuildFile; fileRef = BB5CC607177E49D500B595F8 /* tinyxmlparser.cpp */; };
		BB5CC61E177E49D500B595F8 /* ofxXmlSettings.cpp in Sources */ = {isa = PBXBuildFile; fileRef = BB5CC60A177E49D500B595F8 /* ofxXmlSettings.cpp */; };
		BB65837B16A315B2000B45F0 /* icon.icns in Resources */ = {isa = PBXBuildFile; fileRef = BB65837A16A315B2000B45F0 /* icon.icns */; };
		BB6CC35D174698DE0043F523 /* MyScrollView.m in Sources */ = {isa = PBXBuildFile; fileRef = BB6CC35C174698DE0043F523 /* MyScrollView.m */; };
		BB7EA611184B89DC00048F7A /* RestartXcodeApp.scptd in Resources */ = {isa = PBXBuildFile; fileRef = BB7EA610184B89DC00048F7A /* RestartXcodeApp.scptd */; };
		BB7EA613184B91CD00048F7A /* openAccessibility.scpt in Resources */ = {isa = PBXBuildFile; fileRef = BB7EA612184B91CD00048F7A /* openAccessibility.scpt */; };
		BB8776E917C99B3700CC74B8 /* NSColorStringExtension.m in Sources */ = {isa = PBXBuildFile; fileRef = BB8776E817C99B3700CC74B8 /* NSColorStringExtension.m */; };
		BB94E57F17464E1800A7A3CC /* View.xib in Resources */ = {isa = PBXBuildFile; fileRef = BB94E57D17464E1800A7A3CC /* View.xib */; };
		BB94E5AE17468EAE00A7A3CC /* ColorView.m in Sources */ = {isa = PBXBuildFile; fileRef = BB94E5AD17468EAE00A7A3CC /* ColorView.m */; };
		BBAF53C41800C9CC0055A481 /* warning@2x.png in Resources */ = {isa = PBXBuildFile; fileRef = BBAF53C21800C9CC0055A481 /* warning@2x.png */; };
		BBAF53C51800C9CC0055A481 /* warning.png in Resources */ = {isa = PBXBuildFile; fileRef = BBAF53C31800C9CC0055A481 /* warning.png */; };
		BBB1D0021851E54B0015D282 /* VVMIDI.framework in Frameworks */ = {isa = PBXBuildFile; fileRef = BBB1D0011851E54B0015D282 /* VVMIDI.framework */; };
		BBB1D0031851E59D0015D282 /* VVMIDI.framework in CopyFiles */ = {isa = PBXBuildFile; fileRef = BBB1D0011851E54B0015D282 /* VVMIDI.framework */; };
		BBB1D0051851E7FC0015D282 /* VVBasics.framework in Frameworks */ = {isa = PBXBuildFile; fileRef = BBB1D0041851E7FC0015D282 /* VVBasics.framework */; };
		BBB1D0061851E8020015D282 /* VVBasics.framework in CopyFiles */ = {isa = PBXBuildFile; fileRef = BBB1D0041851E7FC0015D282 /* VVBasics.framework */; };
		BBB1F6FB1749003B00992119 /* connected.png in Resources */ = {isa = PBXBuildFile; fileRef = BBB1F6F91749003B00992119 /* connected.png */; };
		BBB1F6FC1749003B00992119 /* connected@2x.png in Resources */ = {isa = PBXBuildFile; fileRef = BBB1F6FA1749003B00992119 /* connected@2x.png */; };
		BBB1F6FE174900D100992119 /* offline@2x.png in Resources */ = {isa = PBXBuildFile; fileRef = BBB1F6FD174900D100992119 /* offline@2x.png */; };
		BBC38584179736CB007E2DD1 /* Growl.framework in Frameworks */ = {isa = PBXBuildFile; fileRef = BBC38583179736CB007E2DD1 /* Growl.framework */; };
		BBC385861797377C007E2DD1 /* Growl Registration Ticket.growlRegDict in Resources */ = {isa = PBXBuildFile; fileRef = BBC385851797377C007E2DD1 /* Growl Registration Ticket.growlRegDict */; };
		BBC385881797385C007E2DD1 /* Growl.framework in CopyFiles */ = {isa = PBXBuildFile; fileRef = BBC38583179736CB007E2DD1 /* Growl.framework */; };
		BBD3270F173BFFF200D59359 /* ofxRemoteUIClient.cpp in Sources */ = {isa = PBXBuildFile; fileRef = BBAAAFA7173BF54B00FE94C4 /* ofxRemoteUIClient.cpp */; };
		BBDCBDE416A0512300F1C5EC /* Credits.rtf in Resources */ = {isa = PBXBuildFile; fileRef = BBDCBDDE16A0512300F1C5EC /* Credits.rtf */; };
		BBDCBDE516A0512300F1C5EC /* InfoPlist.strings in Resources */ = {isa = PBXBuildFile; fileRef = BBDCBDE016A0512300F1C5EC /* InfoPlist.strings */; };
		BBDCBDE616A0512300F1C5EC /* MainMenu.xib in Resources */ = {isa = PBXBuildFile; fileRef = BBDCBDE216A0512300F1C5EC /* MainMenu.xib */; };
		BBDCBDF716A051B000F1C5EC /* ofxRemoteUI.cpp in Sources */ = {isa = PBXBuildFile; fileRef = BBDCBDF516A051B000F1C5EC /* ofxRemoteUI.cpp */; };
		BBDCBDF816A0523200F1C5EC /* AppDelegate.mm in Sources */ = {isa = PBXBuildFile; fileRef = BBDCBDE816A0513D00F1C5EC /* AppDelegate.mm */; };
		BBDCBDF916A0523500F1C5EC /* ParamUI.mm in Sources */ = {isa = PBXBuildFile; fileRef = BBDCBDEA16A0513D00F1C5EC /* ParamUI.mm */; };
		BBDCBDFB16A0523A00F1C5EC /* main.m in Sources */ = {isa = PBXBuildFile; fileRef = BBDCBDED16A0513D00F1C5EC /* main.m */; };
		BBE6075A16A466A7002F1707 /* offline.png in Resources */ = {isa = PBXBuildFile; fileRef = BBE6075716A466A7002F1707 /* offline.png */; };
		BBEE7856182302FF00D93161 /* ofxRemoteUINeigbors.cpp in Sources */ = {isa = PBXBuildFile; fileRef = BBEE7854182302FF00D93161 /* ofxRemoteUINeigbors.cpp */; };
/* End PBXBuildFile section */

/* Begin PBXContainerItemProxy section */
		BBF2EB8E182B975D0030BCF1 /* PBXContainerItemProxy */ = {
			isa = PBXContainerItemProxy;
			containerPortal = 73002CCD140ABCF60035299A /* Project object */;
			proxyType = 1;
			remoteGlobalIDString = BBF2EB8A182B972B0030BCF1;
			remoteInfo = Versioning;
		};
/* End PBXContainerItemProxy section */

/* Begin PBXCopyFilesBuildPhase section */
		BBC3858717973857007E2DD1 /* CopyFiles */ = {
			isa = PBXCopyFilesBuildPhase;
			buildActionMask = 2147483647;
			dstPath = "";
			dstSubfolderSpec = 10;
			files = (
				BBC385881797385C007E2DD1 /* Growl.framework in CopyFiles */,
				BBB1D0061851E8020015D282 /* VVBasics.framework in CopyFiles */,
				BBB1D0031851E59D0015D282 /* VVMIDI.framework in CopyFiles */,
			);
			runOnlyForDeploymentPostprocessing = 0;
		};
/* End PBXCopyFilesBuildPhase section */

/* Begin PBXFileReference section */
		73002CD6140ABCF60035299A /* ofxRemoteUIClientOSX.app */ = {isa = PBXFileReference; explicitFileType = wrapper.application; includeInIndex = 0; path = ofxRemoteUIClientOSX.app; sourceTree = BUILT_PRODUCTS_DIR; };
		73002CDA140ABCF60035299A /* Cocoa.framework */ = {isa = PBXFileReference; lastKnownFileType = wrapper.framework; name = Cocoa.framework; path = System/Library/Frameworks/Cocoa.framework; sourceTree = SDKROOT; };
		73002CDD140ABCF60035299A /* AppKit.framework */ = {isa = PBXFileReference; lastKnownFileType = wrapper.framework; name = AppKit.framework; path = System/Library/Frameworks/AppKit.framework; sourceTree = SDKROOT; };
		73002CDE140ABCF60035299A /* CoreData.framework */ = {isa = PBXFileReference; lastKnownFileType = wrapper.framework; name = CoreData.framework; path = System/Library/Frameworks/CoreData.framework; sourceTree = SDKROOT; };
		73002CDF140ABCF60035299A /* Foundation.framework */ = {isa = PBXFileReference; lastKnownFileType = wrapper.framework; name = Foundation.framework; path = System/Library/Frameworks/Foundation.framework; sourceTree = SDKROOT; };
		BB0C16FC18292645008C7D8B /* GitCommitNumber.h */ = {isa = PBXFileReference; fileEncoding = 4; lastKnownFileType = sourcecode.c.h; path = GitCommitNumber.h; sourceTree = "<group>"; };
		BB395E95173E6326002FA815 /* QuartzCore.framework */ = {isa = PBXFileReference; lastKnownFileType = wrapper.framework; name = QuartzCore.framework; path = Platforms/MacOSX.platform/Developer/SDKs/MacOSX10.7.sdk/System/Library/Frameworks/QuartzCore.framework; sourceTree = DEVELOPER_DIR; };
		BB3AACC217BD647300401E86 /* ColoredNSWindow.h */ = {isa = PBXFileReference; fileEncoding = 4; lastKnownFileType = sourcecode.c.h; path = ColoredNSWindow.h; sourceTree = "<group>"; };
		BB3AACC317BD647300401E86 /* ColoredNSWindow.m */ = {isa = PBXFileReference; fileEncoding = 4; lastKnownFileType = sourcecode.c.objc; path = ColoredNSWindow.m; sourceTree = "<group>"; };
		BB4B54F0177FAD5D004838E4 /* ToDo.txt */ = {isa = PBXFileReference; lastKnownFileType = text; path = ToDo.txt; sourceTree = "<group>"; };
		BB5CC5D7177E49D500B595F8 /* ofStolenUtils.h */ = {isa = PBXFileReference; fileEncoding = 4; lastKnownFileType = sourcecode.c.h; path = ofStolenUtils.h; sourceTree = "<group>"; };
		BB5CC5DD177E49D500B595F8 /* IpEndpointName.cpp */ = {isa = PBXFileReference; fileEncoding = 4; lastKnownFileType = sourcecode.cpp.cpp; path = IpEndpointName.cpp; sourceTree = "<group>"; };
		BB5CC5DE177E49D500B595F8 /* IpEndpointName.h */ = {isa = PBXFileReference; fileEncoding = 4; lastKnownFileType = sourcecode.c.h; path = IpEndpointName.h; sourceTree = "<group>"; };
		BB5CC5DF177E49D500B595F8 /* NetworkingUtils.h */ = {isa = PBXFileReference; fileEncoding = 4; lastKnownFileType = sourcecode.c.h; path = NetworkingUtils.h; sourceTree = "<group>"; };
		BB5CC5E0177E49D500B595F8 /* PacketListener.h */ = {isa = PBXFileReference; fileEncoding = 4; lastKnownFileType = sourcecode.c.h; path = PacketListener.h; sourceTree = "<group>"; };
		BB5CC5E2177E49D500B595F8 /* NetworkingUtils.cpp */ = {isa = PBXFileReference; fileEncoding = 4; lastKnownFileType = sourcecode.cpp.cpp; path = NetworkingUtils.cpp; sourceTree = "<group>"; };
		BB5CC5E3177E49D500B595F8 /* UdpSocket.cpp */ = {isa = PBXFileReference; fileEncoding = 4; lastKnownFileType = sourcecode.cpp.cpp; path = UdpSocket.cpp; sourceTree = "<group>"; };
		BB5CC5E4177E49D500B595F8 /* TimerListener.h */ = {isa = PBXFileReference; fileEncoding = 4; lastKnownFileType = sourcecode.c.h; path = TimerListener.h; sourceTree = "<group>"; };
		BB5CC5E5177E49D500B595F8 /* UdpSocket.h */ = {isa = PBXFileReference; fileEncoding = 4; lastKnownFileType = sourcecode.c.h; path = UdpSocket.h; sourceTree = "<group>"; };
		BB5CC5E7177E49D500B595F8 /* NetworkingUtilsWin.cpp */ = {isa = PBXFileReference; fileEncoding = 4; lastKnownFileType = sourcecode.cpp.cpp; path = NetworkingUtilsWin.cpp; sourceTree = "<group>"; };
		BB5CC5E8177E49D500B595F8 /* UdpSocketWin.cpp */ = {isa = PBXFileReference; fileEncoding = 4; lastKnownFileType = sourcecode.cpp.cpp; path = UdpSocketWin.cpp; sourceTree = "<group>"; };
		BB5CC5EA177E49D500B595F8 /* MessageMappingOscPacketListener.h */ = {isa = PBXFileReference; fileEncoding = 4; lastKnownFileType = sourcecode.c.h; path = MessageMappingOscPacketListener.h; sourceTree = "<group>"; };
		BB5CC5EB177E49D500B595F8 /* OscException.h */ = {isa = PBXFileReference; fileEncoding = 4; lastKnownFileType = sourcecode.c.h; path = OscException.h; sourceTree = "<group>"; };
		BB5CC5EC177E49D500B595F8 /* OscHostEndianness.h */ = {isa = PBXFileReference; fileEncoding = 4; lastKnownFileType = sourcecode.c.h; path = OscHostEndianness.h; sourceTree = "<group>"; };
		BB5CC5ED177E49D500B595F8 /* OscOutboundPacketStream.cpp */ = {isa = PBXFileReference; fileEncoding = 4; lastKnownFileType = sourcecode.cpp.cpp; path = OscOutboundPacketStream.cpp; sourceTree = "<group>"; };
		BB5CC5EE177E49D500B595F8 /* OscOutboundPacketStream.h */ = {isa = PBXFileReference; fileEncoding = 4; lastKnownFileType = sourcecode.c.h; path = OscOutboundPacketStream.h; sourceTree = "<group>"; };
		BB5CC5EF177E49D500B595F8 /* OscPacketListener.h */ = {isa = PBXFileReference; fileEncoding = 4; lastKnownFileType = sourcecode.c.h; path = OscPacketListener.h; sourceTree = "<group>"; };
		BB5CC5F0177E49D500B595F8 /* OscPrintReceivedElements.cpp */ = {isa = PBXFileReference; fileEncoding = 4; lastKnownFileType = sourcecode.cpp.cpp; path = OscPrintReceivedElements.cpp; sourceTree = "<group>"; };
		BB5CC5F1177E49D500B595F8 /* OscPrintReceivedElements.h */ = {isa = PBXFileReference; fileEncoding = 4; lastKnownFileType = sourcecode.c.h; path = OscPrintReceivedElements.h; sourceTree = "<group>"; };
		BB5CC5F2177E49D500B595F8 /* OscReceivedElements.cpp */ = {isa = PBXFileReference; fileEncoding = 4; lastKnownFileType = sourcecode.cpp.cpp; path = OscReceivedElements.cpp; sourceTree = "<group>"; };
		BB5CC5F3177E49D500B595F8 /* OscReceivedElements.h */ = {isa = PBXFileReference; fileEncoding = 4; lastKnownFileType = sourcecode.c.h; path = OscReceivedElements.h; sourceTree = "<group>"; };
		BB5CC5F4177E49D500B595F8 /* OscTypes.cpp */ = {isa = PBXFileReference; fileEncoding = 4; lastKnownFileType = sourcecode.cpp.cpp; path = OscTypes.cpp; sourceTree = "<group>"; };
		BB5CC5F5177E49D500B595F8 /* OscTypes.h */ = {isa = PBXFileReference; fileEncoding = 4; lastKnownFileType = sourcecode.c.h; path = OscTypes.h; sourceTree = "<group>"; };
		BB5CC5F6177E49D500B595F8 /* ofxOsc Readme.txt */ = {isa = PBXFileReference; fileEncoding = 4; lastKnownFileType = text; path = "ofxOsc Readme.txt"; sourceTree = "<group>"; };
		BB5CC5F8177E49D500B595F8 /* ofxOsc.h */ = {isa = PBXFileReference; fileEncoding = 4; lastKnownFileType = sourcecode.c.h; path = ofxOsc.h; sourceTree = "<group>"; };
		BB5CC5F9177E49D500B595F8 /* ofxOscArg.h */ = {isa = PBXFileReference; fileEncoding = 4; lastKnownFileType = sourcecode.c.h; path = ofxOscArg.h; sourceTree = "<group>"; };
		BB5CC5FA177E49D500B595F8 /* ofxOscBundle.cpp */ = {isa = PBXFileReference; fileEncoding = 4; lastKnownFileType = sourcecode.cpp.cpp; path = ofxOscBundle.cpp; sourceTree = "<group>"; };
		BB5CC5FB177E49D500B595F8 /* ofxOscBundle.h */ = {isa = PBXFileReference; fileEncoding = 4; lastKnownFileType = sourcecode.c.h; path = ofxOscBundle.h; sourceTree = "<group>"; };
		BB5CC5FC177E49D500B595F8 /* ofxOscMessage.cpp */ = {isa = PBXFileReference; fileEncoding = 4; lastKnownFileType = sourcecode.cpp.cpp; path = ofxOscMessage.cpp; sourceTree = "<group>"; };
		BB5CC5FD177E49D500B595F8 /* ofxOscMessage.h */ = {isa = PBXFileReference; fileEncoding = 4; lastKnownFileType = sourcecode.c.h; path = ofxOscMessage.h; sourceTree = "<group>"; };
		BB5CC5FE177E49D500B595F8 /* ofxOscReceiver.cpp */ = {isa = PBXFileReference; fileEncoding = 4; lastKnownFileType = sourcecode.cpp.cpp; path = ofxOscReceiver.cpp; sourceTree = "<group>"; };
		BB5CC5FF177E49D500B595F8 /* ofxOscReceiver.h */ = {isa = PBXFileReference; fileEncoding = 4; lastKnownFileType = sourcecode.c.h; path = ofxOscReceiver.h; sourceTree = "<group>"; };
		BB5CC600177E49D500B595F8 /* ofxOscSender.cpp */ = {isa = PBXFileReference; fileEncoding = 4; lastKnownFileType = sourcecode.cpp.cpp; path = ofxOscSender.cpp; sourceTree = "<group>"; };
		BB5CC601177E49D500B595F8 /* ofxOscSender.h */ = {isa = PBXFileReference; fileEncoding = 4; lastKnownFileType = sourcecode.c.h; path = ofxOscSender.h; sourceTree = "<group>"; };
		BB5CC604177E49D500B595F8 /* tinyxml.cpp */ = {isa = PBXFileReference; fileEncoding = 4; lastKnownFileType = sourcecode.cpp.cpp; path = tinyxml.cpp; sourceTree = "<group>"; };
		BB5CC605177E49D500B595F8 /* tinyxml.h */ = {isa = PBXFileReference; fileEncoding = 4; lastKnownFileType = sourcecode.c.h; path = tinyxml.h; sourceTree = "<group>"; };
		BB5CC606177E49D500B595F8 /* tinyxmlerror.cpp */ = {isa = PBXFileReference; fileEncoding = 4; lastKnownFileType = sourcecode.cpp.cpp; path = tinyxmlerror.cpp; sourceTree = "<group>"; };
		BB5CC607177E49D500B595F8 /* tinyxmlparser.cpp */ = {isa = PBXFileReference; fileEncoding = 4; lastKnownFileType = sourcecode.cpp.cpp; path = tinyxmlparser.cpp; sourceTree = "<group>"; };
		BB5CC608177E49D500B595F8 /* ReadMe.txt */ = {isa = PBXFileReference; fileEncoding = 4; lastKnownFileType = text; path = ReadMe.txt; sourceTree = "<group>"; };
		BB5CC60A177E49D500B595F8 /* ofxXmlSettings.cpp */ = {isa = PBXFileReference; fileEncoding = 4; lastKnownFileType = sourcecode.cpp.cpp; path = ofxXmlSettings.cpp; sourceTree = "<group>"; };
		BB5CC60B177E49D500B595F8 /* ofxXmlSettings.h */ = {isa = PBXFileReference; fileEncoding = 4; lastKnownFileType = sourcecode.c.h; path = ofxXmlSettings.h; sourceTree = "<group>"; };
		BB5F5EB01769462600F1FA92 /* uriencode.h */ = {isa = PBXFileReference; lastKnownFileType = sourcecode.c.h; path = uriencode.h; sourceTree = "<group>"; };
		BB65837A16A315B2000B45F0 /* icon.icns */ = {isa = PBXFileReference; lastKnownFileType = image.icns; path = icon.icns; sourceTree = "<group>"; };
		BB6CC35B174698DE0043F523 /* MyScrollView.h */ = {isa = PBXFileReference; fileEncoding = 4; lastKnownFileType = sourcecode.c.h; path = MyScrollView.h; sourceTree = "<group>"; };
		BB6CC35C174698DE0043F523 /* MyScrollView.m */ = {isa = PBXFileReference; fileEncoding = 4; lastKnownFileType = sourcecode.c.objc; path = MyScrollView.m; sourceTree = "<group>"; };
		BB7EA610184B89DC00048F7A /* RestartXcodeApp.scptd */ = {isa = PBXFileReference; lastKnownFileType = wrapper; path = RestartXcodeApp.scptd; sourceTree = "<group>"; };
		BB7EA612184B91CD00048F7A /* openAccessibility.scpt */ = {isa = PBXFileReference; lastKnownFileType = file; path = openAccessibility.scpt; sourceTree = "<group>"; };
		BB8776E717C99B3700CC74B8 /* NSColorStringExtension.h */ = {isa = PBXFileReference; fileEncoding = 4; lastKnownFileType = sourcecode.c.h; path = NSColorStringExtension.h; sourceTree = "<group>"; };
		BB8776E817C99B3700CC74B8 /* NSColorStringExtension.m */ = {isa = PBXFileReference; fileEncoding = 4; lastKnownFileType = sourcecode.c.objc; path = NSColorStringExtension.m; sourceTree = "<group>"; };
		BB94E57E17464E1800A7A3CC /* en */ = {isa = PBXFileReference; lastKnownFileType = file.xib; name = en; path = View.xib; sourceTree = "<group>"; };
		BB94E5AC17468EAE00A7A3CC /* ColorView.h */ = {isa = PBXFileReference; fileEncoding = 4; lastKnownFileType = sourcecode.c.h; path = ColorView.h; sourceTree = "<group>"; };
		BB94E5AD17468EAE00A7A3CC /* ColorView.m */ = {isa = PBXFileReference; fileEncoding = 4; lastKnownFileType = sourcecode.c.objc; path = ColorView.m; sourceTree = "<group>"; };
		BBAAAFA7173BF54B00FE94C4 /* ofxRemoteUIClient.cpp */ = {isa = PBXFileReference; lastKnownFileType = sourcecode.cpp.cpp; path = ofxRemoteUIClient.cpp; sourceTree = "<group>"; };
		BBAAAFA8173BF54B00FE94C4 /* ofxRemoteUIClient.h */ = {isa = PBXFileReference; lastKnownFileType = sourcecode.c.h; path = ofxRemoteUIClient.h; sourceTree = "<group>"; };
		BBAF53C21800C9CC0055A481 /* warning@2x.png */ = {isa = PBXFileReference; lastKnownFileType = image.png; path = "warning@2x.png"; sourceTree = "<group>"; };
		BBAF53C31800C9CC0055A481 /* warning.png */ = {isa = PBXFileReference; lastKnownFileType = image.png; path = warning.png; sourceTree = "<group>"; };
		BBB1D0011851E54B0015D282 /* VVMIDI.framework */ = {isa = PBXFileReference; lastKnownFileType = wrapper.framework; name = VVMIDI.framework; path = ofxRemoteUIClientOSX/VVMIDI.framework; sourceTree = "<group>"; };
		BBB1D0041851E7FC0015D282 /* VVBasics.framework */ = {isa = PBXFileReference; lastKnownFileType = wrapper.framework; name = VVBasics.framework; path = ofxRemoteUIClientOSX/VVBasics.framework; sourceTree = "<group>"; };
		BBB1F6F91749003B00992119 /* connected.png */ = {isa = PBXFileReference; lastKnownFileType = image.png; name = connected.png; path = ofxRemoteUIClientOSX/connected.png; sourceTree = SOURCE_ROOT; };
		BBB1F6FA1749003B00992119 /* connected@2x.png */ = {isa = PBXFileReference; lastKnownFileType = image.png; name = "connected@2x.png"; path = "ofxRemoteUIClientOSX/connected@2x.png"; sourceTree = SOURCE_ROOT; };
		BBB1F6FD174900D100992119 /* offline@2x.png */ = {isa = PBXFileReference; lastKnownFileType = image.png; name = "offline@2x.png"; path = "ofxRemoteUIClientOSX/offline@2x.png"; sourceTree = SOURCE_ROOT; };
		BBC38583179736CB007E2DD1 /* Growl.framework */ = {isa = PBXFileReference; lastKnownFileType = wrapper.framework; path = Growl.framework; sourceTree = "<group>"; };
		BBC385851797377C007E2DD1 /* Growl Registration Ticket.growlRegDict */ = {isa = PBXFileReference; fileEncoding = 4; lastKnownFileType = text.xml; path = "Growl Registration Ticket.growlRegDict"; sourceTree = SOURCE_ROOT; };
		BBDCBDDF16A0512300F1C5EC /* en */ = {isa = PBXFileReference; lastKnownFileType = text.rtf; name = en; path = Credits.rtf; sourceTree = "<group>"; };
		BBDCBDE116A0512300F1C5EC /* en */ = {isa = PBXFileReference; lastKnownFileType = text.plist.strings; name = en; path = InfoPlist.strings; sourceTree = "<group>"; };
		BBDCBDE316A0512300F1C5EC /* en */ = {isa = PBXFileReference; lastKnownFileType = file.xib; name = en; path = MainMenu.xib; sourceTree = "<group>"; };
		BBDCBDE716A0513D00F1C5EC /* AppDelegate.h */ = {isa = PBXFileReference; lastKnownFileType = sourcecode.c.h; name = AppDelegate.h; path = ofxRemoteUIClientOSX/AppDelegate.h; sourceTree = "<group>"; };
		BBDCBDE816A0513D00F1C5EC /* AppDelegate.mm */ = {isa = PBXFileReference; lastKnownFileType = sourcecode.cpp.objcpp; name = AppDelegate.mm; path = ofxRemoteUIClientOSX/AppDelegate.mm; sourceTree = "<group>"; };
		BBDCBDE916A0513D00F1C5EC /* ParamUI.h */ = {isa = PBXFileReference; lastKnownFileType = sourcecode.c.h; name = ParamUI.h; path = ofxRemoteUIClientOSX/ParamUI.h; sourceTree = "<group>"; };
		BBDCBDEA16A0513D00F1C5EC /* ParamUI.mm */ = {isa = PBXFileReference; lastKnownFileType = sourcecode.cpp.objcpp; name = ParamUI.mm; path = ofxRemoteUIClientOSX/ParamUI.mm; sourceTree = "<group>"; };
		BBDCBDED16A0513D00F1C5EC /* main.m */ = {isa = PBXFileReference; lastKnownFileType = sourcecode.c.objc; name = main.m; path = ofxRemoteUIClientOSX/main.m; sourceTree = "<group>"; };
		BBDCBDF516A051B000F1C5EC /* ofxRemoteUI.cpp */ = {isa = PBXFileReference; fileEncoding = 4; lastKnownFileType = sourcecode.cpp.cpp; path = ofxRemoteUI.cpp; sourceTree = "<group>"; };
		BBDCBDF616A051B000F1C5EC /* ofxRemoteUI.h */ = {isa = PBXFileReference; fileEncoding = 4; lastKnownFileType = sourcecode.c.h; path = ofxRemoteUI.h; sourceTree = "<group>"; };
		BBDCBDFC16A0526C00F1C5EC /* ofxRemoteUIClientOSX-Info.plist */ = {isa = PBXFileReference; lastKnownFileType = text.plist.xml; name = "ofxRemoteUIClientOSX-Info.plist"; path = "ofxRemoteUIClientOSX/ofxRemoteUIClientOSX-Info.plist"; sourceTree = SOURCE_ROOT; };
		BBDCBDFD16A0526C00F1C5EC /* ofxRemoteUIClientOSX-Prefix.pch */ = {isa = PBXFileReference; lastKnownFileType = sourcecode.c.h; name = "ofxRemoteUIClientOSX-Prefix.pch"; path = "ofxRemoteUIClientOSX/ofxRemoteUIClientOSX-Prefix.pch"; sourceTree = SOURCE_ROOT; };
		BBDCBE2716A063A400F1C5EC /* ReadMe.txt */ = {isa = PBXFileReference; fileEncoding = 4; lastKnownFileType = text; path = ReadMe.txt; sourceTree = "<group>"; };
		BBE6075716A466A7002F1707 /* offline.png */ = {isa = PBXFileReference; lastKnownFileType = image.png; name = offline.png; path = ofxRemoteUIClientOSX/offline.png; sourceTree = SOURCE_ROOT; };
		BBEE7854182302FF00D93161 /* ofxRemoteUINeigbors.cpp */ = {isa = PBXFileReference; fileEncoding = 4; lastKnownFileType = sourcecode.cpp.cpp; path = ofxRemoteUINeigbors.cpp; sourceTree = "<group>"; };
		BBEE7855182302FF00D93161 /* ofxRemoteUINeigbors.h */ = {isa = PBXFileReference; fileEncoding = 4; lastKnownFileType = sourcecode.c.h; path = ofxRemoteUINeigbors.h; sourceTree = "<group>"; };
		BBFB932A17785ECC00A5E741 /* RemoteParam.h */ = {isa = PBXFileReference; lastKnownFileType = sourcecode.c.h; path = RemoteParam.h; sourceTree = "<group>"; };
/* End PBXFileReference section */

/* Begin PBXFrameworksBuildPhase section */
		73002CD3140ABCF60035299A /* Frameworks */ = {
			isa = PBXFrameworksBuildPhase;
			buildActionMask = 2147483647;
			files = (
				BB395E96173E6326002FA815 /* QuartzCore.framework in Frameworks */,
				73002CDB140ABCF60035299A /* Cocoa.framework in Frameworks */,
				BBC38584179736CB007E2DD1 /* Growl.framework in Frameworks */,
				BBB1D0051851E7FC0015D282 /* VVBasics.framework in Frameworks */,
				BBB1D0021851E54B0015D282 /* VVMIDI.framework in Frameworks */,
			);
			runOnlyForDeploymentPostprocessing = 0;
		};
/* End PBXFrameworksBuildPhase section */

/* Begin PBXGroup section */
		73002CCB140ABCF60035299A = {
			isa = PBXGroup;
			children = (
				BB4B54F0177FAD5D004838E4 /* ToDo.txt */,
				BB5CC5D6177E49D500B595F8 /* noOFLibs */,
				BBDCBE2716A063A400F1C5EC /* ReadMe.txt */,
				BB65837A16A315B2000B45F0 /* icon.icns */,
				BBDCBDF216A051A900F1C5EC /* ofxRemoteUI */,
				BB4E4413169F291B00A94935 /* src */,
				BB089AC11799C437009C4BC7 /* Resources */,
				73002CD9140ABCF60035299A /* Frameworks */,
				73002CD7140ABCF60035299A /* Products */,
			);
			sourceTree = "<group>";
		};
		73002CD7140ABCF60035299A /* Products */ = {
			isa = PBXGroup;
			children = (
				73002CD6140ABCF60035299A /* ofxRemoteUIClientOSX.app */,
			);
			name = Products;
			sourceTree = "<group>";
		};
		73002CD9140ABCF60035299A /* Frameworks */ = {
			isa = PBXGroup;
			children = (
				BBB1D0041851E7FC0015D282 /* VVBasics.framework */,
				BBB1D0011851E54B0015D282 /* VVMIDI.framework */,
				BBC38583179736CB007E2DD1 /* Growl.framework */,
				BB395E95173E6326002FA815 /* QuartzCore.framework */,
				73002CDA140ABCF60035299A /* Cocoa.framework */,
				73002CDC140ABCF60035299A /* Other Frameworks */,
			);
			name = Frameworks;
			sourceTree = "<group>";
		};
		73002CDC140ABCF60035299A /* Other Frameworks */ = {
			isa = PBXGroup;
			children = (
				73002CDD140ABCF60035299A /* AppKit.framework */,
				73002CDE140ABCF60035299A /* CoreData.framework */,
				73002CDF140ABCF60035299A /* Foundation.framework */,
			);
			name = "Other Frameworks";
			sourceTree = "<group>";
		};
		73002CE1140ABCF60035299A /* Supporting Files */ = {
			isa = PBXGroup;
			children = (
				BBDCBDFD16A0526C00F1C5EC /* ofxRemoteUIClientOSX-Prefix.pch */,
			);
			name = "Supporting Files";
			path = LionTableViewTesting;
			sourceTree = "<group>";
		};
		BB089AC11799C437009C4BC7 /* Resources */ = {
			isa = PBXGroup;
			children = (
				BB7EA612184B91CD00048F7A /* openAccessibility.scpt */,
				BB7EA610184B89DC00048F7A /* RestartXcodeApp.scptd */,
				BBDCBDDD16A0512300F1C5EC /* en.lproj */,
				BBC385851797377C007E2DD1 /* Growl Registration Ticket.growlRegDict */,
				BBDCBDFC16A0526C00F1C5EC /* ofxRemoteUIClientOSX-Info.plist */,
				BB089AC21799C45C009C4BC7 /* Images */,
				73002CE1140ABCF60035299A /* Supporting Files */,
			);
			name = Resources;
			sourceTree = "<group>";
		};
		BB089AC21799C45C009C4BC7 /* Images */ = {
			isa = PBXGroup;
			children = (
				BBAF53C21800C9CC0055A481 /* warning@2x.png */,
				BBAF53C31800C9CC0055A481 /* warning.png */,
				BBB1F6F91749003B00992119 /* connected.png */,
				BBB1F6FA1749003B00992119 /* connected@2x.png */,
				BBE6075716A466A7002F1707 /* offline.png */,
				BBB1F6FD174900D100992119 /* offline@2x.png */,
			);
			name = Images;
			sourceTree = "<group>";
		};
		BB4E4413169F291B00A94935 /* src */ = {
			isa = PBXGroup;
			children = (
				BBDCBDED16A0513D00F1C5EC /* main.m */,
				BBDCBDE716A0513D00F1C5EC /* AppDelegate.h */,
				BBDCBDE816A0513D00F1C5EC /* AppDelegate.mm */,
				BBDCBDE916A0513D00F1C5EC /* ParamUI.h */,
				BBDCBDEA16A0513D00F1C5EC /* ParamUI.mm */,
				BB94E5AC17468EAE00A7A3CC /* ColorView.h */,
				BB94E5AD17468EAE00A7A3CC /* ColorView.m */,
				BB6CC35B174698DE0043F523 /* MyScrollView.h */,
				BB6CC35C174698DE0043F523 /* MyScrollView.m */,
				BB8776ED17C9A39100CC74B8 /* ColoredWindow */,
			);
			name = src;
			sourceTree = "<group>";
		};
		BB5CC5D6177E49D500B595F8 /* noOFLibs */ = {
			isa = PBXGroup;
			children = (
				BB5CC5D7177E49D500B595F8 /* ofStolenUtils.h */,
				BB5CC5D8177E49D500B595F8 /* ofxOsc */,
				BB5CC602177E49D500B595F8 /* ofxXmlSettings */,
			);
			name = noOFLibs;
			path = ../noOFLibs;
			sourceTree = "<group>";
		};
		BB5CC5D8177E49D500B595F8 /* ofxOsc */ = {
			isa = PBXGroup;
			children = (
				BB5CC5D9177E49D500B595F8 /* libs */,
				BB5CC5F6177E49D500B595F8 /* ofxOsc Readme.txt */,
				BB5CC5F7177E49D500B595F8 /* src */,
			);
			path = ofxOsc;
			sourceTree = "<group>";
		};
		BB5CC5D9177E49D500B595F8 /* libs */ = {
			isa = PBXGroup;
			children = (
				BB5CC5DA177E49D500B595F8 /* oscpack */,
			);
			path = libs;
			sourceTree = "<group>";
		};
		BB5CC5DA177E49D500B595F8 /* oscpack */ = {
			isa = PBXGroup;
			children = (
				BB5CC5DB177E49D500B595F8 /* src */,
			);
			path = oscpack;
			sourceTree = "<group>";
		};
		BB5CC5DB177E49D500B595F8 /* src */ = {
			isa = PBXGroup;
			children = (
				BB5CC5DC177E49D500B595F8 /* ip */,
				BB5CC5E9177E49D500B595F8 /* osc */,
			);
			path = src;
			sourceTree = "<group>";
		};
		BB5CC5DC177E49D500B595F8 /* ip */ = {
			isa = PBXGroup;
			children = (
				BB5CC5DD177E49D500B595F8 /* IpEndpointName.cpp */,
				BB5CC5DE177E49D500B595F8 /* IpEndpointName.h */,
				BB5CC5DF177E49D500B595F8 /* NetworkingUtils.h */,
				BB5CC5E0177E49D500B595F8 /* PacketListener.h */,
				BB5CC5E1177E49D500B595F8 /* posix */,
				BB5CC5E4177E49D500B595F8 /* TimerListener.h */,
				BB5CC5E5177E49D500B595F8 /* UdpSocket.h */,
				BB5CC5E6177E49D500B595F8 /* win32 */,
			);
			path = ip;
			sourceTree = "<group>";
		};
		BB5CC5E1177E49D500B595F8 /* posix */ = {
			isa = PBXGroup;
			children = (
				BB5CC5E2177E49D500B595F8 /* NetworkingUtils.cpp */,
				BB5CC5E3177E49D500B595F8 /* UdpSocket.cpp */,
			);
			path = posix;
			sourceTree = "<group>";
		};
		BB5CC5E6177E49D500B595F8 /* win32 */ = {
			isa = PBXGroup;
			children = (
				BB5CC5E7177E49D500B595F8 /* NetworkingUtilsWin.cpp */,
				BB5CC5E8177E49D500B595F8 /* UdpSocketWin.cpp */,
			);
			path = win32;
			sourceTree = "<group>";
		};
		BB5CC5E9177E49D500B595F8 /* osc */ = {
			isa = PBXGroup;
			children = (
				BB5CC5EA177E49D500B595F8 /* MessageMappingOscPacketListener.h */,
				BB5CC5EB177E49D500B595F8 /* OscException.h */,
				BB5CC5EC177E49D500B595F8 /* OscHostEndianness.h */,
				BB5CC5ED177E49D500B595F8 /* OscOutboundPacketStream.cpp */,
				BB5CC5EE177E49D500B595F8 /* OscOutboundPacketStream.h */,
				BB5CC5EF177E49D500B595F8 /* OscPacketListener.h */,
				BB5CC5F0177E49D500B595F8 /* OscPrintReceivedElements.cpp */,
				BB5CC5F1177E49D500B595F8 /* OscPrintReceivedElements.h */,
				BB5CC5F2177E49D500B595F8 /* OscReceivedElements.cpp */,
				BB5CC5F3177E49D500B595F8 /* OscReceivedElements.h */,
				BB5CC5F4177E49D500B595F8 /* OscTypes.cpp */,
				BB5CC5F5177E49D500B595F8 /* OscTypes.h */,
			);
			path = osc;
			sourceTree = "<group>";
		};
		BB5CC5F7177E49D500B595F8 /* src */ = {
			isa = PBXGroup;
			children = (
				BB5CC5F8177E49D500B595F8 /* ofxOsc.h */,
				BB5CC5F9177E49D500B595F8 /* ofxOscArg.h */,
				BB5CC5FA177E49D500B595F8 /* ofxOscBundle.cpp */,
				BB5CC5FB177E49D500B595F8 /* ofxOscBundle.h */,
				BB5CC5FC177E49D500B595F8 /* ofxOscMessage.cpp */,
				BB5CC5FD177E49D500B595F8 /* ofxOscMessage.h */,
				BB5CC5FE177E49D500B595F8 /* ofxOscReceiver.cpp */,
				BB5CC5FF177E49D500B595F8 /* ofxOscReceiver.h */,
				BB5CC600177E49D500B595F8 /* ofxOscSender.cpp */,
				BB5CC601177E49D500B595F8 /* ofxOscSender.h */,
			);
			path = src;
			sourceTree = "<group>";
		};
		BB5CC602177E49D500B595F8 /* ofxXmlSettings */ = {
			isa = PBXGroup;
			children = (
				BB5CC603177E49D500B595F8 /* libs */,
				BB5CC608177E49D500B595F8 /* ReadMe.txt */,
				BB5CC609177E49D500B595F8 /* src */,
			);
			path = ofxXmlSettings;
			sourceTree = "<group>";
		};
		BB5CC603177E49D500B595F8 /* libs */ = {
			isa = PBXGroup;
			children = (
				BB5CC604177E49D500B595F8 /* tinyxml.cpp */,
				BB5CC605177E49D500B595F8 /* tinyxml.h */,
				BB5CC606177E49D500B595F8 /* tinyxmlerror.cpp */,
				BB5CC607177E49D500B595F8 /* tinyxmlparser.cpp */,
			);
			path = libs;
			sourceTree = "<group>";
		};
		BB5CC609177E49D500B595F8 /* src */ = {
			isa = PBXGroup;
			children = (
				BB5CC60A177E49D500B595F8 /* ofxXmlSettings.cpp */,
				BB5CC60B177E49D500B595F8 /* ofxXmlSettings.h */,
			);
			path = src;
			sourceTree = "<group>";
		};
		BB8776ED17C9A39100CC74B8 /* ColoredWindow */ = {
			isa = PBXGroup;
			children = (
				BB8776E717C99B3700CC74B8 /* NSColorStringExtension.h */,
				BB8776E817C99B3700CC74B8 /* NSColorStringExtension.m */,
				BB3AACC217BD647300401E86 /* ColoredNSWindow.h */,
				BB3AACC317BD647300401E86 /* ColoredNSWindow.m */,
			);
			name = ColoredWindow;
			sourceTree = "<group>";
		};
		BBDCBDDD16A0512300F1C5EC /* en.lproj */ = {
			isa = PBXGroup;
			children = (
				BBDCBDDE16A0512300F1C5EC /* Credits.rtf */,
				BBDCBDE016A0512300F1C5EC /* InfoPlist.strings */,
				BBDCBDE216A0512300F1C5EC /* MainMenu.xib */,
				BB94E57D17464E1800A7A3CC /* View.xib */,
			);
			name = en.lproj;
			path = ofxRemoteUIClientOSX/en.lproj;
			sourceTree = SOURCE_ROOT;
		};
		BBDCBDF216A051A900F1C5EC /* ofxRemoteUI */ = {
			isa = PBXGroup;
			children = (
				BB0C16FC18292645008C7D8B /* GitCommitNumber.h */,
				BBDCBDF416A051B000F1C5EC /* src */,
			);
			name = ofxRemoteUI;
			sourceTree = "<group>";
		};
		BBDCBDF416A051B000F1C5EC /* src */ = {
			isa = PBXGroup;
			children = (
				BBEE7854182302FF00D93161 /* ofxRemoteUINeigbors.cpp */,
				BBEE7855182302FF00D93161 /* ofxRemoteUINeigbors.h */,
				BBFB932A17785ECC00A5E741 /* RemoteParam.h */,
				BB5F5EB01769462600F1FA92 /* uriencode.h */,
				BBDCBDF516A051B000F1C5EC /* ofxRemoteUI.cpp */,
				BBDCBDF616A051B000F1C5EC /* ofxRemoteUI.h */,
				BBAAAFA7173BF54B00FE94C4 /* ofxRemoteUIClient.cpp */,
				BBAAAFA8173BF54B00FE94C4 /* ofxRemoteUIClient.h */,
			);
			name = src;
			path = ../src;
			sourceTree = "<group>";
		};
/* End PBXGroup section */

/* Begin PBXNativeTarget section */
		73002CD5140ABCF60035299A /* ofxRemoteUIClientOSX */ = {
			isa = PBXNativeTarget;
			buildConfigurationList = 73002CF4140ABCF60035299A /* Build configuration list for PBXNativeTarget "ofxRemoteUIClientOSX" */;
			buildPhases = (
				73002CD2140ABCF60035299A /* Sources */,
				73002CD3140ABCF60035299A /* Frameworks */,
				73002CD4140ABCF60035299A /* Resources */,
				BBC3858717973857007E2DD1 /* CopyFiles */,
			);
			buildRules = (
			);
			dependencies = (
				BBF2EB8F182B975D0030BCF1 /* PBXTargetDependency */,
			);
			name = ofxRemoteUIClientOSX;
			productName = LionTableViewTesting;
			productReference = 73002CD6140ABCF60035299A /* ofxRemoteUIClientOSX.app */;
			productType = "com.apple.product-type.application";
		};
/* End PBXNativeTarget section */

/* Begin PBXProject section */
		73002CCD140ABCF60035299A /* Project object */ = {
			isa = PBXProject;
			attributes = {
			};
			buildConfigurationList = 73002CD0140ABCF60035299A /* Build configuration list for PBXProject "ofxRemoteUIClientOSX" */;
			compatibilityVersion = "Xcode 3.2";
			developmentRegion = English;
			hasScannedForEncodings = 0;
			knownRegions = (
				en,
			);
			mainGroup = 73002CCB140ABCF60035299A;
			productRefGroup = 73002CD7140ABCF60035299A /* Products */;
			projectDirPath = "";
			projectRoot = "";
			targets = (
				BBF2EB8A182B972B0030BCF1 /* Versioning */,
				73002CD5140ABCF60035299A /* ofxRemoteUIClientOSX */,
			);
		};
/* End PBXProject section */

/* Begin PBXResourcesBuildPhase section */
		73002CD4140ABCF60035299A /* Resources */ = {
			isa = PBXResourcesBuildPhase;
			buildActionMask = 2147483647;
			files = (
				BBAF53C51800C9CC0055A481 /* warning.png in Resources */,
				BBDCBDE416A0512300F1C5EC /* Credits.rtf in Resources */,
				BBDCBDE516A0512300F1C5EC /* InfoPlist.strings in Resources */,
				BB7EA611184B89DC00048F7A /* RestartXcodeApp.scptd in Resources */,
				BBDCBDE616A0512300F1C5EC /* MainMenu.xib in Resources */,
				BB65837B16A315B2000B45F0 /* icon.icns in Resources */,
				BBE6075A16A466A7002F1707 /* offline.png in Resources */,
				BB94E57F17464E1800A7A3CC /* View.xib in Resources */,
				BBB1F6FB1749003B00992119 /* connected.png in Resources */,
				BBB1F6FC1749003B00992119 /* connected@2x.png in Resources */,
				BB7EA613184B91CD00048F7A /* openAccessibility.scpt in Resources */,
				BBAF53C41800C9CC0055A481 /* warning@2x.png in Resources */,
				BBB1F6FE174900D100992119 /* offline@2x.png in Resources */,
				BBC385861797377C007E2DD1 /* Growl Registration Ticket.growlRegDict in Resources */,
			);
			runOnlyForDeploymentPostprocessing = 0;
		};
/* End PBXResourcesBuildPhase section */

/* Begin PBXShellScriptBuildPhase section */
		BBF2EB90182B97720030BCF1 /* ShellScript */ = {
			isa = PBXShellScriptBuildPhase;
			buildActionMask = 2147483647;
			files = (
			);
			inputPaths = (
			);
			outputPaths = (
			);
			runOnlyForDeploymentPostprocessing = 0;
			shellPath = /bin/sh;
			shellScript = "gitCommitNum=$(git rev-list HEAD --count)\nif [ -z \"$gitCommitNum\" ]; then\ngitCommitNum=\"Unknown Version\"\nfi\ndefaults write \"$SRCROOT/ofxRemoteUIClientOSX/ofxRemoteUIClientOSX-Info.plist\" \"CFBundleVersion\" $gitCommitNum\necho \"#define GIT_COMMIT_NUMBER @\\\"$gitCommitNum\\\"\" > $SRCROOT/GitCommitNumber.h\necho 'GIT_COMMIT_NUMBER is '$gitCommitNum\n";
			showEnvVarsInLog = 0;
		};
/* End PBXShellScriptBuildPhase section */

/* Begin PBXSourcesBuildPhase section */
		73002CD2140ABCF60035299A /* Sources */ = {
			isa = PBXSourcesBuildPhase;
			buildActionMask = 2147483647;
			files = (
				BBDCBDF716A051B000F1C5EC /* ofxRemoteUI.cpp in Sources */,
				BBDCBDF816A0523200F1C5EC /* AppDelegate.mm in Sources */,
				BBD3270F173BFFF200D59359 /* ofxRemoteUIClient.cpp in Sources */,
				BBDCBDF916A0523500F1C5EC /* ParamUI.mm in Sources */,
				BBDCBDFB16A0523A00F1C5EC /* main.m in Sources */,
				BB94E5AE17468EAE00A7A3CC /* ColorView.m in Sources */,
				BB6CC35D174698DE0043F523 /* MyScrollView.m in Sources */,
				BB5CC60C177E49D500B595F8 /* IpEndpointName.cpp in Sources */,
				BB5CC60D177E49D500B595F8 /* NetworkingUtils.cpp in Sources */,
				BB5CC60E177E49D500B595F8 /* UdpSocket.cpp in Sources */,
				BB5CC60F177E49D500B595F8 /* NetworkingUtilsWin.cpp in Sources */,
				BB5CC610177E49D500B595F8 /* UdpSocketWin.cpp in Sources */,
				BB5CC611177E49D500B595F8 /* OscOutboundPacketStream.cpp in Sources */,
				BB5CC612177E49D500B595F8 /* OscPrintReceivedElements.cpp in Sources */,
				BB5CC613177E49D500B595F8 /* OscReceivedElements.cpp in Sources */,
				BB5CC614177E49D500B595F8 /* OscTypes.cpp in Sources */,
				BB5CC616177E49D500B595F8 /* ofxOscBundle.cpp in Sources */,
				BB5CC617177E49D500B595F8 /* ofxOscMessage.cpp in Sources */,
				BB5CC618177E49D500B595F8 /* ofxOscReceiver.cpp in Sources */,
				BB5CC619177E49D500B595F8 /* ofxOscSender.cpp in Sources */,
				BB5CC61A177E49D500B595F8 /* tinyxml.cpp in Sources */,
				BB5CC61B177E49D500B595F8 /* tinyxmlerror.cpp in Sources */,
				BB5CC61C177E49D500B595F8 /* tinyxmlparser.cpp in Sources */,
				BB5CC61E177E49D500B595F8 /* ofxXmlSettings.cpp in Sources */,
				BB3AACC417BD647300401E86 /* ColoredNSWindow.m in Sources */,
				BB8776E917C99B3700CC74B8 /* NSColorStringExtension.m in Sources */,
				BBEE7856182302FF00D93161 /* ofxRemoteUINeigbors.cpp in Sources */,
			);
			runOnlyForDeploymentPostprocessing = 0;
		};
/* End PBXSourcesBuildPhase section */

/* Begin PBXTargetDependency section */
		BBF2EB8F182B975D0030BCF1 /* PBXTargetDependency */ = {
			isa = PBXTargetDependency;
			target = BBF2EB8A182B972B0030BCF1 /* Versioning */;
			targetProxy = BBF2EB8E182B975D0030BCF1 /* PBXContainerItemProxy */;
		};
/* End PBXTargetDependency section */

/* Begin PBXVariantGroup section */
		BB94E57D17464E1800A7A3CC /* View.xib */ = {
			isa = PBXVariantGroup;
			children = (
				BB94E57E17464E1800A7A3CC /* en */,
			);
			name = View.xib;
			sourceTree = "<group>";
		};
		BBDCBDDE16A0512300F1C5EC /* Credits.rtf */ = {
			isa = PBXVariantGroup;
			children = (
				BBDCBDDF16A0512300F1C5EC /* en */,
			);
			name = Credits.rtf;
			sourceTree = "<group>";
		};
		BBDCBDE016A0512300F1C5EC /* InfoPlist.strings */ = {
			isa = PBXVariantGroup;
			children = (
				BBDCBDE116A0512300F1C5EC /* en */,
			);
			name = InfoPlist.strings;
			sourceTree = "<group>";
		};
		BBDCBDE216A0512300F1C5EC /* MainMenu.xib */ = {
			isa = PBXVariantGroup;
			children = (
				BBDCBDE316A0512300F1C5EC /* en */,
			);
			name = MainMenu.xib;
			sourceTree = "<group>";
		};
/* End PBXVariantGroup section */

/* Begin XCBuildConfiguration section */
		73002CF2140ABCF60035299A /* Debug */ = {
			isa = XCBuildConfiguration;
			buildSettings = {
				ALWAYS_SEARCH_USER_PATHS = NO;
				ARCHS = "$(ARCHS_STANDARD_64_BIT)";
				COPY_PHASE_STRIP = NO;
				GCC_C_LANGUAGE_STANDARD = gnu99;
				GCC_DYNAMIC_NO_PIC = NO;
				GCC_ENABLE_OBJC_EXCEPTIONS = YES;
				GCC_OPTIMIZATION_LEVEL = 0;
				GCC_PREPROCESSOR_DEFINITIONS = (
					"DEBUG=1",
					"$(inherited)",
				);
				GCC_SYMBOLS_PRIVATE_EXTERN = NO;
				GCC_VERSION = com.apple.compilers.llvm.clang.1_0;
				GCC_WARN_64_TO_32_BIT_CONVERSION = YES;
				GCC_WARN_ABOUT_MISSING_PROTOTYPES = YES;
				GCC_WARN_ABOUT_RETURN_TYPE = YES;
				GCC_WARN_UNUSED_VARIABLE = YES;
				HEADER_SEARCH_PATHS = (
					../noOFLibs/ofxOsc/libs,
					../noOFLibs/ofxOsc/libs/oscpack,
					../noOFLibs/ofxOsc/libs/oscpack/src,
					../noOFLibs/ofxOsc/libs/oscpack/src/ip,
					../noOFLibs/ofxOsc/libs/oscpack/src/ip/posix,
					../noOFLibs/ofxOsc/libs/oscpack/src/ip/win32,
					../noOFLibs/ofxOsc/libs/oscpack/src/osc,
					../noOFLibs/ofxOsc/src,
				);
				MACOSX_DEPLOYMENT_TARGET = 10.6;
				ONLY_ACTIVE_ARCH = YES;
				SDKROOT = macosx10.8;
			};
			name = Debug;
		};
		73002CF3140ABCF60035299A /* Release */ = {
			isa = XCBuildConfiguration;
			buildSettings = {
				ALWAYS_SEARCH_USER_PATHS = NO;
				ARCHS = "$(ARCHS_STANDARD_64_BIT)";
				COPY_PHASE_STRIP = YES;
				DEBUG_INFORMATION_FORMAT = "dwarf-with-dsym";
				GCC_C_LANGUAGE_STANDARD = gnu99;
				GCC_ENABLE_OBJC_EXCEPTIONS = YES;
				GCC_VERSION = com.apple.compilers.llvm.clang.1_0;
				GCC_WARN_64_TO_32_BIT_CONVERSION = YES;
				GCC_WARN_ABOUT_MISSING_PROTOTYPES = YES;
				GCC_WARN_ABOUT_RETURN_TYPE = YES;
				GCC_WARN_UNUSED_VARIABLE = YES;
				HEADER_SEARCH_PATHS = (
					../noOFLibs/ofxOsc/libs,
					../noOFLibs/ofxOsc/libs/oscpack,
					../noOFLibs/ofxOsc/libs/oscpack/src,
					../noOFLibs/ofxOsc/libs/oscpack/src/ip,
					../noOFLibs/ofxOsc/libs/oscpack/src/ip/posix,
					../noOFLibs/ofxOsc/libs/oscpack/src/ip/win32,
					../noOFLibs/ofxOsc/libs/oscpack/src/osc,
					../noOFLibs/ofxOsc/src,
				);
				MACOSX_DEPLOYMENT_TARGET = 10.6;
				SDKROOT = macosx10.8;
			};
			name = Release;
		};
		73002CF5140ABCF60035299A /* Debug */ = {
			isa = XCBuildConfiguration;
			buildSettings = {
				ARCHS = "$(ARCHS_STANDARD_32_64_BIT)";
				CLANG_ENABLE_OBJC_ARC = NO;
				CLANG_LINK_OBJC_RUNTIME = NO;
				CLANG_WARN__ARC_BRIDGE_CAST_NONARC = NO;
				DEAD_CODE_STRIPPING = YES;
				FRAMEWORK_SEARCH_PATHS = (
					"$(inherited)",
					"$(SRCROOT)",
					ofxRemoteUIClientOSX,
				);
				GCC_C_LANGUAGE_STANDARD = "compiler-default";
				GCC_PRECOMPILE_PREFIX_HEADER = YES;
				GCC_PREFIX_HEADER = "ofxRemoteUIClientOSX/ofxRemoteUIClientOSX-Prefix.pch";
				GCC_VERSION = "";
				INFOPLIST_FILE = "$(SRCROOT)/ofxRemoteUIClientOSX/ofxRemoteUIClientOSX-Info.plist";
				LD_RUNPATH_SEARCH_PATHS = "@loader_path/../Frameworks @executable_path/../Frameworks";
				MACOSX_DEPLOYMENT_TARGET = 10.6;
				PRODUCT_NAME = ofxRemoteUIClientOSX;
				SDKROOT = macosx10.7;
				STRIP_INSTALLED_PRODUCT = YES;
				WRAPPER_EXTENSION = app;
			};
			name = Debug;
		};
		73002CF6140ABCF60035299A /* Release */ = {
			isa = XCBuildConfiguration;
			buildSettings = {
				ARCHS = "$(ARCHS_STANDARD_32_64_BIT)";
				CLANG_ENABLE_OBJC_ARC = NO;
				CLANG_LINK_OBJC_RUNTIME = NO;
				CLANG_WARN__ARC_BRIDGE_CAST_NONARC = NO;
				DEAD_CODE_STRIPPING = YES;
				FRAMEWORK_SEARCH_PATHS = (
					"$(inherited)",
					"$(SRCROOT)",
					ofxRemoteUIClientOSX,
				);
				GCC_C_LANGUAGE_STANDARD = "compiler-default";
				GCC_PRECOMPILE_PREFIX_HEADER = YES;
				GCC_PREFIX_HEADER = "ofxRemoteUIClientOSX/ofxRemoteUIClientOSX-Prefix.pch";
				GCC_VERSION = "";
				INFOPLIST_FILE = "$(SRCROOT)/ofxRemoteUIClientOSX/ofxRemoteUIClientOSX-Info.plist";
				LD_RUNPATH_SEARCH_PATHS = "@loader_path/../Frameworks @executable_path/../Frameworks";
				MACOSX_DEPLOYMENT_TARGET = 10.6;
				PRODUCT_NAME = ofxRemoteUIClientOSX;
				SDKROOT = macosx10.7;
				STRIP_INSTALLED_PRODUCT = YES;
				WRAPPER_EXTENSION = app;
			};
			name = Release;
		};
		BBF2EB8C182B972C0030BCF1 /* Debug */ = {
			isa = XCBuildConfiguration;
			buildSettings = {
				PRODUCT_NAME = "$(TARGET_NAME)";
				SDKROOT = macosx10.7;
			};
			name = Debug;
		};
		BBF2EB8D182B972C0030BCF1 /* Release */ = {
			isa = XCBuildConfiguration;
			buildSettings = {
				PRODUCT_NAME = "$(TARGET_NAME)";
				SDKROOT = macosx10.7;
			};
			name = Release;
		};
/* End XCBuildConfiguration section */

/* Begin XCConfigurationList section */
		73002CD0140ABCF60035299A /* Build configuration list for PBXProject "ofxRemoteUIClientOSX" */ = {
			isa = XCConfigurationList;
			buildConfigurations = (
				73002CF2140ABCF60035299A /* Debug */,
				73002CF3140ABCF60035299A /* Release */,
			);
			defaultConfigurationIsVisible = 0;
			defaultConfigurationName = Release;
		};
		73002CF4140ABCF60035299A /* Build configuration list for PBXNativeTarget "ofxRemoteUIClientOSX" */ = {
			isa = XCConfigurationList;
			buildConfigurations = (
				73002CF5140ABCF60035299A /* Debug */,
				73002CF6140ABCF60035299A /* Release */,
			);
			defaultConfigurationIsVisible = 0;
			defaultConfigurationName = Release;
		};
		BBF2EB8B182B972C0030BCF1 /* Build configuration list for PBXAggregateTarget "Versioning" */ = {
			isa = XCConfigurationList;
			buildConfigurations = (
				BBF2EB8C182B972C0030BCF1 /* Debug */,
				BBF2EB8D182B972C0030BCF1 /* Release */,
			);
			defaultConfigurationIsVisible = 0;
			defaultConfigurationName = Release;
		};
/* End XCConfigurationList section */
	};
	rootObject = 73002CCD140ABCF60035299A /* Project object */;
}
