// !$*UTF8*$!
{
	archiveVersion = 1;
	classes = {
	};
	objectVersion = 46;
	objects = {

/* Begin PBXBuildFile section */
		73002CDB140ABCF60035299A /* Cocoa.framework in Frameworks */ = {isa = PBXBuildFile; fileRef = 73002CDA140ABCF60035299A /* Cocoa.framework */; };
		BB09FCA9198DDB8000E04B02 /* uriencode.cpp in Sources */ = {isa = PBXBuildFile; fileRef = BB09FCA8198DDB8000E04B02 /* uriencode.cpp */; };
		BB5CC60C177E49D500B595F8 /* IpEndpointName.cpp in Sources */ = {isa = PBXBuildFile; fileRef = BB5CC5DD177E49D500B595F8 /* IpEndpointName.cpp */; };
		BB5CC60D177E49D500B595F8 /* NetworkingUtils.cpp in Sources */ = {isa = PBXBuildFile; fileRef = BB5CC5E2177E49D500B595F8 /* NetworkingUtils.cpp */; };
		BB5CC60E177E49D500B595F8 /* UdpSocket.cpp in Sources */ = {isa = PBXBuildFile; fileRef = BB5CC5E3177E49D500B595F8 /* UdpSocket.cpp */; };
		BB5CC60F177E49D500B595F8 /* NetworkingUtilsWin.cpp in Sources */ = {isa = PBXBuildFile; fileRef = BB5CC5E7177E49D500B595F8 /* NetworkingUtilsWin.cpp */; };
		BB5CC610177E49D500B595F8 /* UdpSocketWin.cpp in Sources */ = {isa = PBXBuildFile; fileRef = BB5CC5E8177E49D500B595F8 /* UdpSocketWin.cpp */; };
		BB5CC611177E49D500B595F8 /* OscOutboundPacketStream.cpp in Sources */ = {isa = PBXBuildFile; fileRef = BB5CC5ED177E49D500B595F8 /* OscOutboundPacketStream.cpp */; };
		BB5CC612177E49D500B595F8 /* OscPrintReceivedElements.cpp in Sources */ = {isa = PBXBuildFile; fileRef = BB5CC5F0177E49D500B595F8 /* OscPrintReceivedElements.cpp */; };
		BB5CC613177E49D500B595F8 /* OscReceivedElements.cpp in Sources */ = {isa = PBXBuildFile; fileRef = BB5CC5F2177E49D500B595F8 /* OscReceivedElements.cpp */; };
		BB5CC614177E49D500B595F8 /* OscTypes.cpp in Sources */ = {isa = PBXBuildFile; fileRef = BB5CC5F4177E49D500B595F8 /* OscTypes.cpp */; };
		BB5CC616177E49D500B595F8 /* ofxOscBundle.cpp in Sources */ = {isa = PBXBuildFile; fileRef = BB5CC5FA177E49D500B595F8 /* ofxOscBundle.cpp */; };
		BB5CC617177E49D500B595F8 /* ofxOscMessage.cpp in Sources */ = {isa = PBXBuildFile; fileRef = BB5CC5FC177E49D500B595F8 /* ofxOscMessage.cpp */; };
		BB5CC618177E49D500B595F8 /* ofxOscReceiver.cpp in Sources */ = {isa = PBXBuildFile; fileRef = BB5CC5FE177E49D500B595F8 /* ofxOscReceiver.cpp */; };
		BB5CC619177E49D500B595F8 /* ofxOscSender.cpp in Sources */ = {isa = PBXBuildFile; fileRef = BB5CC600177E49D500B595F8 /* ofxOscSender.cpp */; };
		BB5CC61A177E49D500B595F8 /* tinyxml.cpp in Sources */ = {isa = PBXBuildFile; fileRef = BB5CC604177E49D500B595F8 /* tinyxml.cpp */; };
		BB5CC61B177E49D500B595F8 /* tinyxmlerror.cpp in Sources */ = {isa = PBXBuildFile; fileRef = BB5CC606177E49D500B595F8 /* tinyxmlerror.cpp */; };
		BB5CC61C177E49D500B595F8 /* tinyxmlparser.cpp in Sources */ = {isa = PBXBuildFile; fileRef = BB5CC607177E49D500B595F8 /* tinyxmlparser.cpp */; };
		BB5CC61E177E49D500B595F8 /* ofxXmlSettings.cpp in Sources */ = {isa = PBXBuildFile; fileRef = BB5CC60A177E49D500B595F8 /* ofxXmlSettings.cpp */; };
		BB8F8DBF1D83AE71007F650C /* MyNSView.m in Sources */ = {isa = PBXBuildFile; fileRef = BB8F8DBE1D83AE71007F650C /* MyNSView.m */; };
		BBB627B7191C4C2B005F95BF /* Joystick.m in Sources */ = {isa = PBXBuildFile; fileRef = BBB627B1191C4C2B005F95BF /* Joystick.m */; };
		BBB627B8191C4C2B005F95BF /* JoystickHatswitch.m in Sources */ = {isa = PBXBuildFile; fileRef = BBB627B3191C4C2B005F95BF /* JoystickHatswitch.m */; };
		BBB627B9191C4C2B005F95BF /* JoystickManager.m in Sources */ = {isa = PBXBuildFile; fileRef = BBB627B5191C4C2B005F95BF /* JoystickManager.m */; };
		BBB627BC191C4C36005F95BF /* ExternalDevices.mm in Sources */ = {isa = PBXBuildFile; fileRef = BBB627BB191C4C36005F95BF /* ExternalDevices.mm */; };
		BBB627C1191C4C4B005F95BF /* ColoredNSWindow.m in Sources */ = {isa = PBXBuildFile; fileRef = BBB627BE191C4C4B005F95BF /* ColoredNSWindow.m */; };
		BBB627C2191C4C4B005F95BF /* NSColorStringExtension.m in Sources */ = {isa = PBXBuildFile; fileRef = BBB627C0191C4C4B005F95BF /* NSColorStringExtension.m */; };
		BBB627C7191C4C69005F95BF /* AppDelegate.mm in Sources */ = {isa = PBXBuildFile; fileRef = BBB627C6191C4C69005F95BF /* AppDelegate.mm */; };
		BBB627CC191C4C7B005F95BF /* ColorView.m in Sources */ = {isa = PBXBuildFile; fileRef = BBB627C9191C4C7B005F95BF /* ColorView.m */; };
		BBB627CD191C4C7B005F95BF /* ParamUI.mm in Sources */ = {isa = PBXBuildFile; fileRef = BBB627CB191C4C7B005F95BF /* ParamUI.mm */; };
		BBB627D1191C4CC9005F95BF /* MyScrollView.m in Sources */ = {isa = PBXBuildFile; fileRef = BBB627D0191C4CC9005F95BF /* MyScrollView.m */; };
		BBB627D4191C4CD0005F95BF /* LogWindows.mm in Sources */ = {isa = PBXBuildFile; fileRef = BBB627D3191C4CD0005F95BF /* LogWindows.mm */; };
		BBB627DC191C4CFB005F95BF /* connected.png in Resources */ = {isa = PBXBuildFile; fileRef = BBB627D6191C4CFB005F95BF /* connected.png */; };
		BBB627DD191C4CFB005F95BF /* connected@2x.png in Resources */ = {isa = PBXBuildFile; fileRef = BBB627D7191C4CFB005F95BF /* connected@2x.png */; };
		BBB627DE191C4CFB005F95BF /* offline.png in Resources */ = {isa = PBXBuildFile; fileRef = BBB627D8191C4CFB005F95BF /* offline.png */; };
		BBB627DF191C4CFB005F95BF /* offline@2x.png in Resources */ = {isa = PBXBuildFile; fileRef = BBB627D9191C4CFB005F95BF /* offline@2x.png */; };
		BBB627E0191C4CFB005F95BF /* warning.png in Resources */ = {isa = PBXBuildFile; fileRef = BBB627DA191C4CFB005F95BF /* warning.png */; };
		BBB627E1191C4CFB005F95BF /* warning@2x.png in Resources */ = {isa = PBXBuildFile; fileRef = BBB627DB191C4CFB005F95BF /* warning@2x.png */; };
		BBB627E4191C4D06005F95BF /* Growl Registration Ticket.growlRegDict in Resources */ = {isa = PBXBuildFile; fileRef = BBB627E2191C4D06005F95BF /* Growl Registration Ticket.growlRegDict */; };
		BBB627E5191C4D06005F95BF /* icon.icns in Resources */ = {isa = PBXBuildFile; fileRef = BBB627E3191C4D06005F95BF /* icon.icns */; };
		BBB627E8191C4D0C005F95BF /* openAccessibility.scpt in Resources */ = {isa = PBXBuildFile; fileRef = BBB627E6191C4D0C005F95BF /* openAccessibility.scpt */; };
		BBB627E9191C4D0C005F95BF /* RestartXcodeApp.scptd in Resources */ = {isa = PBXBuildFile; fileRef = BBB627E7191C4D0C005F95BF /* RestartXcodeApp.scptd */; };
		BBB627F7191C4D1A005F95BF /* Credits.rtf in Resources */ = {isa = PBXBuildFile; fileRef = BBB627EB191C4D1A005F95BF /* Credits.rtf */; };
		BBB627F8191C4D1A005F95BF /* InfoPlist.strings in Resources */ = {isa = PBXBuildFile; fileRef = BBB627ED191C4D1A005F95BF /* InfoPlist.strings */; };
		BBB627F9191C4D1A005F95BF /* MainMenu.xib in Resources */ = {isa = PBXBuildFile; fileRef = BBB627EF191C4D1A005F95BF /* MainMenu.xib */; };
		BBB627FA191C4D1A005F95BF /* View20.xib in Resources */ = {isa = PBXBuildFile; fileRef = BBB627F1191C4D1A005F95BF /* View20.xib */; };
		BBB627FB191C4D1A005F95BF /* View26.xib in Resources */ = {isa = PBXBuildFile; fileRef = BBB627F3191C4D1A005F95BF /* View26.xib */; };
		BBB627FC191C4D1A005F95BF /* View34.xib in Resources */ = {isa = PBXBuildFile; fileRef = BBB627F5191C4D1A005F95BF /* View34.xib */; };
		BBB62801191C4D3B005F95BF /* Growl.framework in Frameworks */ = {isa = PBXBuildFile; fileRef = BBB627FE191C4D3B005F95BF /* Growl.framework */; };
		BBB62802191C4D3B005F95BF /* VVBasics.framework in Frameworks */ = {isa = PBXBuildFile; fileRef = BBB627FF191C4D3B005F95BF /* VVBasics.framework */; };
		BBB62803191C4D3B005F95BF /* VVMIDI.framework in Frameworks */ = {isa = PBXBuildFile; fileRef = BBB62800191C4D3B005F95BF /* VVMIDI.framework */; };
		BBB62805191C4D72005F95BF /* Growl.framework in Copy Frameworks */ = {isa = PBXBuildFile; fileRef = BBB627FE191C4D3B005F95BF /* Growl.framework */; };
		BBB62806191C4D73005F95BF /* VVBasics.framework in Copy Frameworks */ = {isa = PBXBuildFile; fileRef = BBB627FF191C4D3B005F95BF /* VVBasics.framework */; };
		BBB62807191C4D75005F95BF /* VVMIDI.framework in Copy Frameworks */ = {isa = PBXBuildFile; fileRef = BBB62800191C4D3B005F95BF /* VVMIDI.framework */; };
		BBB6280A191C4EC9005F95BF /* ofxRemoteUI.cpp in Sources */ = {isa = PBXBuildFile; fileRef = BBB62808191C4EC9005F95BF /* ofxRemoteUI.cpp */; };
		BBD3270F173BFFF200D59359 /* ofxRemoteUIClient.cpp in Sources */ = {isa = PBXBuildFile; fileRef = BBAAAFA7173BF54B00FE94C4 /* ofxRemoteUIClient.cpp */; };
		BBD789A61AA148700061EC66 /* IOKit.framework in Frameworks */ = {isa = PBXBuildFile; fileRef = BBD789A51AA148700061EC66 /* IOKit.framework */; };
		BBD789AA1AA1489C0061EC66 /* QuartzCore.framework in Frameworks */ = {isa = PBXBuildFile; fileRef = BBD789A91AA1489C0061EC66 /* QuartzCore.framework */; };
		BBEE7856182302FF00D93161 /* ofxRemoteUINeigbors.cpp in Sources */ = {isa = PBXBuildFile; fileRef = BBEE7854182302FF00D93161 /* ofxRemoteUINeigbors.cpp */; };
		BBF0A82D191C56030048DB4F /* main.m in Sources */ = {isa = PBXBuildFile; fileRef = BBF0A82C191C56030048DB4F /* main.m */; };
/* End PBXBuildFile section */

/* Begin PBXCopyFilesBuildPhase section */
		BBC3858717973857007E2DD1 /* Copy Frameworks */ = {
			isa = PBXCopyFilesBuildPhase;
			buildActionMask = 2147483647;
			dstPath = "";
			dstSubfolderSpec = 10;
			files = (
				BBB62807191C4D75005F95BF /* VVMIDI.framework in Copy Frameworks */,
				BBB62805191C4D72005F95BF /* Growl.framework in Copy Frameworks */,
				BBB62806191C4D73005F95BF /* VVBasics.framework in Copy Frameworks */,
			);
			name = "Copy Frameworks";
			runOnlyForDeploymentPostprocessing = 0;
		};
/* End PBXCopyFilesBuildPhase section */

/* Begin PBXFileReference section */
		73002CD6140ABCF60035299A /* ofxRemoteUIClientOSX.app */ = {isa = PBXFileReference; explicitFileType = wrapper.application; includeInIndex = 0; path = ofxRemoteUIClientOSX.app; sourceTree = BUILT_PRODUCTS_DIR; };
		73002CDA140ABCF60035299A /* Cocoa.framework */ = {isa = PBXFileReference; lastKnownFileType = wrapper.framework; name = Cocoa.framework; path = System/Library/Frameworks/Cocoa.framework; sourceTree = SDKROOT; };
		73002CDD140ABCF60035299A /* AppKit.framework */ = {isa = PBXFileReference; lastKnownFileType = wrapper.framework; name = AppKit.framework; path = System/Library/Frameworks/AppKit.framework; sourceTree = SDKROOT; };
		73002CDE140ABCF60035299A /* CoreData.framework */ = {isa = PBXFileReference; lastKnownFileType = wrapper.framework; name = CoreData.framework; path = System/Library/Frameworks/CoreData.framework; sourceTree = SDKROOT; };
		73002CDF140ABCF60035299A /* Foundation.framework */ = {isa = PBXFileReference; lastKnownFileType = wrapper.framework; name = Foundation.framework; path = System/Library/Frameworks/Foundation.framework; sourceTree = SDKROOT; };
		BB09FCA8198DDB8000E04B02 /* uriencode.cpp */ = {isa = PBXFileReference; fileEncoding = 4; lastKnownFileType = sourcecode.cpp.cpp; path = uriencode.cpp; sourceTree = "<group>"; };
		BB4B54F0177FAD5D004838E4 /* ToDo.txt */ = {isa = PBXFileReference; lastKnownFileType = text; path = ToDo.txt; sourceTree = "<group>"; };
		BB5CC5D7177E49D500B595F8 /* ofStolenUtils.h */ = {isa = PBXFileReference; fileEncoding = 4; lastKnownFileType = sourcecode.c.h; path = ofStolenUtils.h; sourceTree = "<group>"; };
		BB5CC5DD177E49D500B595F8 /* IpEndpointName.cpp */ = {isa = PBXFileReference; fileEncoding = 4; lastKnownFileType = sourcecode.cpp.cpp; path = IpEndpointName.cpp; sourceTree = "<group>"; };
		BB5CC5DE177E49D500B595F8 /* IpEndpointName.h */ = {isa = PBXFileReference; fileEncoding = 4; lastKnownFileType = sourcecode.c.h; path = IpEndpointName.h; sourceTree = "<group>"; };
		BB5CC5DF177E49D500B595F8 /* NetworkingUtils.h */ = {isa = PBXFileReference; fileEncoding = 4; lastKnownFileType = sourcecode.c.h; path = NetworkingUtils.h; sourceTree = "<group>"; };
		BB5CC5E0177E49D500B595F8 /* PacketListener.h */ = {isa = PBXFileReference; fileEncoding = 4; lastKnownFileType = sourcecode.c.h; path = PacketListener.h; sourceTree = "<group>"; };
		BB5CC5E2177E49D500B595F8 /* NetworkingUtils.cpp */ = {isa = PBXFileReference; fileEncoding = 4; lastKnownFileType = sourcecode.cpp.cpp; path = NetworkingUtils.cpp; sourceTree = "<group>"; };
		BB5CC5E3177E49D500B595F8 /* UdpSocket.cpp */ = {isa = PBXFileReference; fileEncoding = 4; lastKnownFileType = sourcecode.cpp.cpp; path = UdpSocket.cpp; sourceTree = "<group>"; };
		BB5CC5E4177E49D500B595F8 /* TimerListener.h */ = {isa = PBXFileReference; fileEncoding = 4; lastKnownFileType = sourcecode.c.h; path = TimerListener.h; sourceTree = "<group>"; };
		BB5CC5E5177E49D500B595F8 /* UdpSocket.h */ = {isa = PBXFileReference; fileEncoding = 4; lastKnownFileType = sourcecode.c.h; path = UdpSocket.h; sourceTree = "<group>"; };
		BB5CC5E7177E49D500B595F8 /* NetworkingUtilsWin.cpp */ = {isa = PBXFileReference; fileEncoding = 4; lastKnownFileType = sourcecode.cpp.cpp; path = NetworkingUtilsWin.cpp; sourceTree = "<group>"; };
		BB5CC5E8177E49D500B595F8 /* UdpSocketWin.cpp */ = {isa = PBXFileReference; fileEncoding = 4; lastKnownFileType = sourcecode.cpp.cpp; path = UdpSocketWin.cpp; sourceTree = "<group>"; };
		BB5CC5EA177E49D500B595F8 /* MessageMappingOscPacketListener.h */ = {isa = PBXFileReference; fileEncoding = 4; lastKnownFileType = sourcecode.c.h; path = MessageMappingOscPacketListener.h; sourceTree = "<group>"; };
		BB5CC5EB177E49D500B595F8 /* OscException.h */ = {isa = PBXFileReference; fileEncoding = 4; lastKnownFileType = sourcecode.c.h; path = OscException.h; sourceTree = "<group>"; };
		BB5CC5EC177E49D500B595F8 /* OscHostEndianness.h */ = {isa = PBXFileReference; fileEncoding = 4; lastKnownFileType = sourcecode.c.h; path = OscHostEndianness.h; sourceTree = "<group>"; };
		BB5CC5ED177E49D500B595F8 /* OscOutboundPacketStream.cpp */ = {isa = PBXFileReference; fileEncoding = 4; lastKnownFileType = sourcecode.cpp.cpp; path = OscOutboundPacketStream.cpp; sourceTree = "<group>"; };
		BB5CC5EE177E49D500B595F8 /* OscOutboundPacketStream.h */ = {isa = PBXFileReference; fileEncoding = 4; lastKnownFileType = sourcecode.c.h; path = OscOutboundPacketStream.h; sourceTree = "<group>"; };
		BB5CC5EF177E49D500B595F8 /* OscPacketListener.h */ = {isa = PBXFileReference; fileEncoding = 4; lastKnownFileType = sourcecode.c.h; path = OscPacketListener.h; sourceTree = "<group>"; };
		BB5CC5F0177E49D500B595F8 /* OscPrintReceivedElements.cpp */ = {isa = PBXFileReference; fileEncoding = 4; lastKnownFileType = sourcecode.cpp.cpp; path = OscPrintReceivedElements.cpp; sourceTree = "<group>"; };
		BB5CC5F1177E49D500B595F8 /* OscPrintReceivedElements.h */ = {isa = PBXFileReference; fileEncoding = 4; lastKnownFileType = sourcecode.c.h; path = OscPrintReceivedElements.h; sourceTree = "<group>"; };
		BB5CC5F2177E49D500B595F8 /* OscReceivedElements.cpp */ = {isa = PBXFileReference; fileEncoding = 4; lastKnownFileType = sourcecode.cpp.cpp; path = OscReceivedElements.cpp; sourceTree = "<group>"; };
		BB5CC5F3177E49D500B595F8 /* OscReceivedElements.h */ = {isa = PBXFileReference; fileEncoding = 4; lastKnownFileType = sourcecode.c.h; path = OscReceivedElements.h; sourceTree = "<group>"; };
		BB5CC5F4177E49D500B595F8 /* OscTypes.cpp */ = {isa = PBXFileReference; fileEncoding = 4; lastKnownFileType = sourcecode.cpp.cpp; path = OscTypes.cpp; sourceTree = "<group>"; };
		BB5CC5F5177E49D500B595F8 /* OscTypes.h */ = {isa = PBXFileReference; fileEncoding = 4; lastKnownFileType = sourcecode.c.h; path = OscTypes.h; sourceTree = "<group>"; };
		BB5CC5F6177E49D500B595F8 /* ofxOsc Readme.txt */ = {isa = PBXFileReference; fileEncoding = 4; lastKnownFileType = text; path = "ofxOsc Readme.txt"; sourceTree = "<group>"; };
		BB5CC5F8177E49D500B595F8 /* ofxOsc.h */ = {isa = PBXFileReference; fileEncoding = 4; lastKnownFileType = sourcecode.c.h; path = ofxOsc.h; sourceTree = "<group>"; };
		BB5CC5F9177E49D500B595F8 /* ofxOscArg.h */ = {isa = PBXFileReference; fileEncoding = 4; lastKnownFileType = sourcecode.c.h; path = ofxOscArg.h; sourceTree = "<group>"; };
		BB5CC5FA177E49D500B595F8 /* ofxOscBundle.cpp */ = {isa = PBXFileReference; fileEncoding = 4; lastKnownFileType = sourcecode.cpp.cpp; path = ofxOscBundle.cpp; sourceTree = "<group>"; };
		BB5CC5FB177E49D500B595F8 /* ofxOscBundle.h */ = {isa = PBXFileReference; fileEncoding = 4; lastKnownFileType = sourcecode.c.h; path = ofxOscBundle.h; sourceTree = "<group>"; };
		BB5CC5FC177E49D500B595F8 /* ofxOscMessage.cpp */ = {isa = PBXFileReference; fileEncoding = 4; lastKnownFileType = sourcecode.cpp.cpp; path = ofxOscMessage.cpp; sourceTree = "<group>"; };
		BB5CC5FD177E49D500B595F8 /* ofxOscMessage.h */ = {isa = PBXFileReference; fileEncoding = 4; lastKnownFileType = sourcecode.c.h; path = ofxOscMessage.h; sourceTree = "<group>"; };
		BB5CC5FE177E49D500B595F8 /* ofxOscReceiver.cpp */ = {isa = PBXFileReference; fileEncoding = 4; lastKnownFileType = sourcecode.cpp.cpp; path = ofxOscReceiver.cpp; sourceTree = "<group>"; };
		BB5CC5FF177E49D500B595F8 /* ofxOscReceiver.h */ = {isa = PBXFileReference; fileEncoding = 4; lastKnownFileType = sourcecode.c.h; path = ofxOscReceiver.h; sourceTree = "<group>"; };
		BB5CC600177E49D500B595F8 /* ofxOscSender.cpp */ = {isa = PBXFileReference; fileEncoding = 4; lastKnownFileType = sourcecode.cpp.cpp; path = ofxOscSender.cpp; sourceTree = "<group>"; };
		BB5CC601177E49D500B595F8 /* ofxOscSender.h */ = {isa = PBXFileReference; fileEncoding = 4; lastKnownFileType = sourcecode.c.h; path = ofxOscSender.h; sourceTree = "<group>"; };
		BB5CC604177E49D500B595F8 /* tinyxml.cpp */ = {isa = PBXFileReference; fileEncoding = 4; lastKnownFileType = sourcecode.cpp.cpp; path = tinyxml.cpp; sourceTree = "<group>"; };
		BB5CC605177E49D500B595F8 /* tinyxml.h */ = {isa = PBXFileReference; fileEncoding = 4; lastKnownFileType = sourcecode.c.h; path = tinyxml.h; sourceTree = "<group>"; };
		BB5CC606177E49D500B595F8 /* tinyxmlerror.cpp */ = {isa = PBXFileReference; fileEncoding = 4; lastKnownFileType = sourcecode.cpp.cpp; path = tinyxmlerror.cpp; sourceTree = "<group>"; };
		BB5CC607177E49D500B595F8 /* tinyxmlparser.cpp */ = {isa = PBXFileReference; fileEncoding = 4; lastKnownFileType = sourcecode.cpp.cpp; path = tinyxmlparser.cpp; sourceTree = "<group>"; };
		BB5CC608177E49D500B595F8 /* ReadMe.txt */ = {isa = PBXFileReference; fileEncoding = 4; lastKnownFileType = text; path = ReadMe.txt; sourceTree = "<group>"; };
		BB5CC60A177E49D500B595F8 /* ofxXmlSettings.cpp */ = {isa = PBXFileReference; fileEncoding = 4; lastKnownFileType = sourcecode.cpp.cpp; path = ofxXmlSettings.cpp; sourceTree = "<group>"; };
		BB5CC60B177E49D500B595F8 /* ofxXmlSettings.h */ = {isa = PBXFileReference; fileEncoding = 4; lastKnownFileType = sourcecode.c.h; path = ofxXmlSettings.h; sourceTree = "<group>"; };
		BB5F5EB01769462600F1FA92 /* uriencode.h */ = {isa = PBXFileReference; lastKnownFileType = sourcecode.c.h; path = uriencode.h; sourceTree = "<group>"; };
		BB8F8DBD1D83AE71007F650C /* MyNSView.h */ = {isa = PBXFileReference; fileEncoding = 4; lastKnownFileType = sourcecode.c.h; name = MyNSView.h; path = src/MyNSView.h; sourceTree = "<group>"; };
		BB8F8DBE1D83AE71007F650C /* MyNSView.m */ = {isa = PBXFileReference; fileEncoding = 4; lastKnownFileType = sourcecode.c.objc; name = MyNSView.m; path = src/MyNSView.m; sourceTree = "<group>"; };
		BBAAAFA7173BF54B00FE94C4 /* ofxRemoteUIClient.cpp */ = {isa = PBXFileReference; lastKnownFileType = sourcecode.cpp.cpp; path = ofxRemoteUIClient.cpp; sourceTree = "<group>"; };
		BBAAAFA8173BF54B00FE94C4 /* ofxRemoteUIClient.h */ = {isa = PBXFileReference; lastKnownFileType = sourcecode.c.h; path = ofxRemoteUIClient.h; sourceTree = "<group>"; };
		BBB627B0191C4C2B005F95BF /* Joystick.h */ = {isa = PBXFileReference; fileEncoding = 4; lastKnownFileType = sourcecode.c.h; name = Joystick.h; path = src/Joystick.h; sourceTree = "<group>"; };
		BBB627B1191C4C2B005F95BF /* Joystick.m */ = {isa = PBXFileReference; fileEncoding = 4; lastKnownFileType = sourcecode.c.objc; name = Joystick.m; path = src/Joystick.m; sourceTree = "<group>"; };
		BBB627B2191C4C2B005F95BF /* JoystickHatswitch.h */ = {isa = PBXFileReference; fileEncoding = 4; lastKnownFileType = sourcecode.c.h; name = JoystickHatswitch.h; path = src/JoystickHatswitch.h; sourceTree = "<group>"; };
		BBB627B3191C4C2B005F95BF /* JoystickHatswitch.m */ = {isa = PBXFileReference; fileEncoding = 4; lastKnownFileType = sourcecode.c.objc; name = JoystickHatswitch.m; path = src/JoystickHatswitch.m; sourceTree = "<group>"; };
		BBB627B4191C4C2B005F95BF /* JoystickManager.h */ = {isa = PBXFileReference; fileEncoding = 4; lastKnownFileType = sourcecode.c.h; name = JoystickManager.h; path = src/JoystickManager.h; sourceTree = "<group>"; };
		BBB627B5191C4C2B005F95BF /* JoystickManager.m */ = {isa = PBXFileReference; fileEncoding = 4; lastKnownFileType = sourcecode.c.objc; name = JoystickManager.m; path = src/JoystickManager.m; sourceTree = "<group>"; };
		BBB627B6191C4C2B005F95BF /* JoystickNotificationDelegate.h */ = {isa = PBXFileReference; fileEncoding = 4; lastKnownFileType = sourcecode.c.h; name = JoystickNotificationDelegate.h; path = src/JoystickNotificationDelegate.h; sourceTree = "<group>"; };
		BBB627BA191C4C36005F95BF /* ExternalDevices.h */ = {isa = PBXFileReference; fileEncoding = 4; lastKnownFileType = sourcecode.c.h; name = ExternalDevices.h; path = src/ExternalDevices.h; sourceTree = "<group>"; };
		BBB627BB191C4C36005F95BF /* ExternalDevices.mm */ = {isa = PBXFileReference; fileEncoding = 4; lastKnownFileType = sourcecode.cpp.objcpp; name = ExternalDevices.mm; path = src/ExternalDevices.mm; sourceTree = "<group>"; };
		BBB627BD191C4C4B005F95BF /* ColoredNSWindow.h */ = {isa = PBXFileReference; fileEncoding = 4; lastKnownFileType = sourcecode.c.h; name = ColoredNSWindow.h; path = src/ColoredNSWindow.h; sourceTree = "<group>"; };
		BBB627BE191C4C4B005F95BF /* ColoredNSWindow.m */ = {isa = PBXFileReference; fileEncoding = 4; lastKnownFileType = sourcecode.c.objc; name = ColoredNSWindow.m; path = src/ColoredNSWindow.m; sourceTree = "<group>"; };
		BBB627BF191C4C4B005F95BF /* NSColorStringExtension.h */ = {isa = PBXFileReference; fileEncoding = 4; lastKnownFileType = sourcecode.c.h; name = NSColorStringExtension.h; path = src/NSColorStringExtension.h; sourceTree = "<group>"; };
		BBB627C0191C4C4B005F95BF /* NSColorStringExtension.m */ = {isa = PBXFileReference; fileEncoding = 4; lastKnownFileType = sourcecode.c.objc; name = NSColorStringExtension.m; path = src/NSColorStringExtension.m; sourceTree = "<group>"; };
		BBB627C5191C4C69005F95BF /* AppDelegate.h */ = {isa = PBXFileReference; fileEncoding = 4; lastKnownFileType = sourcecode.c.h; name = AppDelegate.h; path = src/AppDelegate.h; sourceTree = SOURCE_ROOT; };
		BBB627C6191C4C69005F95BF /* AppDelegate.mm */ = {isa = PBXFileReference; fileEncoding = 4; lastKnownFileType = sourcecode.cpp.objcpp; name = AppDelegate.mm; path = src/AppDelegate.mm; sourceTree = SOURCE_ROOT; };
		BBB627C8191C4C7B005F95BF /* ColorView.h */ = {isa = PBXFileReference; fileEncoding = 4; lastKnownFileType = sourcecode.c.h; name = ColorView.h; path = src/ColorView.h; sourceTree = "<group>"; };
		BBB627C9191C4C7B005F95BF /* ColorView.m */ = {isa = PBXFileReference; fileEncoding = 4; lastKnownFileType = sourcecode.c.objc; name = ColorView.m; path = src/ColorView.m; sourceTree = "<group>"; };
		BBB627CA191C4C7B005F95BF /* ParamUI.h */ = {isa = PBXFileReference; fileEncoding = 4; lastKnownFileType = sourcecode.c.h; name = ParamUI.h; path = src/ParamUI.h; sourceTree = "<group>"; };
		BBB627CB191C4C7B005F95BF /* ParamUI.mm */ = {isa = PBXFileReference; fileEncoding = 4; lastKnownFileType = sourcecode.cpp.objcpp; name = ParamUI.mm; path = src/ParamUI.mm; sourceTree = "<group>"; };
		BBB627CF191C4CC9005F95BF /* MyScrollView.h */ = {isa = PBXFileReference; fileEncoding = 4; lastKnownFileType = sourcecode.c.h; name = MyScrollView.h; path = src/MyScrollView.h; sourceTree = "<group>"; };
		BBB627D0191C4CC9005F95BF /* MyScrollView.m */ = {isa = PBXFileReference; fileEncoding = 4; lastKnownFileType = sourcecode.c.objc; name = MyScrollView.m; path = src/MyScrollView.m; sourceTree = "<group>"; };
		BBB627D2191C4CD0005F95BF /* LogWindows.h */ = {isa = PBXFileReference; fileEncoding = 4; lastKnownFileType = sourcecode.c.h; name = LogWindows.h; path = src/LogWindows.h; sourceTree = "<group>"; };
		BBB627D3191C4CD0005F95BF /* LogWindows.mm */ = {isa = PBXFileReference; fileEncoding = 4; lastKnownFileType = sourcecode.cpp.objcpp; name = LogWindows.mm; path = src/LogWindows.mm; sourceTree = "<group>"; };
		BBB627D6191C4CFB005F95BF /* connected.png */ = {isa = PBXFileReference; lastKnownFileType = image.png; path = connected.png; sourceTree = "<group>"; };
		BBB627D7191C4CFB005F95BF /* connected@2x.png */ = {isa = PBXFileReference; lastKnownFileType = image.png; path = "connected@2x.png"; sourceTree = "<group>"; };
		BBB627D8191C4CFB005F95BF /* offline.png */ = {isa = PBXFileReference; lastKnownFileType = image.png; path = offline.png; sourceTree = "<group>"; };
		BBB627D9191C4CFB005F95BF /* offline@2x.png */ = {isa = PBXFileReference; lastKnownFileType = image.png; path = "offline@2x.png"; sourceTree = "<group>"; };
		BBB627DA191C4CFB005F95BF /* warning.png */ = {isa = PBXFileReference; lastKnownFileType = image.png; path = warning.png; sourceTree = "<group>"; };
		BBB627DB191C4CFB005F95BF /* warning@2x.png */ = {isa = PBXFileReference; lastKnownFileType = image.png; path = "warning@2x.png"; sourceTree = "<group>"; };
		BBB627E2191C4D06005F95BF /* Growl Registration Ticket.growlRegDict */ = {isa = PBXFileReference; fileEncoding = 4; lastKnownFileType = text.xml; name = "Growl Registration Ticket.growlRegDict"; path = "Resources/Growl Registration Ticket.growlRegDict"; sourceTree = "<group>"; };
		BBB627E3191C4D06005F95BF /* icon.icns */ = {isa = PBXFileReference; lastKnownFileType = image.icns; name = icon.icns; path = Resources/icon.icns; sourceTree = "<group>"; };
		BBB627E6191C4D0C005F95BF /* openAccessibility.scpt */ = {isa = PBXFileReference; lastKnownFileType = file; name = openAccessibility.scpt; path = Resources/openAccessibility.scpt; sourceTree = "<group>"; };
		BBB627E7191C4D0C005F95BF /* RestartXcodeApp.scptd */ = {isa = PBXFileReference; lastKnownFileType = wrapper; name = RestartXcodeApp.scptd; path = Resources/RestartXcodeApp.scptd; sourceTree = "<group>"; };
		BBB627EC191C4D1A005F95BF /* en */ = {isa = PBXFileReference; lastKnownFileType = text.rtf; name = en; path = Credits.rtf; sourceTree = "<group>"; };
		BBB627EE191C4D1A005F95BF /* en */ = {isa = PBXFileReference; lastKnownFileType = text.plist.strings; name = en; path = InfoPlist.strings; sourceTree = "<group>"; };
		BBB627F0191C4D1A005F95BF /* en */ = {isa = PBXFileReference; lastKnownFileType = file.xib; name = en; path = MainMenu.xib; sourceTree = "<group>"; };
		BBB627F2191C4D1A005F95BF /* en */ = {isa = PBXFileReference; lastKnownFileType = file.xib; name = en; path = View20.xib; sourceTree = "<group>"; };
		BBB627F4191C4D1A005F95BF /* en */ = {isa = PBXFileReference; lastKnownFileType = file.xib; name = en; path = View26.xib; sourceTree = "<group>"; };
		BBB627F6191C4D1A005F95BF /* en */ = {isa = PBXFileReference; lastKnownFileType = file.xib; name = en; path = View34.xib; sourceTree = "<group>"; };
		BBB627FD191C4D27005F95BF /* ofxRemoteUIClientOSX-Prefix.pch */ = {isa = PBXFileReference; fileEncoding = 4; lastKnownFileType = sourcecode.c.h; name = "ofxRemoteUIClientOSX-Prefix.pch"; path = "src/ofxRemoteUIClientOSX-Prefix.pch"; sourceTree = SOURCE_ROOT; };
		BBB627FE191C4D3B005F95BF /* Growl.framework */ = {isa = PBXFileReference; lastKnownFileType = wrapper.framework; name = Growl.framework; path = Frameworks/Growl.framework; sourceTree = "<group>"; };
		BBB627FF191C4D3B005F95BF /* VVBasics.framework */ = {isa = PBXFileReference; lastKnownFileType = wrapper.framework; name = VVBasics.framework; path = Frameworks/VVBasics.framework; sourceTree = "<group>"; };
		BBB62800191C4D3B005F95BF /* VVMIDI.framework */ = {isa = PBXFileReference; lastKnownFileType = wrapper.framework; name = VVMIDI.framework; path = Frameworks/VVMIDI.framework; sourceTree = "<group>"; };
		BBB62808191C4EC9005F95BF /* ofxRemoteUI.cpp */ = {isa = PBXFileReference; fileEncoding = 4; lastKnownFileType = sourcecode.cpp.cpp; path = ofxRemoteUI.cpp; sourceTree = "<group>"; };
		BBB62809191C4EC9005F95BF /* ofxRemoteUI.h */ = {isa = PBXFileReference; fileEncoding = 4; lastKnownFileType = sourcecode.c.h; path = ofxRemoteUI.h; sourceTree = "<group>"; };
		BBD134211ACA50EA0005FCE4 /* constants.h */ = {isa = PBXFileReference; lastKnownFileType = sourcecode.c.h; path = constants.h; sourceTree = "<group>"; };
		BBD789A51AA148700061EC66 /* IOKit.framework */ = {isa = PBXFileReference; lastKnownFileType = wrapper.framework; name = IOKit.framework; path = System/Library/Frameworks/IOKit.framework; sourceTree = SDKROOT; };
		BBD789A71AA148850061EC66 /* CoreGraphics.framework */ = {isa = PBXFileReference; lastKnownFileType = wrapper.framework; name = CoreGraphics.framework; path = System/Library/Frameworks/CoreGraphics.framework; sourceTree = SDKROOT; };
		BBD789A91AA1489C0061EC66 /* QuartzCore.framework */ = {isa = PBXFileReference; lastKnownFileType = wrapper.framework; name = QuartzCore.framework; path = System/Library/Frameworks/QuartzCore.framework; sourceTree = SDKROOT; };
		BBDCBE2716A063A400F1C5EC /* ReadMe.txt */ = {isa = PBXFileReference; fileEncoding = 4; lastKnownFileType = text; path = ReadMe.txt; sourceTree = "<group>"; };
		BBEE7854182302FF00D93161 /* ofxRemoteUINeigbors.cpp */ = {isa = PBXFileReference; fileEncoding = 4; lastKnownFileType = sourcecode.cpp.cpp; path = ofxRemoteUINeigbors.cpp; sourceTree = "<group>"; };
		BBEE7855182302FF00D93161 /* ofxRemoteUINeigbors.h */ = {isa = PBXFileReference; fileEncoding = 4; lastKnownFileType = sourcecode.c.h; path = ofxRemoteUINeigbors.h; sourceTree = "<group>"; };
		BBF0A82A191C55F30048DB4F /* ofxRemoteUIClientOSX-Info.plist */ = {isa = PBXFileReference; fileEncoding = 4; lastKnownFileType = text.plist.xml; name = "ofxRemoteUIClientOSX-Info.plist"; path = "Resources/ofxRemoteUIClientOSX-Info.plist"; sourceTree = SOURCE_ROOT; };
		BBF0A82C191C56030048DB4F /* main.m */ = {isa = PBXFileReference; fileEncoding = 4; lastKnownFileType = sourcecode.c.objc; name = main.m; path = src/main.m; sourceTree = SOURCE_ROOT; };
		BBFB932A17785ECC00A5E741 /* RemoteParam.h */ = {isa = PBXFileReference; lastKnownFileType = sourcecode.c.h; path = RemoteParam.h; sourceTree = "<group>"; };
/* End PBXFileReference section */

/* Begin PBXFrameworksBuildPhase section */
		73002CD3140ABCF60035299A /* Frameworks */ = {
			isa = PBXFrameworksBuildPhase;
			buildActionMask = 2147483647;
			files = (
				BBD789AA1AA1489C0061EC66 /* QuartzCore.framework in Frameworks */,
				BBD789A61AA148700061EC66 /* IOKit.framework in Frameworks */,
				BBB62803191C4D3B005F95BF /* VVMIDI.framework in Frameworks */,
				BBB62801191C4D3B005F95BF /* Growl.framework in Frameworks */,
				73002CDB140ABCF60035299A /* Cocoa.framework in Frameworks */,
				BBB62802191C4D3B005F95BF /* VVBasics.framework in Frameworks */,
			);
			runOnlyForDeploymentPostprocessing = 0;
		};
/* End PBXFrameworksBuildPhase section */

/* Begin PBXGroup section */
		73002CCB140ABCF60035299A = {
			isa = PBXGroup;
			children = (
				BB4B54F0177FAD5D004838E4 /* ToDo.txt */,
				BBDCBE2716A063A400F1C5EC /* ReadMe.txt */,
				BB5CC5D6177E49D500B595F8 /* noOFLibs */,
				BBDCBDF216A051A900F1C5EC /* ofxRemoteUI */,
				BBB627CE191C4C8F005F95BF /* ofxRemoteUIClientOSX */,
				73002CE1140ABCF60035299A /* Supporting Files */,
				BB089AC11799C437009C4BC7 /* Resources */,
				73002CD9140ABCF60035299A /* Frameworks */,
				73002CD7140ABCF60035299A /* Products */,
			);
			sourceTree = "<group>";
		};
		73002CD7140ABCF60035299A /* Products */ = {
			isa = PBXGroup;
			children = (
				73002CD6140ABCF60035299A /* ofxRemoteUIClientOSX.app */,
			);
			name = Products;
			sourceTree = "<group>";
		};
		73002CD9140ABCF60035299A /* Frameworks */ = {
			isa = PBXGroup;
			children = (
				BBD789A91AA1489C0061EC66 /* QuartzCore.framework */,
				BBD789A71AA148850061EC66 /* CoreGraphics.framework */,
				BBD789A51AA148700061EC66 /* IOKit.framework */,
				BBB62804191C4D42005F95BF /* 3rd Party */,
				73002CDA140ABCF60035299A /* Cocoa.framework */,
				73002CDC140ABCF60035299A /* Other Frameworks */,
			);
			name = Frameworks;
			sourceTree = "<group>";
		};
		73002CDC140ABCF60035299A /* Other Frameworks */ = {
			isa = PBXGroup;
			children = (
				73002CDD140ABCF60035299A /* AppKit.framework */,
				73002CDE140ABCF60035299A /* CoreData.framework */,
				73002CDF140ABCF60035299A /* Foundation.framework */,
			);
			name = "Other Frameworks";
			sourceTree = "<group>";
		};
		73002CE1140ABCF60035299A /* Supporting Files */ = {
			isa = PBXGroup;
			children = (
				BBF0A82C191C56030048DB4F /* main.m */,
				BBF0A82A191C55F30048DB4F /* ofxRemoteUIClientOSX-Info.plist */,
				BBB627FD191C4D27005F95BF /* ofxRemoteUIClientOSX-Prefix.pch */,
			);
			name = "Supporting Files";
			path = LionTableViewTesting;
			sourceTree = "<group>";
		};
		BB089AC11799C437009C4BC7 /* Resources */ = {
			isa = PBXGroup;
			children = (
				BBB627EA191C4D1A005F95BF /* en.lproj */,
				BBB627E2191C4D06005F95BF /* Growl Registration Ticket.growlRegDict */,
				BBB627E3191C4D06005F95BF /* icon.icns */,
				BBB627E6191C4D0C005F95BF /* openAccessibility.scpt */,
				BBB627E7191C4D0C005F95BF /* RestartXcodeApp.scptd */,
				BBB627D5191C4CFB005F95BF /* Images */,
			);
			name = Resources;
			sourceTree = "<group>";
		};
		BB37FC96185E0FC0008DA8DD /* joystick */ = {
			isa = PBXGroup;
			children = (
				BBB627B0191C4C2B005F95BF /* Joystick.h */,
				BBB627B1191C4C2B005F95BF /* Joystick.m */,
				BBB627B2191C4C2B005F95BF /* JoystickHatswitch.h */,
				BBB627B3191C4C2B005F95BF /* JoystickHatswitch.m */,
				BBB627B4191C4C2B005F95BF /* JoystickManager.h */,
				BBB627B5191C4C2B005F95BF /* JoystickManager.m */,
				BBB627B6191C4C2B005F95BF /* JoystickNotificationDelegate.h */,
			);
			name = joystick;
			sourceTree = "<group>";
		};
		BB5CC5D6177E49D500B595F8 /* noOFLibs */ = {
			isa = PBXGroup;
			children = (
				BB5CC5D7177E49D500B595F8 /* ofStolenUtils.h */,
				BB5CC5D8177E49D500B595F8 /* ofxOsc */,
				BB5CC602177E49D500B595F8 /* ofxXmlSettings */,
			);
			name = noOFLibs;
			path = ../noOFLibs;
			sourceTree = "<group>";
		};
		BB5CC5D8177E49D500B595F8 /* ofxOsc */ = {
			isa = PBXGroup;
			children = (
				BB5CC5D9177E49D500B595F8 /* libs */,
				BB5CC5F6177E49D500B595F8 /* ofxOsc Readme.txt */,
				BB5CC5F7177E49D500B595F8 /* src */,
			);
			path = ofxOsc;
			sourceTree = "<group>";
		};
		BB5CC5D9177E49D500B595F8 /* libs */ = {
			isa = PBXGroup;
			children = (
				BB5CC5DA177E49D500B595F8 /* oscpack */,
			);
			path = libs;
			sourceTree = "<group>";
		};
		BB5CC5DA177E49D500B595F8 /* oscpack */ = {
			isa = PBXGroup;
			children = (
				BB5CC5DB177E49D500B595F8 /* src */,
			);
			path = oscpack;
			sourceTree = "<group>";
		};
		BB5CC5DB177E49D500B595F8 /* src */ = {
			isa = PBXGroup;
			children = (
				BB5CC5DC177E49D500B595F8 /* ip */,
				BB5CC5E9177E49D500B595F8 /* osc */,
			);
			path = src;
			sourceTree = "<group>";
		};
		BB5CC5DC177E49D500B595F8 /* ip */ = {
			isa = PBXGroup;
			children = (
				BB5CC5DD177E49D500B595F8 /* IpEndpointName.cpp */,
				BB5CC5DE177E49D500B595F8 /* IpEndpointName.h */,
				BB5CC5DF177E49D500B595F8 /* NetworkingUtils.h */,
				BB5CC5E0177E49D500B595F8 /* PacketListener.h */,
				BB5CC5E1177E49D500B595F8 /* posix */,
				BB5CC5E4177E49D500B595F8 /* TimerListener.h */,
				BB5CC5E5177E49D500B595F8 /* UdpSocket.h */,
				BB5CC5E6177E49D500B595F8 /* win32 */,
			);
			path = ip;
			sourceTree = "<group>";
		};
		BB5CC5E1177E49D500B595F8 /* posix */ = {
			isa = PBXGroup;
			children = (
				BB5CC5E2177E49D500B595F8 /* NetworkingUtils.cpp */,
				BB5CC5E3177E49D500B595F8 /* UdpSocket.cpp */,
			);
			path = posix;
			sourceTree = "<group>";
		};
		BB5CC5E6177E49D500B595F8 /* win32 */ = {
			isa = PBXGroup;
			children = (
				BB5CC5E7177E49D500B595F8 /* NetworkingUtilsWin.cpp */,
				BB5CC5E8177E49D500B595F8 /* UdpSocketWin.cpp */,
			);
			path = win32;
			sourceTree = "<group>";
		};
		BB5CC5E9177E49D500B595F8 /* osc */ = {
			isa = PBXGroup;
			children = (
				BB5CC5EA177E49D500B595F8 /* MessageMappingOscPacketListener.h */,
				BB5CC5EB177E49D500B595F8 /* OscException.h */,
				BB5CC5EC177E49D500B595F8 /* OscHostEndianness.h */,
				BB5CC5ED177E49D500B595F8 /* OscOutboundPacketStream.cpp */,
				BB5CC5EE177E49D500B595F8 /* OscOutboundPacketStream.h */,
				BB5CC5EF177E49D500B595F8 /* OscPacketListener.h */,
				BB5CC5F0177E49D500B595F8 /* OscPrintReceivedElements.cpp */,
				BB5CC5F1177E49D500B595F8 /* OscPrintReceivedElements.h */,
				BB5CC5F2177E49D500B595F8 /* OscReceivedElements.cpp */,
				BB5CC5F3177E49D500B595F8 /* OscReceivedElements.h */,
				BB5CC5F4177E49D500B595F8 /* OscTypes.cpp */,
				BB5CC5F5177E49D500B595F8 /* OscTypes.h */,
			);
			path = osc;
			sourceTree = "<group>";
		};
		BB5CC5F7177E49D500B595F8 /* src */ = {
			isa = PBXGroup;
			children = (
				BB5CC5F8177E49D500B595F8 /* ofxOsc.h */,
				BB5CC5F9177E49D500B595F8 /* ofxOscArg.h */,
				BB5CC5FA177E49D500B595F8 /* ofxOscBundle.cpp */,
				BB5CC5FB177E49D500B595F8 /* ofxOscBundle.h */,
				BB5CC5FC177E49D500B595F8 /* ofxOscMessage.cpp */,
				BB5CC5FD177E49D500B595F8 /* ofxOscMessage.h */,
				BB5CC5FE177E49D500B595F8 /* ofxOscReceiver.cpp */,
				BB5CC5FF177E49D500B595F8 /* ofxOscReceiver.h */,
				BB5CC600177E49D500B595F8 /* ofxOscSender.cpp */,
				BB5CC601177E49D500B595F8 /* ofxOscSender.h */,
			);
			path = src;
			sourceTree = "<group>";
		};
		BB5CC602177E49D500B595F8 /* ofxXmlSettings */ = {
			isa = PBXGroup;
			children = (
				BB5CC603177E49D500B595F8 /* libs */,
				BB5CC608177E49D500B595F8 /* ReadMe.txt */,
				BB5CC609177E49D500B595F8 /* src */,
			);
			path = ofxXmlSettings;
			sourceTree = "<group>";
		};
		BB5CC603177E49D500B595F8 /* libs */ = {
			isa = PBXGroup;
			children = (
				BB5CC604177E49D500B595F8 /* tinyxml.cpp */,
				BB5CC605177E49D500B595F8 /* tinyxml.h */,
				BB5CC606177E49D500B595F8 /* tinyxmlerror.cpp */,
				BB5CC607177E49D500B595F8 /* tinyxmlparser.cpp */,
			);
			path = libs;
			sourceTree = "<group>";
		};
		BB5CC609177E49D500B595F8 /* src */ = {
			isa = PBXGroup;
			children = (
				BB5CC60A177E49D500B595F8 /* ofxXmlSettings.cpp */,
				BB5CC60B177E49D500B595F8 /* ofxXmlSettings.h */,
			);
			path = src;
			sourceTree = "<group>";
		};
		BB8776ED17C9A39100CC74B8 /* ColoredWindow */ = {
			isa = PBXGroup;
			children = (
				BBB627BD191C4C4B005F95BF /* ColoredNSWindow.h */,
				BBB627BE191C4C4B005F95BF /* ColoredNSWindow.m */,
				BBB627BF191C4C4B005F95BF /* NSColorStringExtension.h */,
				BBB627C0191C4C4B005F95BF /* NSColorStringExtension.m */,
			);
			name = ColoredWindow;
			sourceTree = "<group>";
		};
		BBB627CE191C4C8F005F95BF /* ofxRemoteUIClientOSX */ = {
			isa = PBXGroup;
			children = (
				BBB627C5191C4C69005F95BF /* AppDelegate.h */,
				BBB627C6191C4C69005F95BF /* AppDelegate.mm */,
				BBB627C8191C4C7B005F95BF /* ColorView.h */,
				BBB627C9191C4C7B005F95BF /* ColorView.m */,
				BBB627CA191C4C7B005F95BF /* ParamUI.h */,
				BBB627CB191C4C7B005F95BF /* ParamUI.mm */,
				BBB627D2191C4CD0005F95BF /* LogWindows.h */,
				BBB627D3191C4CD0005F95BF /* LogWindows.mm */,
				BBB627CF191C4CC9005F95BF /* MyScrollView.h */,
				BBB627D0191C4CC9005F95BF /* MyScrollView.m */,
				BB8F8DBD1D83AE71007F650C /* MyNSView.h */,
				BB8F8DBE1D83AE71007F650C /* MyNSView.m */,
				BB8776ED17C9A39100CC74B8 /* ColoredWindow */,
				BBD9D9111903369500C553D7 /* ExternalDevices */,
				BBD134211ACA50EA0005FCE4 /* constants.h */,
			);
			name = ofxRemoteUIClientOSX;
			sourceTree = "<group>";
		};
		BBB627D5191C4CFB005F95BF /* Images */ = {
			isa = PBXGroup;
			children = (
				BBB627D6191C4CFB005F95BF /* connected.png */,
				BBB627D7191C4CFB005F95BF /* connected@2x.png */,
				BBB627D8191C4CFB005F95BF /* offline.png */,
				BBB627D9191C4CFB005F95BF /* offline@2x.png */,
				BBB627DA191C4CFB005F95BF /* warning.png */,
				BBB627DB191C4CFB005F95BF /* warning@2x.png */,
			);
			name = Images;
			path = Resources/Images;
			sourceTree = "<group>";
		};
		BBB627EA191C4D1A005F95BF /* en.lproj */ = {
			isa = PBXGroup;
			children = (
				BBB627EB191C4D1A005F95BF /* Credits.rtf */,
				BBB627ED191C4D1A005F95BF /* InfoPlist.strings */,
				BBB627EF191C4D1A005F95BF /* MainMenu.xib */,
				BBB627F1191C4D1A005F95BF /* View20.xib */,
				BBB627F3191C4D1A005F95BF /* View26.xib */,
				BBB627F5191C4D1A005F95BF /* View34.xib */,
			);
			name = en.lproj;
			path = Resources/en.lproj;
			sourceTree = "<group>";
		};
		BBB62804191C4D42005F95BF /* 3rd Party */ = {
			isa = PBXGroup;
			children = (
				BBB627FE191C4D3B005F95BF /* Growl.framework */,
				BBB627FF191C4D3B005F95BF /* VVBasics.framework */,
				BBB62800191C4D3B005F95BF /* VVMIDI.framework */,
			);
			name = "3rd Party";
			sourceTree = "<group>";
		};
		BBD9D9111903369500C553D7 /* ExternalDevices */ = {
			isa = PBXGroup;
			children = (
				BB37FC96185E0FC0008DA8DD /* joystick */,
				BBB627BA191C4C36005F95BF /* ExternalDevices.h */,
				BBB627BB191C4C36005F95BF /* ExternalDevices.mm */,
			);
			name = ExternalDevices;
			sourceTree = "<group>";
		};
		BBDCBDF216A051A900F1C5EC /* ofxRemoteUI */ = {
			isa = PBXGroup;
			children = (
				BBDCBDF416A051B000F1C5EC /* src */,
			);
			name = ofxRemoteUI;
			sourceTree = "<group>";
		};
		BBDCBDF416A051B000F1C5EC /* src */ = {
			isa = PBXGroup;
			children = (
				BBB62808191C4EC9005F95BF /* ofxRemoteUI.cpp */,
				BBB62809191C4EC9005F95BF /* ofxRemoteUI.h */,
				BBEE7854182302FF00D93161 /* ofxRemoteUINeigbors.cpp */,
				BBEE7855182302FF00D93161 /* ofxRemoteUINeigbors.h */,
				BBFB932A17785ECC00A5E741 /* RemoteParam.h */,
				BB09FCA8198DDB8000E04B02 /* uriencode.cpp */,
				BB5F5EB01769462600F1FA92 /* uriencode.h */,
				BBAAAFA7173BF54B00FE94C4 /* ofxRemoteUIClient.cpp */,
				BBAAAFA8173BF54B00FE94C4 /* ofxRemoteUIClient.h */,
			);
			name = src;
			path = ../src;
			sourceTree = "<group>";
		};
/* End PBXGroup section */

/* Begin PBXNativeTarget section */
		73002CD5140ABCF60035299A /* ofxRemoteUIClientOSX */ = {
			isa = PBXNativeTarget;
			buildConfigurationList = 73002CF4140ABCF60035299A /* Build configuration list for PBXNativeTarget "ofxRemoteUIClientOSX" */;
			buildPhases = (
				BBB6280B191C4F53005F95BF /* Generate Git header Script */,
				73002CD2140ABCF60035299A /* Sources */,
				73002CD3140ABCF60035299A /* Frameworks */,
				73002CD4140ABCF60035299A /* Resources */,
				BBC3858717973857007E2DD1 /* Copy Frameworks */,
				BBB6280C191C50F4005F95BF /* plist Git Versioning Script */,
			);
			buildRules = (
			);
			dependencies = (
			);
			name = ofxRemoteUIClientOSX;
			productName = LionTableViewTesting;
			productReference = 73002CD6140ABCF60035299A /* ofxRemoteUIClientOSX.app */;
			productType = "com.apple.product-type.application";
		};
/* End PBXNativeTarget section */

/* Begin PBXProject section */
		73002CCD140ABCF60035299A /* Project object */ = {
			isa = PBXProject;
			attributes = {
				LastUpgradeCheck = 0510;
			};
			buildConfigurationList = 73002CD0140ABCF60035299A /* Build configuration list for PBXProject "ofxRemoteUIClientOSX" */;
			compatibilityVersion = "Xcode 3.2";
			developmentRegion = English;
			hasScannedForEncodings = 0;
			knownRegions = (
				en,
			);
			mainGroup = 73002CCB140ABCF60035299A;
			productRefGroup = 73002CD7140ABCF60035299A /* Products */;
			projectDirPath = "";
			projectRoot = "";
			targets = (
				73002CD5140ABCF60035299A /* ofxRemoteUIClientOSX */,
			);
		};
/* End PBXProject section */

/* Begin PBXResourcesBuildPhase section */
		73002CD4140ABCF60035299A /* Resources */ = {
			isa = PBXResourcesBuildPhase;
			buildActionMask = 2147483647;
			files = (
				BBB627E8191C4D0C005F95BF /* openAccessibility.scpt in Resources */,
				BBB627DE191C4CFB005F95BF /* offline.png in Resources */,
				BBB627FC191C4D1A005F95BF /* View34.xib in Resources */,
				BBB627F8191C4D1A005F95BF /* InfoPlist.strings in Resources */,
				BBB627DF191C4CFB005F95BF /* offline@2x.png in Resources */,
				BBB627F9191C4D1A005F95BF /* MainMenu.xib in Resources */,
				BBB627DC191C4CFB005F95BF /* connected.png in Resources */,
				BBB627E0191C4CFB005F95BF /* warning.png in Resources */,
				BBB627DD191C4CFB005F95BF /* connected@2x.png in Resources */,
				BBB627F7191C4D1A005F95BF /* Credits.rtf in Resources */,
				BBB627E9191C4D0C005F95BF /* RestartXcodeApp.scptd in Resources */,
				BBB627E1191C4CFB005F95BF /* warning@2x.png in Resources */,
				BBB627FA191C4D1A005F95BF /* View20.xib in Resources */,
				BBB627E4191C4D06005F95BF /* Growl Registration Ticket.growlRegDict in Resources */,
				BBB627FB191C4D1A005F95BF /* View26.xib in Resources */,
				BBB627E5191C4D06005F95BF /* icon.icns in Resources */,
			);
			runOnlyForDeploymentPostprocessing = 0;
		};
/* End PBXResourcesBuildPhase section */

/* Begin PBXShellScriptBuildPhase section */
		BBB6280B191C4F53005F95BF /* Generate Git header Script */ = {
			isa = PBXShellScriptBuildPhase;
			buildActionMask = 2147483647;
			files = (
			);
			inputPaths = (
			);
			name = "Generate Git header Script";
			outputPaths = (
			);
			runOnlyForDeploymentPostprocessing = 0;
			shellPath = /bin/sh;
			shellScript = "\"$SRCROOT/Scripts/writeHeaderGitInfo.sh\"\n";
			showEnvVarsInLog = 0;
		};
		BBB6280C191C50F4005F95BF /* plist Git Versioning Script */ = {
			isa = PBXShellScriptBuildPhase;
			buildActionMask = 12;
			files = (
			);
			inputPaths = (
			);
			name = "plist Git Versioning Script";
			outputPaths = (
			);
			runOnlyForDeploymentPostprocessing = 0;
			shellPath = /bin/sh;
			shellScript = "\"$SRCROOT/Scripts/writePlistGitInfo.sh\"";
			showEnvVarsInLog = 0;
		};
/* End PBXShellScriptBuildPhase section */

/* Begin PBXSourcesBuildPhase section */
		73002CD2140ABCF60035299A /* Sources */ = {
			isa = PBXSourcesBuildPhase;
			buildActionMask = 2147483647;
			files = (
				BBB627CD191C4C7B005F95BF /* ParamUI.mm in Sources */,
				BBB627D1191C4CC9005F95BF /* MyScrollView.m in Sources */,
				BBD3270F173BFFF200D59359 /* ofxRemoteUIClient.cpp in Sources */,
				BBB627BC191C4C36005F95BF /* ExternalDevices.mm in Sources */,
				BBB627B9191C4C2B005F95BF /* JoystickManager.m in Sources */,
				BBB627C7191C4C69005F95BF /* AppDelegate.mm in Sources */,
				BB5CC60C177E49D500B595F8 /* IpEndpointName.cpp in Sources */,
				BB5CC60D177E49D500B595F8 /* NetworkingUtils.cpp in Sources */,
				BB5CC60E177E49D500B595F8 /* UdpSocket.cpp in Sources */,
				BB8F8DBF1D83AE71007F650C /* MyNSView.m in Sources */,
				BB5CC60F177E49D500B595F8 /* NetworkingUtilsWin.cpp in Sources */,
				BB5CC610177E49D500B595F8 /* UdpSocketWin.cpp in Sources */,
				BB5CC611177E49D500B595F8 /* OscOutboundPacketStream.cpp in Sources */,
				BBB627B8191C4C2B005F95BF /* JoystickHatswitch.m in Sources */,
				BB5CC612177E49D500B595F8 /* OscPrintReceivedElements.cpp in Sources */,
				BB5CC613177E49D500B595F8 /* OscReceivedElements.cpp in Sources */,
				BB5CC614177E49D500B595F8 /* OscTypes.cpp in Sources */,
				BBB627C1191C4C4B005F95BF /* ColoredNSWindow.m in Sources */,
				BB5CC616177E49D500B595F8 /* ofxOscBundle.cpp in Sources */,
				BBB627CC191C4C7B005F95BF /* ColorView.m in Sources */,
				BB5CC617177E49D500B595F8 /* ofxOscMessage.cpp in Sources */,
				BB5CC618177E49D500B595F8 /* ofxOscReceiver.cpp in Sources */,
				BB5CC619177E49D500B595F8 /* ofxOscSender.cpp in Sources */,
				BB5CC61A177E49D500B595F8 /* tinyxml.cpp in Sources */,
				BBB6280A191C4EC9005F95BF /* ofxRemoteUI.cpp in Sources */,
				BBB627B7191C4C2B005F95BF /* Joystick.m in Sources */,
				BB5CC61B177E49D500B595F8 /* tinyxmlerror.cpp in Sources */,
				BB5CC61C177E49D500B595F8 /* tinyxmlparser.cpp in Sources */,
				BBB627C2191C4C4B005F95BF /* NSColorStringExtension.m in Sources */,
				BB5CC61E177E49D500B595F8 /* ofxXmlSettings.cpp in Sources */,
				BBEE7856182302FF00D93161 /* ofxRemoteUINeigbors.cpp in Sources */,
				BB09FCA9198DDB8000E04B02 /* uriencode.cpp in Sources */,
				BBF0A82D191C56030048DB4F /* main.m in Sources */,
				BBB627D4191C4CD0005F95BF /* LogWindows.mm in Sources */,
			);
			runOnlyForDeploymentPostprocessing = 0;
		};
/* End PBXSourcesBuildPhase section */

/* Begin PBXVariantGroup section */
		BBB627EB191C4D1A005F95BF /* Credits.rtf */ = {
			isa = PBXVariantGroup;
			children = (
				BBB627EC191C4D1A005F95BF /* en */,
			);
			name = Credits.rtf;
			sourceTree = "<group>";
		};
		BBB627ED191C4D1A005F95BF /* InfoPlist.strings */ = {
			isa = PBXVariantGroup;
			children = (
				BBB627EE191C4D1A005F95BF /* en */,
			);
			name = InfoPlist.strings;
			sourceTree = "<group>";
		};
		BBB627EF191C4D1A005F95BF /* MainMenu.xib */ = {
			isa = PBXVariantGroup;
			children = (
				BBB627F0191C4D1A005F95BF /* en */,
			);
			name = MainMenu.xib;
			sourceTree = "<group>";
		};
		BBB627F1191C4D1A005F95BF /* View20.xib */ = {
			isa = PBXVariantGroup;
			children = (
				BBB627F2191C4D1A005F95BF /* en */,
			);
			name = View20.xib;
			sourceTree = "<group>";
		};
		BBB627F3191C4D1A005F95BF /* View26.xib */ = {
			isa = PBXVariantGroup;
			children = (
				BBB627F4191C4D1A005F95BF /* en */,
			);
			name = View26.xib;
			sourceTree = "<group>";
		};
		BBB627F5191C4D1A005F95BF /* View34.xib */ = {
			isa = PBXVariantGroup;
			children = (
				BBB627F6191C4D1A005F95BF /* en */,
			);
			name = View34.xib;
			sourceTree = "<group>";
		};
/* End PBXVariantGroup section */

/* Begin XCBuildConfiguration section */
		73002CF2140ABCF60035299A /* Debug */ = {
			isa = XCBuildConfiguration;
			buildSettings = {
				ARCHS = "$(ARCHS_STANDARD_32_64_BIT)";
				COPY_PHASE_STRIP = NO;
				DEBUG_INFORMATION_FORMAT = "dwarf-with-dsym";
				GCC_DYNAMIC_NO_PIC = NO;
				GCC_ENABLE_OBJC_EXCEPTIONS = YES;
				GCC_OPTIMIZATION_LEVEL = 0;
				GCC_PREFIX_HEADER = "src/ofxRemoteUIClientOSX-Prefix.pch";
				GCC_PREPROCESSOR_DEFINITIONS = (
					"DEBUG=1",
					"$(inherited)",
				);
				GCC_SYMBOLS_PRIVATE_EXTERN = NO;
				GCC_WARN_64_TO_32_BIT_CONVERSION = YES;
				GCC_WARN_ABOUT_MISSING_PROTOTYPES = YES;
				GCC_WARN_ABOUT_RETURN_TYPE = YES;
				GCC_WARN_UNUSED_VARIABLE = YES;
				HEADER_SEARCH_PATHS = (
					../noOFLibs/ofxOsc/libs,
					../noOFLibs/ofxOsc/libs/oscpack,
					../noOFLibs/ofxOsc/libs/oscpack/src,
					../noOFLibs/ofxOsc/libs/oscpack/src/ip,
					../noOFLibs/ofxOsc/libs/oscpack/src/ip/posix,
					../noOFLibs/ofxOsc/libs/oscpack/src/ip/win32,
					../noOFLibs/ofxOsc/libs/oscpack/src/osc,
					../noOFLibs/ofxOsc/src,
				);
				INFOPLIST_FILE = "Resources/ofxRemoteUIClientOSX-Info.plist";
				INFOPLIST_OUTPUT_FORMAT = XML;
				MACOSX_DEPLOYMENT_TARGET = 10.6;
				ONLY_ACTIVE_ARCH = YES;
				SDKROOT = macosx;
			};
			name = Debug;
		};
		73002CF3140ABCF60035299A /* Release */ = {
			isa = XCBuildConfiguration;
			buildSettings = {
				ARCHS = "$(ARCHS_STANDARD_32_64_BIT)";
				COPY_PHASE_STRIP = YES;
				GCC_ENABLE_OBJC_EXCEPTIONS = YES;
				GCC_PREFIX_HEADER = "src/ofxRemoteUIClientOSX-Prefix.pch";
				GCC_WARN_64_TO_32_BIT_CONVERSION = YES;
				GCC_WARN_ABOUT_MISSING_PROTOTYPES = YES;
				GCC_WARN_ABOUT_RETURN_TYPE = YES;
				GCC_WARN_UNUSED_VARIABLE = YES;
				HEADER_SEARCH_PATHS = (
					../noOFLibs/ofxOsc/libs,
					../noOFLibs/ofxOsc/libs/oscpack,
					../noOFLibs/ofxOsc/libs/oscpack/src,
					../noOFLibs/ofxOsc/libs/oscpack/src/ip,
					../noOFLibs/ofxOsc/libs/oscpack/src/ip/posix,
					../noOFLibs/ofxOsc/libs/oscpack/src/ip/win32,
					../noOFLibs/ofxOsc/libs/oscpack/src/osc,
					../noOFLibs/ofxOsc/src,
				);
				INFOPLIST_FILE = "Resources/ofxRemoteUIClientOSX-Info.plist";
				INFOPLIST_OUTPUT_FORMAT = XML;
				MACOSX_DEPLOYMENT_TARGET = 10.6;
				SDKROOT = macosx;
			};
			name = Release;
		};
		73002CF5140ABCF60035299A /* Debug */ = {
			isa = XCBuildConfiguration;
			buildSettings = {
				CLANG_CXX_LANGUAGE_STANDARD = "c++0x";
				CLANG_CXX_LIBRARY = "libc++";
				CLANG_ENABLE_OBJC_ARC = NO;
				CLANG_LINK_OBJC_RUNTIME = NO;
				CLANG_WARN__ARC_BRIDGE_CAST_NONARC = NO;
				DEAD_CODE_STRIPPING = YES;
				FRAMEWORK_SEARCH_PATHS = (
					"$(inherited)",
					"$(SRCROOT)",
					ofxRemoteUIClientOSX,
					"$(PROJECT_DIR)/Frameworks",
				);
				GCC_C_LANGUAGE_STANDARD = "compiler-default";
				GCC_PRECOMPILE_PREFIX_HEADER = YES;
				LD_RUNPATH_SEARCH_PATHS = "@loader_path/../Frameworks @executable_path/../Frameworks";
				MACOSX_DEPLOYMENT_TARGET = 10.7;
				PRODUCT_NAME = ofxRemoteUIClientOSX;
				STRIP_INSTALLED_PRODUCT = YES;
				WRAPPER_EXTENSION = app;
			};
			name = Debug;
		};
		73002CF6140ABCF60035299A /* Release */ = {
			isa = XCBuildConfiguration;
			buildSettings = {
				CLANG_CXX_LANGUAGE_STANDARD = "c++0x";
				CLANG_CXX_LIBRARY = "libc++";
				CLANG_ENABLE_OBJC_ARC = NO;
				CLANG_LINK_OBJC_RUNTIME = NO;
				CLANG_WARN__ARC_BRIDGE_CAST_NONARC = NO;
				DEAD_CODE_STRIPPING = YES;
				FRAMEWORK_SEARCH_PATHS = (
					"$(inherited)",
					"$(SRCROOT)",
					ofxRemoteUIClientOSX,
					"$(PROJECT_DIR)/Frameworks",
				);
				GCC_C_LANGUAGE_STANDARD = "compiler-default";
				GCC_OPTIMIZATION_LEVEL = s;
				GCC_PRECOMPILE_PREFIX_HEADER = YES;
				LD_RUNPATH_SEARCH_PATHS = "@loader_path/../Frameworks @executable_path/../Frameworks";
				MACOSX_DEPLOYMENT_TARGET = 10.7;
				PRODUCT_NAME = ofxRemoteUIClientOSX;
				STRIP_INSTALLED_PRODUCT = YES;
				WRAPPER_EXTENSION = app;
			};
			name = Release;
		};
/* End XCBuildConfiguration section */

/* Begin XCConfigurationList section */
		73002CD0140ABCF60035299A /* Build configuration list for PBXProject "ofxRemoteUIClientOSX" */ = {
			isa = XCConfigurationList;
			buildConfigurations = (
				73002CF2140ABCF60035299A /* Debug */,
				73002CF3140ABCF60035299A /* Release */,
			);
			defaultConfigurationIsVisible = 0;
			defaultConfigurationName = Release;
		};
		73002CF4140ABCF60035299A /* Build configuration list for PBXNativeTarget "ofxRemoteUIClientOSX" */ = {
			isa = XCConfigurationList;
			buildConfigurations = (
				73002CF5140ABCF60035299A /* Debug */,
				73002CF6140ABCF60035299A /* Release */,
			);
			defaultConfigurationIsVisible = 0;
			defaultConfigurationName = Release;
		};
/* End XCConfigurationList section */
	};
	rootObject = 73002CCD140ABCF60035299A /* Project object */;
}
